<?xml version="1.0" encoding="utf-8"?>
<Project ToolsVersion="4.0" xmlns="http://schemas.microsoft.com/developer/msbuild/2003">
  <ItemGroup>
    <Filter Include="Source Files">
      <UniqueIdentifier>{4FC737F1-C7A5-4376-A066-2A32D752A2FF}</UniqueIdentifier>
      <Extensions>cpp;c;cc;cxx;def;odl;idl;hpj;bat;asm;asmx</Extensions>
    </Filter>
    <Filter Include="Header Files">
      <UniqueIdentifier>{93995380-89BD-4b04-88EB-625FBE52EBFB}</UniqueIdentifier>
      <Extensions>h;hpp;hxx;hm;inl;inc;xsd</Extensions>
    </Filter>
    <Filter Include="Resource Files">
      <UniqueIdentifier>{67DA6AB6-F800-4c08-8B7A-83BB121AAD01}</UniqueIdentifier>
      <Extensions>rc;ico;cur;bmp;dlg;rc2;rct;bin;rgs;gif;jpg;jpeg;jpe;resx;tiff;tif;png;wav;mfcribbon-ms</Extensions>
    </Filter>
  </ItemGroup>
  <ItemGroup>
    <ClInclude Include="AppLayerTest.h">
      <Filter>Header Files</Filter>
    </ClInclude>
    <ClInclude Include="ComparingDataObserver.h">
      <Filter>Header Files</Filter>
    </ClInclude>
    <ClInclude Include="DatabaseTestObject.h">
      <Filter>Header Files</Filter>
    </ClInclude>
    <ClInclude Include="DNPHelpers.h">
      <Filter>Header Files</Filter>
    </ClInclude>
    <ClInclude Include="IntegrationTest.h">
      <Filter>Header Files</Filter>
    </ClInclude>
    <ClInclude Include="LinkLayerRouterTest.h">
      <Filter>Header Files</Filter>
    </ClInclude>
    <ClInclude Include="LinkLayerTest.h">
      <Filter>Header Files</Filter>
    </ClInclude>
    <ClInclude Include="LinkReceiverTest.h">
      <Filter>Header Files</Filter>
    </ClInclude>
    <ClInclude Include="MasterTestObject.h">
      <Filter>Header Files</Filter>
    </ClInclude>
    <ClInclude Include="MockAppLayer.h">
      <Filter>Header Files</Filter>
    </ClInclude>
    <ClInclude Include="MockAppUser.h">
      <Filter>Header Files</Filter>
    </ClInclude>
    <ClInclude Include="MockFrameSink.h">
      <Filter>Header Files</Filter>
    </ClInclude>
    <ClInclude Include="QueueingStackObserver.h">
      <Filter>Header Files</Filter>
    </ClInclude>
    <ClInclude Include="ReadableVtoWriter.h">
      <Filter>Header Files</Filter>
    </ClInclude>
    <ClInclude Include="ResponseLoaderTestObject.h">
      <Filter>Header Files</Filter>
    </ClInclude>
    <ClInclude Include="SlaveTestObject.h">
      <Filter>Header Files</Filter>
    </ClInclude>
    <ClInclude Include="StartupTeardownTest.h">
      <Filter>Header Files</Filter>
    </ClInclude>
    <ClInclude Include="TestVtoRouterManager.h">
      <Filter>Header Files</Filter>
    </ClInclude>
    <ClInclude Include="TransportIntegrationStack.h">
      <Filter>Header Files</Filter>
    </ClInclude>
    <ClInclude Include="TransportLoopbackTestObject.h">
      <Filter>Header Files</Filter>
    </ClInclude>
    <ClInclude Include="TransportScalabilityTestObject.h">
      <Filter>Header Files</Filter>
    </ClInclude>
    <ClInclude Include="TransportStackPair.h">
      <Filter>Header Files</Filter>
    </ClInclude>
    <ClInclude Include="TransportTestObject.h">
      <Filter>Header Files</Filter>
    </ClInclude>
    <ClInclude Include="VtoIntegrationTestBase.h">
      <Filter>Header Files</Filter>
    </ClInclude>
  </ItemGroup>
  <ItemGroup>
    <ClCompile Include="AppLayerTest.cpp">
      <Filter>Source Files</Filter>
    </ClCompile>
    <ClCompile Include="ComparingDataObserver.cpp">
      <Filter>Source Files</Filter>
    </ClCompile>
    <ClCompile Include="DNPHelpers.cpp">
      <Filter>Source Files</Filter>
    </ClCompile>
    <ClCompile Include="IntegrationTest.cpp">
      <Filter>Source Files</Filter>
    </ClCompile>
    <ClCompile Include="LinkLayerRouterTest.cpp">
      <Filter>Source Files</Filter>
    </ClCompile>
    <ClCompile Include="LinkLayerTest.cpp">
      <Filter>Source Files</Filter>
    </ClCompile>
    <ClCompile Include="MasterTestObject.cpp">
      <Filter>Source Files</Filter>
    </ClCompile>
    <ClCompile Include="MockAppLayer.cpp">
      <Filter>Source Files</Filter>
    </ClCompile>
    <ClCompile Include="MockAppUser.cpp">
      <Filter>Source Files</Filter>
    </ClCompile>
    <ClCompile Include="MockFrameSink.cpp">
      <Filter>Source Files</Filter>
    </ClCompile>
    <ClCompile Include="ResponseLoaderTestObject.cpp">
      <Filter>Source Files</Filter>
    </ClCompile>
    <ClCompile Include="SlaveTestObject.cpp">
      <Filter>Source Files</Filter>
    </ClCompile>
    <ClCompile Include="StartupTeardownTest.cpp">
      <Filter>Source Files</Filter>
    </ClCompile>
    <ClCompile Include="TestAPDU.cpp">
      <Filter>Source Files</Filter>
    </ClCompile>
    <ClCompile Include="TestAPDUWriting.cpp">
      <Filter>Source Files</Filter>
    </ClCompile>
    <ClCompile Include="TestAppLayer.cpp">
      <Filter>Source Files</Filter>
    </ClCompile>
    <ClCompile Include="TestCRC.cpp">
      <Filter>Source Files</Filter>
    </ClCompile>
    <ClCompile Include="TestDatabase.cpp">
      <Filter>Source Files</Filter>
    </ClCompile>
    <ClCompile Include="TestEnhancedVtoRouter.cpp">
      <Filter>Source Files</Filter>
    </ClCompile>
    <ClCompile Include="TestEventBufferBase.cpp">
      <Filter>Source Files</Filter>
    </ClCompile>
    <ClCompile Include="TestEventBuffers.cpp">
      <Filter>Source Files</Filter>
    </ClCompile>
    <ClCompile Include="TestIntegration.cpp">
      <Filter>Source Files</Filter>
    </ClCompile>
    <ClCompile Include="TestLinkFrameDNP.cpp">
      <Filter>Source Files</Filter>
    </ClCompile>
    <ClCompile Include="TestLinkLayer.cpp">
      <Filter>Source Files</Filter>
    </ClCompile>
    <ClCompile Include="TestLinkLayerRouter.cpp">
      <Filter>Source Files</Filter>
    </ClCompile>
    <ClCompile Include="TestLinkReceiver.cpp">
      <Filter>Source Files</Filter>
    </ClCompile>
    <ClCompile Include="TestLinkRoute.cpp">
      <Filter>Source Files</Filter>
    </ClCompile>
    <ClCompile Include="TestMaster.cpp">
      <Filter>Source Files</Filter>
    </ClCompile>
    <ClCompile Include="TestObjects.cpp">
      <Filter>Source Files</Filter>
    </ClCompile>
    <ClCompile Include="TestResponseLoader.cpp">
      <Filter>Source Files</Filter>
    </ClCompile>
    <ClCompile Include="TestSlave.cpp">
      <Filter>Source Files</Filter>
    </ClCompile>
    <ClCompile Include="TestSlaveEventBuffer.cpp">
      <Filter>Source Files</Filter>
    </ClCompile>
    <ClCompile Include="TestStackManager.cpp">
      <Filter>Source Files</Filter>
    </ClCompile>
    <ClCompile Include="TestStartBoostUTF.cpp">
      <Filter>Source Files</Filter>
    </ClCompile>
    <ClCompile Include="TestStartupTeardown.cpp">
      <Filter>Source Files</Filter>
    </ClCompile>
    <ClCompile Include="TestTransportLayer.cpp">
      <Filter>Source Files</Filter>
    </ClCompile>
    <ClCompile Include="TestTransportLoopback.cpp">
      <Filter>Source Files</Filter>
    </ClCompile>
    <ClCompile Include="TestTransportScalability.cpp">
      <Filter>Source Files</Filter>
    </ClCompile>
    <ClCompile Include="TestVtoInterface.cpp">
      <Filter>Source Files</Filter>
    </ClCompile>
    <ClCompile Include="TestVtoLoopbackIntegration.cpp">
      <Filter>Source Files</Filter>
    </ClCompile>
    <ClCompile Include="TestVtoOnewayIntegration.cpp">
      <Filter>Source Files</Filter>
    </ClCompile>
    <ClCompile Include="TestVtoRouter.cpp">
      <Filter>Source Files</Filter>
    </ClCompile>
    <ClCompile Include="TestVtoRouterManager.cpp">
      <Filter>Source Files</Filter>
    </ClCompile>
    <ClCompile Include="TestVtoWriter.cpp">
      <Filter>Source Files</Filter>
    </ClCompile>
    <ClCompile Include="TransportIntegrationStack.cpp">
      <Filter>Source Files</Filter>
    </ClCompile>
    <ClCompile Include="TransportLoopbackTestObject.cpp">
      <Filter>Source Files</Filter>
    </ClCompile>
    <ClCompile Include="TransportScalabilityTestObject.cpp">
      <Filter>Source Files</Filter>
    </ClCompile>
    <ClCompile Include="TransportStackPair.cpp">
      <Filter>Source Files</Filter>
    </ClCompile>
    <ClCompile Include="TransportTestObject.cpp">
      <Filter>Source Files</Filter>
    </ClCompile>
    <ClCompile Include="VtoIntegrationTestBase.cpp">
      <Filter>Source Files</Filter>
    </ClCompile>
    <ClCompile Include="TestCommandHelpers.cpp">
      <Filter>Source Files</Filter>
    </ClCompile>
    <ClCompile Include="TestCommandTask.cpp">
      <Filter>Source Files</Filter>
    </ClCompile>
  </ItemGroup>
  <ItemGroup>
    <None Include="..\file.licenseheader" />
  </ItemGroup>
</Project>