<?xml version="1.0" encoding="utf-8"?>
<Project ToolsVersion="4.0" xmlns="http://schemas.microsoft.com/developer/msbuild/2003">
  <ItemGroup>
    <Filter Include="Source Files">
      <UniqueIdentifier>{4FC737F1-C7A5-4376-A066-2A32D752A2FF}</UniqueIdentifier>
      <Extensions>cpp;c;cc;cxx;def;odl;idl;hpj;bat;asm;asmx</Extensions>
    </Filter>
    <Filter Include="Header Files">
      <UniqueIdentifier>{93995380-89BD-4b04-88EB-625FBE52EBFB}</UniqueIdentifier>
      <Extensions>h;hpp;hxx;hm;inl;inc;xsd</Extensions>
    </Filter>
    <Filter Include="Header Files\impl">
      <UniqueIdentifier>{e0ef7e87-2c04-4b68-aa89-52eb42828dec}</UniqueIdentifier>
    </Filter>
    <Filter Include="Source Files\impl">
      <UniqueIdentifier>{fe63b2c7-5407-468d-81db-c477a20cc100}</UniqueIdentifier>
    </Filter>
  </ItemGroup>
  <ItemGroup>
    <ClCompile Include="src\asiodnp3\DestructorHook.cpp">
      <Filter>Source Files</Filter>
    </ClCompile>
    <ClCompile Include="src\asiodnp3\DNP3Channel.cpp">
      <Filter>Source Files</Filter>
    </ClCompile>
    <ClCompile Include="src\asiodnp3\StackActionHandler.cpp">
      <Filter>Source Files</Filter>
    </ClCompile>
    <ClCompile Include="src\asiodnp3\MasterStackImpl.cpp">
      <Filter>Source Files</Filter>
    </ClCompile>
    <ClCompile Include="src\asiodnp3\OutstationStackImpl.cpp">
      <Filter>Source Files</Filter>
    </ClCompile>
    <ClCompile Include="src\asiodnp3\PrintingSOEHandler.cpp">
      <Filter>Source Files</Filter>
    </ClCompile>
    <ClCompile Include="src\asiodnp3\ChannelSet.cpp">
      <Filter>Source Files</Filter>
    </ClCompile>
    <ClCompile Include="src\asiodnp3\DNP3Manager.cpp">
      <Filter>Source Files</Filter>
    </ClCompile>
    <ClCompile Include="src\asiodnp3\ConsoleLogger.cpp">
      <Filter>Source Files</Filter>
    </ClCompile>
    <ClCompile Include="src\asiodnp3\MultidropTaskLock.cpp">
      <Filter>Source Files</Filter>
    </ClCompile>
    <ClCompile Include="src\asiodnp3\DefaultMasterApplication.cpp">
      <Filter>Source Files</Filter>
    </ClCompile>
    <ClCompile Include="src\asiodnp3\impl\LinkLayerRouter.cpp">
      <Filter>Source Files\impl</Filter>
    </ClCompile>
    <ClCompile Include="src\asiodnp3\impl\PhysicalLayerMonitor.cpp">
      <Filter>Source Files\impl</Filter>
    </ClCompile>
    <ClCompile Include="src\asiodnp3\impl\PhysicalLayerMonitorStates.cpp">
      <Filter>Source Files\impl</Filter>
    </ClCompile>
    <ClCompile Include="src\asiodnp3\BlockingCommandCallback.cpp">
      <Filter>Source Files</Filter>
    </ClCompile>
  </ItemGroup>
  <ItemGroup>
    <ClInclude Include="src\asiodnp3\DestructorHook.h">
      <Filter>Header Files</Filter>
    </ClInclude>
    <ClInclude Include="src\asiodnp3\DNP3Channel.h">
      <Filter>Header Files</Filter>
    </ClInclude>
    <ClInclude Include="src\asiodnp3\IMaster.h">
      <Filter>Header Files</Filter>
    </ClInclude>
    <ClInclude Include="src\asiodnp3\IOutstation.h">
      <Filter>Header Files</Filter>
    </ClInclude>
    <ClInclude Include="src\asiodnp3\IChannel.h">
      <Filter>Header Files</Filter>
    </ClInclude>
    <ClInclude Include="src\asiodnp3\IStack.h">
      <Filter>Header Files</Filter>
    </ClInclude>
    <ClInclude Include="src\asiodnp3\Mutex.h">
      <Filter>Header Files</Filter>
    </ClInclude>
    <ClInclude Include="src\asiodnp3\StackActionHandler.h">
      <Filter>Header Files</Filter>
    </ClInclude>
    <ClInclude Include="src\asiodnp3\MasterStackImpl.h">
      <Filter>Header Files</Filter>
    </ClInclude>
    <ClInclude Include="src\asiodnp3\OutstationStackImpl.h">
      <Filter>Header Files</Filter>
    </ClInclude>
    <ClInclude Include="src\asiodnp3\PrintingSOEHandler.h">
      <Filter>Header Files</Filter>
    </ClInclude>
    <ClInclude Include="src\asiodnp3\ChannelSet.h">
      <Filter>Header Files</Filter>
    </ClInclude>
    <ClInclude Include="src\asiodnp3\DNP3Manager.h">
      <Filter>Header Files</Filter>
    </ClInclude>
    <ClInclude Include="src\asiodnp3\ConsoleLogger.h">
      <Filter>Header Files</Filter>
    </ClInclude>
    <ClInclude Include="src\asiodnp3\MultidropTaskLock.h">
      <Filter>Header Files</Filter>
    </ClInclude>
    <ClInclude Include="src\asiodnp3\DefaultMasterApplication.h">
      <Filter>Header Files</Filter>
    </ClInclude>
    <ClInclude Include="src\asiodnp3\impl\LinkLayerRouter.h">
      <Filter>Header Files\impl</Filter>
    </ClInclude>
    <ClInclude Include="src\asiodnp3\impl\PhysicalLayerMonitor.h">
      <Filter>Header Files\impl</Filter>
    </ClInclude>
    <ClInclude Include="src\asiodnp3\impl\PhysicalLayerMonitorStates.h">
      <Filter>Header Files\impl</Filter>
    </ClInclude>
    <ClInclude Include="src\asiodnp3\BlockingCommandCallback.h">
      <Filter>Header Files</Filter>
    </ClInclude>
  </ItemGroup>
</Project>