<?xml version="1.0" encoding="utf-8"?>
<Project ToolsVersion="4.0" xmlns="http://schemas.microsoft.com/developer/msbuild/2003">
  <ItemGroup>
    <Filter Include="Source Files">
      <UniqueIdentifier>{4FC737F1-C7A5-4376-A066-2A32D752A2FF}</UniqueIdentifier>
      <Extensions>cpp;c;cc;cxx;def;odl;idl;hpj;bat;asm;asmx</Extensions>
    </Filter>
    <Filter Include="Header Files">
      <UniqueIdentifier>{93995380-89BD-4b04-88EB-625FBE52EBFB}</UniqueIdentifier>
      <Extensions>h;hpp;hxx;hm;inl;inc;xsd</Extensions>
    </Filter>
    <Filter Include="Resource Files">
      <UniqueIdentifier>{67DA6AB6-F800-4c08-8B7A-83BB121AAD01}</UniqueIdentifier>
      <Extensions>rc;ico;cur;bmp;dlg;rc2;rct;bin;rgs;gif;jpg;jpeg;jpe;resx;tiff;tif;png;wav;mfcribbon-ms</Extensions>
    </Filter>
  </ItemGroup>
  <ItemGroup>
    <ClInclude Include="AsyncPhysBaseTest.h">
      <Filter>Header Files</Filter>
    </ClInclude>
    <ClInclude Include="AsyncSerialTestObject.h">
      <Filter>Header Files</Filter>
    </ClInclude>
  </ItemGroup>
  <ItemGroup>
    <ClCompile Include="AsyncPhysBaseTest.cpp">
      <Filter>Source Files</Filter>
    </ClCompile>
    <ClCompile Include="AsyncSerialTestObject.cpp">
      <Filter>Source Files</Filter>
    </ClCompile>
    <ClCompile Include="TestASIO.cpp">
      <Filter>Source Files</Filter>
    </ClCompile>
    <ClCompile Include="TestAsyncTask.cpp">
      <Filter>Source Files</Filter>
    </ClCompile>
    <ClCompile Include="TestCastLongLongDouble.cpp">
      <Filter>Source Files</Filter>
    </ClCompile>
    <ClCompile Include="TestCommandQueue.cpp">
      <Filter>Source Files</Filter>
    </ClCompile>
    <ClCompile Include="TestCommandTypes.cpp">
      <Filter>Source Files</Filter>
    </ClCompile>
    <ClCompile Include="TestLog.cpp">
      <Filter>Source Files</Filter>
    </ClCompile>
    <ClCompile Include="TestMisc.cpp">
      <Filter>Source Files</Filter>
    </ClCompile>
    <ClCompile Include="TestPackingUnpacking.cpp">
      <Filter>Source Files</Filter>
    </ClCompile>
    <ClCompile Include="TestParsing.cpp">
      <Filter>Source Files</Filter>
    </ClCompile>
    <ClCompile Include="TestPhysicalLayerAsyncBase.cpp">
      <Filter>Source Files</Filter>
    </ClCompile>
    <ClCompile Include="TestPhysicalLayerAsyncSerial.cpp">
      <Filter>Source Files</Filter>
    </ClCompile>
    <ClCompile Include="TestPhysicalLayerAsyncTCP.cpp">
      <Filter>Source Files</Filter>
    </ClCompile>
    <ClCompile Include="TestPhysicalLayerLoopback.cpp">
      <Filter>Source Files</Filter>
    </ClCompile>
    <ClCompile Include="TestPhysicalLayerMonitor.cpp">
      <Filter>Source Files</Filter>
    </ClCompile>
    <ClCompile Include="TestQualityMasks.cpp">
      <Filter>Source Files</Filter>
    </ClCompile>
    <ClCompile Include="TestShiftableBuffer.cpp">
      <Filter>Source Files</Filter>
    </ClCompile>
    <ClCompile Include="TestTime.cpp">
      <Filter>Source Files</Filter>
    </ClCompile>
    <ClCompile Include="TestTimers.cpp">
      <Filter>Source Files</Filter>
    </ClCompile>
    <ClCompile Include="TestTypes.cpp">
      <Filter>Source Files</Filter>
    </ClCompile>
    <ClCompile Include="TestUtil.cpp">
      <Filter>Source Files</Filter>
    </ClCompile>
    <ClCompile Include="TestChangeBuffer.cpp">
      <Filter>Source Files</Filter>
    </ClCompile>
    <ClCompile Include="TestASIOThreadPool.cpp">
      <Filter>Source Files</Filter>
    </ClCompile>
  </ItemGroup>
  <ItemGroup>
    <None Include="..\file.licenseheader" />
  </ItemGroup>
</Project>