
Microsoft Visual Studio Solution File, Format Version 12.00
# Visual Studio 2012
Project("{8BC9CEB8-8B4A-11D0-8D11-00A0C91BC942}") = "APL", "APL\APL.vcxproj", "{8A1BA3BA-16AF-4B5A-8C53-A1F456D0DD84}"
EndProject
Project("{8BC9CEB8-8B4A-11D0-8D11-00A0C91BC942}") = "APLTestTools", "APLTestTools\APLTestTools.vcxproj", "{E9AA4CCD-0220-4163-A2C1-41CC1E21E0AB}"
EndProject
Project("{8BC9CEB8-8B4A-11D0-8D11-00A0C91BC942}") = "TestAPL", "TestAPL\TestAPL.vcxproj", "{9DEE1417-7A20-4B30-8523-9EC82D035FD8}"
	ProjectSection(ProjectDependencies) = postProject
		{8A1BA3BA-16AF-4B5A-8C53-A1F456D0DD84} = {8A1BA3BA-16AF-4B5A-8C53-A1F456D0DD84}
		{E9AA4CCD-0220-4163-A2C1-41CC1E21E0AB} = {E9AA4CCD-0220-4163-A2C1-41CC1E21E0AB}
	EndProjectSection
EndProject
Project("{8BC9CEB8-8B4A-11D0-8D11-00A0C91BC942}") = "DNP3", "DNP3\DNP3.vcxproj", "{A736F106-3AE3-495F-B689-6C74EA91B217}"
EndProject
Project("{8BC9CEB8-8B4A-11D0-8D11-00A0C91BC942}") = "DNP3Test", "DNP3Test\DNP3Test.vcxproj", "{6727D88E-E3C6-44AA-AA27-218D0C0D9862}"
	ProjectSection(ProjectDependencies) = postProject
		{A736F106-3AE3-495F-B689-6C74EA91B217} = {A736F106-3AE3-495F-B689-6C74EA91B217}
		{8A1BA3BA-16AF-4B5A-8C53-A1F456D0DD84} = {8A1BA3BA-16AF-4B5A-8C53-A1F456D0DD84}
		{E9AA4CCD-0220-4163-A2C1-41CC1E21E0AB} = {E9AA4CCD-0220-4163-A2C1-41CC1E21E0AB}
	EndProjectSection
EndProject
Project("{2150E333-8FDC-42A3-9474-1A3956D46DE8}") = "CLR", "CLR", "{9144FF40-78D4-4586-854E-D8792BF4133A}"
EndProject
Project("{FAE04EC0-301F-11D3-BF4B-00C04F79EFBC}") = "DNP3CLRInterface", "DotNet\DNP3CLRInterface\DNP3CLRInterface.csproj", "{5F06C7BE-3107-4B3E-8559-E5E1BB4008B5}"
EndProject
Project("{8BC9CEB8-8B4A-11D0-8D11-00A0C91BC942}") = "DNP3CLRAdapter", "DotNet\DNP3CLRAdapter\DNP3CLRAdapter.vcxproj", "{DEF7E411-7282-4CC6-85F9-60E68A086D15}"
	ProjectSection(ProjectDependencies) = postProject
		{A736F106-3AE3-495F-B689-6C74EA91B217} = {A736F106-3AE3-495F-B689-6C74EA91B217}
		{8A1BA3BA-16AF-4B5A-8C53-A1F456D0DD84} = {8A1BA3BA-16AF-4B5A-8C53-A1F456D0DD84}
	EndProjectSection
EndProject
Project("{FAE04EC0-301F-11D3-BF4B-00C04F79EFBC}") = "DNP3CLRMasterDemo", "DotNet\DNP3CLRMasterDemo\DNP3CLRMasterDemo.csproj", "{CDC38DB3-197F-42C4-9518-2B37C64F2D69}"
	ProjectSection(ProjectDependencies) = postProject
		{DEF7E411-7282-4CC6-85F9-60E68A086D15} = {DEF7E411-7282-4CC6-85F9-60E68A086D15}
		{5F06C7BE-3107-4B3E-8559-E5E1BB4008B5} = {5F06C7BE-3107-4B3E-8559-E5E1BB4008B5}
	EndProjectSection
EndProject
Project("{FAE04EC0-301F-11D3-BF4B-00C04F79EFBC}") = "DNP3CLRSlaveDemo", "DotNet\DNP3CLRSlaveDemo\DNP3CLRSlaveDemo.csproj", "{9AECA4D9-58AD-4E22-94E5-6E093E6D3FF8}"
	ProjectSection(ProjectDependencies) = postProject
		{DEF7E411-7282-4CC6-85F9-60E68A086D15} = {DEF7E411-7282-4CC6-85F9-60E68A086D15}
		{5F06C7BE-3107-4B3E-8559-E5E1BB4008B5} = {5F06C7BE-3107-4B3E-8559-E5E1BB4008B5}
	EndProjectSection
EndProject
Project("{FAE04EC0-301F-11D3-BF4B-00C04F79EFBC}") = "DNP3CLRControlLibrary", "DotNet\DNP3CLRControlLibrary\DNP3CLRControlLibrary.csproj", "{0C5ACFBA-897E-48FD-84AB-494338934B86}"
	ProjectSection(ProjectDependencies) = postProject
		{5F06C7BE-3107-4B3E-8559-E5E1BB4008B5} = {5F06C7BE-3107-4B3E-8559-E5E1BB4008B5}
	EndProjectSection
EndProject
Project("{FAE04EC0-301F-11D3-BF4B-00C04F79EFBC}") = "DNP3CLRTestSet", "DotNet\DNP3CLRTestSet\DNP3CLRTestSet.csproj", "{19227808-6334-41C1-9390-F76EE3709E7E}"
	ProjectSection(ProjectDependencies) = postProject
		{DEF7E411-7282-4CC6-85F9-60E68A086D15} = {DEF7E411-7282-4CC6-85F9-60E68A086D15}
		{0C5ACFBA-897E-48FD-84AB-494338934B86} = {0C5ACFBA-897E-48FD-84AB-494338934B86}
		{5F06C7BE-3107-4B3E-8559-E5E1BB4008B5} = {5F06C7BE-3107-4B3E-8559-E5E1BB4008B5}
	EndProjectSection
EndProject
Project("{2150E333-8FDC-42A3-9474-1A3956D46DE8}") = "Demo", "Demo", "{BE7FB084-7D11-4C77-825C-6A07A0BEB431}"
EndProject
Project("{8BC9CEB8-8B4A-11D0-8D11-00A0C91BC942}") = "master-cpp", "demos\master-cpp\master-cpp.vcxproj", "{75D0DD0E-D15F-472D-9B64-F3F2DD9B73F6}"
	ProjectSection(ProjectDependencies) = postProject
		{A736F106-3AE3-495F-B689-6C74EA91B217} = {A736F106-3AE3-495F-B689-6C74EA91B217}
		{8A1BA3BA-16AF-4B5A-8C53-A1F456D0DD84} = {8A1BA3BA-16AF-4B5A-8C53-A1F456D0DD84}
	EndProjectSection
EndProject
Project("{8BC9CEB8-8B4A-11D0-8D11-00A0C91BC942}") = "slave-cpp", "demos\slave-cpp\slave-cpp.vcxproj", "{AE8D68B8-3884-475D-BAAA-29D0A1EBDCA6}"
	ProjectSection(ProjectDependencies) = postProject
		{A736F106-3AE3-495F-B689-6C74EA91B217} = {A736F106-3AE3-495F-B689-6C74EA91B217}
		{8A1BA3BA-16AF-4B5A-8C53-A1F456D0DD84} = {8A1BA3BA-16AF-4B5A-8C53-A1F456D0DD84}
	EndProjectSection
EndProject
Global
	GlobalSection(SolutionConfigurationPlatforms) = preSolution
		Debug|Any CPU = Debug|Any CPU
		Debug|Mixed Platforms = Debug|Mixed Platforms
		Debug|Win32 = Debug|Win32
		Release|Any CPU = Release|Any CPU
		Release|Mixed Platforms = Release|Mixed Platforms
		Release|Win32 = Release|Win32
	EndGlobalSection
	GlobalSection(ProjectConfigurationPlatforms) = postSolution
		{8A1BA3BA-16AF-4B5A-8C53-A1F456D0DD84}.Debug|Any CPU.ActiveCfg = Debug|Win32
		{8A1BA3BA-16AF-4B5A-8C53-A1F456D0DD84}.Debug|Mixed Platforms.ActiveCfg = Debug|Win32
		{8A1BA3BA-16AF-4B5A-8C53-A1F456D0DD84}.Debug|Mixed Platforms.Build.0 = Debug|Win32
		{8A1BA3BA-16AF-4B5A-8C53-A1F456D0DD84}.Debug|Win32.ActiveCfg = Debug|Win32
		{8A1BA3BA-16AF-4B5A-8C53-A1F456D0DD84}.Debug|Win32.Build.0 = Debug|Win32
		{8A1BA3BA-16AF-4B5A-8C53-A1F456D0DD84}.Release|Any CPU.ActiveCfg = Release|Win32
		{8A1BA3BA-16AF-4B5A-8C53-A1F456D0DD84}.Release|Mixed Platforms.ActiveCfg = Release|Win32
		{8A1BA3BA-16AF-4B5A-8C53-A1F456D0DD84}.Release|Mixed Platforms.Build.0 = Release|Win32
		{8A1BA3BA-16AF-4B5A-8C53-A1F456D0DD84}.Release|Win32.ActiveCfg = Release|Win32
		{8A1BA3BA-16AF-4B5A-8C53-A1F456D0DD84}.Release|Win32.Build.0 = Release|Win32
		{E9AA4CCD-0220-4163-A2C1-41CC1E21E0AB}.Debug|Any CPU.ActiveCfg = Debug|Win32
		{E9AA4CCD-0220-4163-A2C1-41CC1E21E0AB}.Debug|Mixed Platforms.ActiveCfg = Debug|Win32
		{E9AA4CCD-0220-4163-A2C1-41CC1E21E0AB}.Debug|Mixed Platforms.Build.0 = Debug|Win32
		{E9AA4CCD-0220-4163-A2C1-41CC1E21E0AB}.Debug|Win32.ActiveCfg = Debug|Win32
		{E9AA4CCD-0220-4163-A2C1-41CC1E21E0AB}.Debug|Win32.Build.0 = Debug|Win32
		{E9AA4CCD-0220-4163-A2C1-41CC1E21E0AB}.Release|Any CPU.ActiveCfg = Release|Win32
		{E9AA4CCD-0220-4163-A2C1-41CC1E21E0AB}.Release|Mixed Platforms.ActiveCfg = Release|Win32
		{E9AA4CCD-0220-4163-A2C1-41CC1E21E0AB}.Release|Mixed Platforms.Build.0 = Release|Win32
		{E9AA4CCD-0220-4163-A2C1-41CC1E21E0AB}.Release|Win32.ActiveCfg = Release|Win32
		{E9AA4CCD-0220-4163-A2C1-41CC1E21E0AB}.Release|Win32.Build.0 = Release|Win32
		{9DEE1417-7A20-4B30-8523-9EC82D035FD8}.Debug|Any CPU.ActiveCfg = Debug|Win32
		{9DEE1417-7A20-4B30-8523-9EC82D035FD8}.Debug|Mixed Platforms.ActiveCfg = Debug|Win32
		{9DEE1417-7A20-4B30-8523-9EC82D035FD8}.Debug|Mixed Platforms.Build.0 = Debug|Win32
		{9DEE1417-7A20-4B30-8523-9EC82D035FD8}.Debug|Win32.ActiveCfg = Debug|Win32
		{9DEE1417-7A20-4B30-8523-9EC82D035FD8}.Debug|Win32.Build.0 = Debug|Win32
		{9DEE1417-7A20-4B30-8523-9EC82D035FD8}.Release|Any CPU.ActiveCfg = Release|Win32
		{9DEE1417-7A20-4B30-8523-9EC82D035FD8}.Release|Mixed Platforms.ActiveCfg = Release|Win32
		{9DEE1417-7A20-4B30-8523-9EC82D035FD8}.Release|Mixed Platforms.Build.0 = Release|Win32
		{9DEE1417-7A20-4B30-8523-9EC82D035FD8}.Release|Win32.ActiveCfg = Release|Win32
		{9DEE1417-7A20-4B30-8523-9EC82D035FD8}.Release|Win32.Build.0 = Release|Win32
		{A736F106-3AE3-495F-B689-6C74EA91B217}.Debug|Any CPU.ActiveCfg = Debug|Win32
		{A736F106-3AE3-495F-B689-6C74EA91B217}.Debug|Mixed Platforms.ActiveCfg = Debug|Win32
		{A736F106-3AE3-495F-B689-6C74EA91B217}.Debug|Mixed Platforms.Build.0 = Debug|Win32
		{A736F106-3AE3-495F-B689-6C74EA91B217}.Debug|Win32.ActiveCfg = Debug|Win32
		{A736F106-3AE3-495F-B689-6C74EA91B217}.Debug|Win32.Build.0 = Debug|Win32
		{A736F106-3AE3-495F-B689-6C74EA91B217}.Release|Any CPU.ActiveCfg = Release|Win32
		{A736F106-3AE3-495F-B689-6C74EA91B217}.Release|Mixed Platforms.ActiveCfg = Release|Win32
		{A736F106-3AE3-495F-B689-6C74EA91B217}.Release|Mixed Platforms.Build.0 = Release|Win32
		{A736F106-3AE3-495F-B689-6C74EA91B217}.Release|Win32.ActiveCfg = Release|Win32
		{A736F106-3AE3-495F-B689-6C74EA91B217}.Release|Win32.Build.0 = Release|Win32
		{6727D88E-E3C6-44AA-AA27-218D0C0D9862}.Debug|Any CPU.ActiveCfg = Debug|Win32
		{6727D88E-E3C6-44AA-AA27-218D0C0D9862}.Debug|Mixed Platforms.ActiveCfg = Debug|Win32
		{6727D88E-E3C6-44AA-AA27-218D0C0D9862}.Debug|Mixed Platforms.Build.0 = Debug|Win32
		{6727D88E-E3C6-44AA-AA27-218D0C0D9862}.Debug|Win32.ActiveCfg = Debug|Win32
		{6727D88E-E3C6-44AA-AA27-218D0C0D9862}.Debug|Win32.Build.0 = Debug|Win32
		{6727D88E-E3C6-44AA-AA27-218D0C0D9862}.Release|Any CPU.ActiveCfg = Release|Win32
		{6727D88E-E3C6-44AA-AA27-218D0C0D9862}.Release|Mixed Platforms.ActiveCfg = Release|Win32
		{6727D88E-E3C6-44AA-AA27-218D0C0D9862}.Release|Mixed Platforms.Build.0 = Release|Win32
		{6727D88E-E3C6-44AA-AA27-218D0C0D9862}.Release|Win32.ActiveCfg = Release|Win32
		{6727D88E-E3C6-44AA-AA27-218D0C0D9862}.Release|Win32.Build.0 = Release|Win32
		{5F06C7BE-3107-4B3E-8559-E5E1BB4008B5}.Debug|Any CPU.ActiveCfg = Debug|Any CPU
		{5F06C7BE-3107-4B3E-8559-E5E1BB4008B5}.Debug|Any CPU.Build.0 = Debug|Any CPU
		{5F06C7BE-3107-4B3E-8559-E5E1BB4008B5}.Debug|Mixed Platforms.ActiveCfg = Debug|Any CPU
		{5F06C7BE-3107-4B3E-8559-E5E1BB4008B5}.Debug|Mixed Platforms.Build.0 = Debug|Any CPU
		{5F06C7BE-3107-4B3E-8559-E5E1BB4008B5}.Debug|Win32.ActiveCfg = Debug|Any CPU
		{5F06C7BE-3107-4B3E-8559-E5E1BB4008B5}.Release|Any CPU.ActiveCfg = Release|Any CPU
		{5F06C7BE-3107-4B3E-8559-E5E1BB4008B5}.Release|Any CPU.Build.0 = Release|Any CPU
		{5F06C7BE-3107-4B3E-8559-E5E1BB4008B5}.Release|Mixed Platforms.ActiveCfg = Release|Any CPU
		{5F06C7BE-3107-4B3E-8559-E5E1BB4008B5}.Release|Mixed Platforms.Build.0 = Release|Any CPU
		{5F06C7BE-3107-4B3E-8559-E5E1BB4008B5}.Release|Win32.ActiveCfg = Release|Any CPU
		{DEF7E411-7282-4CC6-85F9-60E68A086D15}.Debug|Any CPU.ActiveCfg = Debug|Win32
		{DEF7E411-7282-4CC6-85F9-60E68A086D15}.Debug|Mixed Platforms.ActiveCfg = Debug|Win32
		{DEF7E411-7282-4CC6-85F9-60E68A086D15}.Debug|Mixed Platforms.Build.0 = Debug|Win32
		{DEF7E411-7282-4CC6-85F9-60E68A086D15}.Debug|Win32.ActiveCfg = Debug|Win32
		{DEF7E411-7282-4CC6-85F9-60E68A086D15}.Debug|Win32.Build.0 = Debug|Win32
		{DEF7E411-7282-4CC6-85F9-60E68A086D15}.Release|Any CPU.ActiveCfg = Release|Win32
		{DEF7E411-7282-4CC6-85F9-60E68A086D15}.Release|Mixed Platforms.ActiveCfg = Release|Win32
		{DEF7E411-7282-4CC6-85F9-60E68A086D15}.Release|Mixed Platforms.Build.0 = Release|Win32
		{DEF7E411-7282-4CC6-85F9-60E68A086D15}.Release|Win32.ActiveCfg = Release|Win32
		{DEF7E411-7282-4CC6-85F9-60E68A086D15}.Release|Win32.Build.0 = Release|Win32
		{CDC38DB3-197F-42C4-9518-2B37C64F2D69}.Debug|Any CPU.ActiveCfg = Debug|Any CPU
		{CDC38DB3-197F-42C4-9518-2B37C64F2D69}.Debug|Any CPU.Build.0 = Debug|Any CPU
		{CDC38DB3-197F-42C4-9518-2B37C64F2D69}.Debug|Mixed Platforms.ActiveCfg = Debug|Any CPU
		{CDC38DB3-197F-42C4-9518-2B37C64F2D69}.Debug|Mixed Platforms.Build.0 = Debug|Any CPU
		{CDC38DB3-197F-42C4-9518-2B37C64F2D69}.Debug|Win32.ActiveCfg = Debug|Any CPU
		{CDC38DB3-197F-42C4-9518-2B37C64F2D69}.Release|Any CPU.ActiveCfg = Release|Any CPU
		{CDC38DB3-197F-42C4-9518-2B37C64F2D69}.Release|Any CPU.Build.0 = Release|Any CPU
		{CDC38DB3-197F-42C4-9518-2B37C64F2D69}.Release|Mixed Platforms.ActiveCfg = Release|Any CPU
		{CDC38DB3-197F-42C4-9518-2B37C64F2D69}.Release|Mixed Platforms.Build.0 = Release|Any CPU
		{CDC38DB3-197F-42C4-9518-2B37C64F2D69}.Release|Win32.ActiveCfg = Release|Any CPU
		{9AECA4D9-58AD-4E22-94E5-6E093E6D3FF8}.Debug|Any CPU.ActiveCfg = Debug|Any CPU
		{9AECA4D9-58AD-4E22-94E5-6E093E6D3FF8}.Debug|Any CPU.Build.0 = Debug|Any CPU
		{9AECA4D9-58AD-4E22-94E5-6E093E6D3FF8}.Debug|Mixed Platforms.ActiveCfg = Debug|Any CPU
		{9AECA4D9-58AD-4E22-94E5-6E093E6D3FF8}.Debug|Mixed Platforms.Build.0 = Debug|Any CPU
		{9AECA4D9-58AD-4E22-94E5-6E093E6D3FF8}.Debug|Win32.ActiveCfg = Debug|Any CPU
		{9AECA4D9-58AD-4E22-94E5-6E093E6D3FF8}.Release|Any CPU.ActiveCfg = Release|Any CPU
		{9AECA4D9-58AD-4E22-94E5-6E093E6D3FF8}.Release|Any CPU.Build.0 = Release|Any CPU
		{9AECA4D9-58AD-4E22-94E5-6E093E6D3FF8}.Release|Mixed Platforms.ActiveCfg = Release|Any CPU
		{9AECA4D9-58AD-4E22-94E5-6E093E6D3FF8}.Release|Mixed Platforms.Build.0 = Release|Any CPU
		{9AECA4D9-58AD-4E22-94E5-6E093E6D3FF8}.Release|Win32.ActiveCfg = Release|Any CPU
		{0C5ACFBA-897E-48FD-84AB-494338934B86}.Debug|Any CPU.ActiveCfg = Debug|Any CPU
		{0C5ACFBA-897E-48FD-84AB-494338934B86}.Debug|Any CPU.Build.0 = Debug|Any CPU
		{0C5ACFBA-897E-48FD-84AB-494338934B86}.Debug|Mixed Platforms.ActiveCfg = Debug|Any CPU
		{0C5ACFBA-897E-48FD-84AB-494338934B86}.Debug|Mixed Platforms.Build.0 = Debug|Any CPU
		{0C5ACFBA-897E-48FD-84AB-494338934B86}.Debug|Win32.ActiveCfg = Debug|Any CPU
		{0C5ACFBA-897E-48FD-84AB-494338934B86}.Release|Any CPU.ActiveCfg = Release|Any CPU
		{0C5ACFBA-897E-48FD-84AB-494338934B86}.Release|Any CPU.Build.0 = Release|Any CPU
		{0C5ACFBA-897E-48FD-84AB-494338934B86}.Release|Mixed Platforms.ActiveCfg = Release|Any CPU
		{0C5ACFBA-897E-48FD-84AB-494338934B86}.Release|Mixed Platforms.Build.0 = Release|Any CPU
		{0C5ACFBA-897E-48FD-84AB-494338934B86}.Release|Win32.ActiveCfg = Release|Any CPU
		{19227808-6334-41C1-9390-F76EE3709E7E}.Debug|Any CPU.ActiveCfg = Debug|Any CPU
		{19227808-6334-41C1-9390-F76EE3709E7E}.Debug|Any CPU.Build.0 = Debug|Any CPU
		{19227808-6334-41C1-9390-F76EE3709E7E}.Debug|Mixed Platforms.ActiveCfg = Debug|Any CPU
		{19227808-6334-41C1-9390-F76EE3709E7E}.Debug|Mixed Platforms.Build.0 = Debug|Any CPU
		{19227808-6334-41C1-9390-F76EE3709E7E}.Debug|Win32.ActiveCfg = Debug|Any CPU
		{19227808-6334-41C1-9390-F76EE3709E7E}.Release|Any CPU.ActiveCfg = Release|Any CPU
		{19227808-6334-41C1-9390-F76EE3709E7E}.Release|Any CPU.Build.0 = Release|Any CPU
		{19227808-6334-41C1-9390-F76EE3709E7E}.Release|Mixed Platforms.ActiveCfg = Release|Any CPU
		{19227808-6334-41C1-9390-F76EE3709E7E}.Release|Mixed Platforms.Build.0 = Release|Any CPU
		{19227808-6334-41C1-9390-F76EE3709E7E}.Release|Win32.ActiveCfg = Release|Any CPU
		{75D0DD0E-D15F-472D-9B64-F3F2DD9B73F6}.Debug|Any CPU.ActiveCfg = Debug|Win32
		{75D0DD0E-D15F-472D-9B64-F3F2DD9B73F6}.Debug|Mixed Platforms.ActiveCfg = Debug|Win32
		{75D0DD0E-D15F-472D-9B64-F3F2DD9B73F6}.Debug|Mixed Platforms.Build.0 = Debug|Win32
		{75D0DD0E-D15F-472D-9B64-F3F2DD9B73F6}.Debug|Win32.ActiveCfg = Debug|Win32
		{75D0DD0E-D15F-472D-9B64-F3F2DD9B73F6}.Debug|Win32.Build.0 = Debug|Win32
		{75D0DD0E-D15F-472D-9B64-F3F2DD9B73F6}.Release|Any CPU.ActiveCfg = Release|Win32
		{75D0DD0E-D15F-472D-9B64-F3F2DD9B73F6}.Release|Mixed Platforms.ActiveCfg = Release|Win32
		{75D0DD0E-D15F-472D-9B64-F3F2DD9B73F6}.Release|Mixed Platforms.Build.0 = Release|Win32
		{75D0DD0E-D15F-472D-9B64-F3F2DD9B73F6}.Release|Win32.ActiveCfg = Release|Win32
		{75D0DD0E-D15F-472D-9B64-F3F2DD9B73F6}.Release|Win32.Build.0 = Release|Win32
		{AE8D68B8-3884-475D-BAAA-29D0A1EBDCA6}.Debug|Any CPU.ActiveCfg = Debug|Win32
		{AE8D68B8-3884-475D-BAAA-29D0A1EBDCA6}.Debug|Mixed Platforms.ActiveCfg = Debug|Win32
		{AE8D68B8-3884-475D-BAAA-29D0A1EBDCA6}.Debug|Mixed Platforms.Build.0 = Debug|Win32
		{AE8D68B8-3884-475D-BAAA-29D0A1EBDCA6}.Debug|Win32.ActiveCfg = Debug|Win32
		{AE8D68B8-3884-475D-BAAA-29D0A1EBDCA6}.Debug|Win32.Build.0 = Debug|Win32
		{AE8D68B8-3884-475D-BAAA-29D0A1EBDCA6}.Release|Any CPU.ActiveCfg = Release|Win32
		{AE8D68B8-3884-475D-BAAA-29D0A1EBDCA6}.Release|Mixed Platforms.ActiveCfg = Release|Win32
		{AE8D68B8-3884-475D-BAAA-29D0A1EBDCA6}.Release|Mixed Platforms.Build.0 = Release|Win32
		{AE8D68B8-3884-475D-BAAA-29D0A1EBDCA6}.Release|Win32.ActiveCfg = Release|Win32
		{AE8D68B8-3884-475D-BAAA-29D0A1EBDCA6}.Release|Win32.Build.0 = Release|Win32
	EndGlobalSection
	GlobalSection(SolutionProperties) = preSolution
		HideSolutionNode = FALSE
	EndGlobalSection
	GlobalSection(NestedProjects) = preSolution
		{5F06C7BE-3107-4B3E-8559-E5E1BB4008B5} = {9144FF40-78D4-4586-854E-D8792BF4133A}
		{DEF7E411-7282-4CC6-85F9-60E68A086D15} = {9144FF40-78D4-4586-854E-D8792BF4133A}
		{CDC38DB3-197F-42C4-9518-2B37C64F2D69} = {9144FF40-78D4-4586-854E-D8792BF4133A}
		{9AECA4D9-58AD-4E22-94E5-6E093E6D3FF8} = {9144FF40-78D4-4586-854E-D8792BF4133A}
		{0C5ACFBA-897E-48FD-84AB-494338934B86} = {9144FF40-78D4-4586-854E-D8792BF4133A}
		{19227808-6334-41C1-9390-F76EE3709E7E} = {9144FF40-78D4-4586-854E-D8792BF4133A}
		{75D0DD0E-D15F-472D-9B64-F3F2DD9B73F6} = {BE7FB084-7D11-4C77-825C-6A07A0BEB431}
		{AE8D68B8-3884-475D-BAAA-29D0A1EBDCA6} = {BE7FB084-7D11-4C77-825C-6A07A0BEB431}
	EndGlobalSection
EndGlobal
