
Microsoft Visual Studio Solution File, Format Version 12.00
# Visual Studio 2012
Project("{2150E333-8FDC-42A3-9474-1A3956D46DE8}") = "cpp", "cpp", "{E52D8660-095E-45AD-AF11-9B43E53DDBF5}"
EndProject
Project("{2150E333-8FDC-42A3-9474-1A3956D46DE8}") = "java", "java", "{8CEA48C2-C785-47A6-9BF2-A25C6778ACB3}"
EndProject
Project("{8BC9CEB8-8B4A-11D0-8D11-00A0C91BC942}") = "opendnp3java", "java\opendnp3java.vcxproj", "{1067322B-30C3-4D7B-9EB6-165F45ECC81E}"
	ProjectSection(ProjectDependencies) = postProject
		{ABF09BDA-75A5-47D7-9F15-D7B7EC69F1E7} = {ABF09BDA-75A5-47D7-9F15-D7B7EC69F1E7}
	EndProjectSection
EndProject
Project("{2150E333-8FDC-42A3-9474-1A3956D46DE8}") = "clr", "clr", "{285B0B06-97CD-4598-AD14-621BEDF42BB7}"
EndProject
Project("{FAE04EC0-301F-11D3-BF4B-00C04F79EFBC}") = "DNP3CLRInterface", "clr\DNP3CLRInterface\DNP3CLRInterface.csproj", "{5F06C7BE-3107-4B3E-8559-E5E1BB4008B5}"
EndProject
Project("{8BC9CEB8-8B4A-11D0-8D11-00A0C91BC942}") = "DNP3CLRAdapter", "clr\DNP3CLRAdapter\DNP3CLRAdapter.vcxproj", "{D2119BEE-135F-422C-8166-26D73113D689}"
	ProjectSection(ProjectDependencies) = postProject
		{E6404405-BA2D-4F95-A268-D467783D0433} = {E6404405-BA2D-4F95-A268-D467783D0433}
		{5F06C7BE-3107-4B3E-8559-E5E1BB4008B5} = {5F06C7BE-3107-4B3E-8559-E5E1BB4008B5}
		{ABF09BDA-75A5-47D7-9F15-D7B7EC69F1E7} = {ABF09BDA-75A5-47D7-9F15-D7B7EC69F1E7}
	EndProjectSection
EndProject
Project("{FAE04EC0-301F-11D3-BF4B-00C04F79EFBC}") = "DNP3CLRMasterDemo", "clr\DNP3CLRMasterDemo\DNP3CLRMasterDemo.csproj", "{791073B4-2132-4588-AFA7-3A9728D444B4}"
EndProject
Project("{FAE04EC0-301F-11D3-BF4B-00C04F79EFBC}") = "DNP3CLROutstationDemo", "clr\DNP3CLROutstationDemo\DNP3CLROutstationDemo.csproj", "{3E8C9DE9-9626-4FC6-90A2-802DEFC1A39D}"
EndProject
Project("{2150E333-8FDC-42A3-9474-1A3956D46DE8}") = "Solution Items", "Solution Items", "{4573F70A-3C82-4034-951E-5EF3FFBA769D}"
	ProjectSection(SolutionItems) = preProject
		.gitignore = .gitignore
	EndProjectSection
EndProject
Project("{8BC9CEB8-8B4A-11D0-8D11-00A0C91BC942}") = "openpal", "cpp\openpal\openpal.vcxproj", "{ABF09BDA-75A5-47D7-9F15-D7B7EC69F1E7}"
EndProject
Project("{8BC9CEB8-8B4A-11D0-8D11-00A0C91BC942}") = "opendnp3", "cpp\opendnp3\opendnp3.vcxproj", "{E6404405-BA2D-4F95-A268-D467783D0433}"
EndProject
Project("{8BC9CEB8-8B4A-11D0-8D11-00A0C91BC942}") = "asiopal", "cpp\asiopal\asiopal.vcxproj", "{3807677B-061A-4D15-AA03-65E944864384}"
EndProject
Project("{8BC9CEB8-8B4A-11D0-8D11-00A0C91BC942}") = "asiodnp3", "cpp\asiodnp3\asiodnp3.vcxproj", "{65495BE1-485C-4A8C-8C58-06C9A532D9CE}"
EndProject
Global
	GlobalSection(SolutionConfigurationPlatforms) = preSolution
		Debug|Any CPU = Debug|Any CPU
		Debug|Mixed Platforms = Debug|Mixed Platforms
		Debug|Win32 = Debug|Win32
		Debug|x64 = Debug|x64
		Release|Any CPU = Release|Any CPU
		Release|Mixed Platforms = Release|Mixed Platforms
		Release|Win32 = Release|Win32
		Release|x64 = Release|x64
	EndGlobalSection
	GlobalSection(ProjectConfigurationPlatforms) = postSolution
		{1067322B-30C3-4D7B-9EB6-165F45ECC81E}.Debug|Any CPU.ActiveCfg = Debug|Win32
		{1067322B-30C3-4D7B-9EB6-165F45ECC81E}.Debug|Mixed Platforms.ActiveCfg = Debug|Win32
		{1067322B-30C3-4D7B-9EB6-165F45ECC81E}.Debug|Mixed Platforms.Build.0 = Debug|Win32
		{1067322B-30C3-4D7B-9EB6-165F45ECC81E}.Debug|Win32.ActiveCfg = Debug|Win32
		{1067322B-30C3-4D7B-9EB6-165F45ECC81E}.Debug|Win32.Build.0 = Debug|Win32
		{1067322B-30C3-4D7B-9EB6-165F45ECC81E}.Debug|x64.ActiveCfg = Debug|x64
		{1067322B-30C3-4D7B-9EB6-165F45ECC81E}.Debug|x64.Build.0 = Debug|x64
		{1067322B-30C3-4D7B-9EB6-165F45ECC81E}.Release|Any CPU.ActiveCfg = Release|Win32
		{1067322B-30C3-4D7B-9EB6-165F45ECC81E}.Release|Mixed Platforms.ActiveCfg = Release|Win32
		{1067322B-30C3-4D7B-9EB6-165F45ECC81E}.Release|Mixed Platforms.Build.0 = Release|Win32
		{1067322B-30C3-4D7B-9EB6-165F45ECC81E}.Release|Win32.ActiveCfg = Release|Win32
		{1067322B-30C3-4D7B-9EB6-165F45ECC81E}.Release|Win32.Build.0 = Release|Win32
		{1067322B-30C3-4D7B-9EB6-165F45ECC81E}.Release|x64.ActiveCfg = Release|x64
		{1067322B-30C3-4D7B-9EB6-165F45ECC81E}.Release|x64.Build.0 = Release|x64
		{5F06C7BE-3107-4B3E-8559-E5E1BB4008B5}.Debug|Any CPU.ActiveCfg = Debug|Any CPU
		{5F06C7BE-3107-4B3E-8559-E5E1BB4008B5}.Debug|Any CPU.Build.0 = Debug|Any CPU
		{5F06C7BE-3107-4B3E-8559-E5E1BB4008B5}.Debug|Mixed Platforms.ActiveCfg = Debug|Any CPU
		{5F06C7BE-3107-4B3E-8559-E5E1BB4008B5}.Debug|Mixed Platforms.Build.0 = Debug|Any CPU
		{5F06C7BE-3107-4B3E-8559-E5E1BB4008B5}.Debug|Win32.ActiveCfg = Debug|Any CPU
		{5F06C7BE-3107-4B3E-8559-E5E1BB4008B5}.Debug|x64.ActiveCfg = Debug|Any CPU
		{5F06C7BE-3107-4B3E-8559-E5E1BB4008B5}.Debug|x64.Build.0 = Debug|Any CPU
		{5F06C7BE-3107-4B3E-8559-E5E1BB4008B5}.Release|Any CPU.ActiveCfg = Release|Any CPU
		{5F06C7BE-3107-4B3E-8559-E5E1BB4008B5}.Release|Any CPU.Build.0 = Release|Any CPU
		{5F06C7BE-3107-4B3E-8559-E5E1BB4008B5}.Release|Mixed Platforms.ActiveCfg = Release|Any CPU
		{5F06C7BE-3107-4B3E-8559-E5E1BB4008B5}.Release|Mixed Platforms.Build.0 = Release|Any CPU
		{5F06C7BE-3107-4B3E-8559-E5E1BB4008B5}.Release|Win32.ActiveCfg = Release|Any CPU
		{5F06C7BE-3107-4B3E-8559-E5E1BB4008B5}.Release|x64.ActiveCfg = Release|Any CPU
		{D2119BEE-135F-422C-8166-26D73113D689}.Debug|Any CPU.ActiveCfg = Debug|Win32
		{D2119BEE-135F-422C-8166-26D73113D689}.Debug|Mixed Platforms.ActiveCfg = Debug|Win32
		{D2119BEE-135F-422C-8166-26D73113D689}.Debug|Mixed Platforms.Build.0 = Debug|Win32
		{D2119BEE-135F-422C-8166-26D73113D689}.Debug|Win32.ActiveCfg = Debug|Win32
		{D2119BEE-135F-422C-8166-26D73113D689}.Debug|Win32.Build.0 = Debug|Win32
		{D2119BEE-135F-422C-8166-26D73113D689}.Debug|x64.ActiveCfg = Debug|x64
		{D2119BEE-135F-422C-8166-26D73113D689}.Debug|x64.Build.0 = Debug|x64
		{D2119BEE-135F-422C-8166-26D73113D689}.Release|Any CPU.ActiveCfg = Release|Win32
		{D2119BEE-135F-422C-8166-26D73113D689}.Release|Mixed Platforms.ActiveCfg = Release|Win32
		{D2119BEE-135F-422C-8166-26D73113D689}.Release|Mixed Platforms.Build.0 = Release|Win32
		{D2119BEE-135F-422C-8166-26D73113D689}.Release|Win32.ActiveCfg = Release|Win32
		{D2119BEE-135F-422C-8166-26D73113D689}.Release|Win32.Build.0 = Release|Win32
		{D2119BEE-135F-422C-8166-26D73113D689}.Release|x64.ActiveCfg = Release|x64
		{D2119BEE-135F-422C-8166-26D73113D689}.Release|x64.Build.0 = Release|x64
		{791073B4-2132-4588-AFA7-3A9728D444B4}.Debug|Any CPU.ActiveCfg = Debug|Any CPU
		{791073B4-2132-4588-AFA7-3A9728D444B4}.Debug|Any CPU.Build.0 = Debug|Any CPU
		{791073B4-2132-4588-AFA7-3A9728D444B4}.Debug|Mixed Platforms.ActiveCfg = Debug|Any CPU
		{791073B4-2132-4588-AFA7-3A9728D444B4}.Debug|Mixed Platforms.Build.0 = Debug|Any CPU
		{791073B4-2132-4588-AFA7-3A9728D444B4}.Debug|Win32.ActiveCfg = Debug|Any CPU
		{791073B4-2132-4588-AFA7-3A9728D444B4}.Debug|x64.ActiveCfg = Debug|Any CPU
		{791073B4-2132-4588-AFA7-3A9728D444B4}.Debug|x64.Build.0 = Debug|Any CPU
		{791073B4-2132-4588-AFA7-3A9728D444B4}.Release|Any CPU.ActiveCfg = Release|Any CPU
		{791073B4-2132-4588-AFA7-3A9728D444B4}.Release|Any CPU.Build.0 = Release|Any CPU
		{791073B4-2132-4588-AFA7-3A9728D444B4}.Release|Mixed Platforms.ActiveCfg = Release|Any CPU
		{791073B4-2132-4588-AFA7-3A9728D444B4}.Release|Mixed Platforms.Build.0 = Release|Any CPU
		{791073B4-2132-4588-AFA7-3A9728D444B4}.Release|Win32.ActiveCfg = Release|Any CPU
		{791073B4-2132-4588-AFA7-3A9728D444B4}.Release|x64.ActiveCfg = Release|Any CPU
		{3E8C9DE9-9626-4FC6-90A2-802DEFC1A39D}.Debug|Any CPU.ActiveCfg = Debug|Any CPU
		{3E8C9DE9-9626-4FC6-90A2-802DEFC1A39D}.Debug|Any CPU.Build.0 = Debug|Any CPU
		{3E8C9DE9-9626-4FC6-90A2-802DEFC1A39D}.Debug|Mixed Platforms.ActiveCfg = Debug|Any CPU
		{3E8C9DE9-9626-4FC6-90A2-802DEFC1A39D}.Debug|Mixed Platforms.Build.0 = Debug|Any CPU
		{3E8C9DE9-9626-4FC6-90A2-802DEFC1A39D}.Debug|Win32.ActiveCfg = Debug|Any CPU
		{3E8C9DE9-9626-4FC6-90A2-802DEFC1A39D}.Debug|x64.ActiveCfg = Debug|Any CPU
		{3E8C9DE9-9626-4FC6-90A2-802DEFC1A39D}.Debug|x64.Build.0 = Debug|Any CPU
		{3E8C9DE9-9626-4FC6-90A2-802DEFC1A39D}.Release|Any CPU.ActiveCfg = Release|Any CPU
		{3E8C9DE9-9626-4FC6-90A2-802DEFC1A39D}.Release|Any CPU.Build.0 = Release|Any CPU
		{3E8C9DE9-9626-4FC6-90A2-802DEFC1A39D}.Release|Mixed Platforms.ActiveCfg = Release|Any CPU
		{3E8C9DE9-9626-4FC6-90A2-802DEFC1A39D}.Release|Mixed Platforms.Build.0 = Release|Any CPU
		{3E8C9DE9-9626-4FC6-90A2-802DEFC1A39D}.Release|Win32.ActiveCfg = Release|Any CPU
		{3E8C9DE9-9626-4FC6-90A2-802DEFC1A39D}.Release|x64.ActiveCfg = Release|Any CPU
		{ABF09BDA-75A5-47D7-9F15-D7B7EC69F1E7}.Debug|Any CPU.ActiveCfg = Debug|Win32
		{ABF09BDA-75A5-47D7-9F15-D7B7EC69F1E7}.Debug|Mixed Platforms.ActiveCfg = Debug|Win32
		{ABF09BDA-75A5-47D7-9F15-D7B7EC69F1E7}.Debug|Mixed Platforms.Build.0 = Debug|Win32
		{ABF09BDA-75A5-47D7-9F15-D7B7EC69F1E7}.Debug|Win32.ActiveCfg = Debug|Win32
		{ABF09BDA-75A5-47D7-9F15-D7B7EC69F1E7}.Debug|Win32.Build.0 = Debug|Win32
		{ABF09BDA-75A5-47D7-9F15-D7B7EC69F1E7}.Debug|x64.ActiveCfg = Debug|x64
		{ABF09BDA-75A5-47D7-9F15-D7B7EC69F1E7}.Debug|x64.Build.0 = Debug|x64
		{ABF09BDA-75A5-47D7-9F15-D7B7EC69F1E7}.Release|Any CPU.ActiveCfg = Release|Win32
		{ABF09BDA-75A5-47D7-9F15-D7B7EC69F1E7}.Release|Mixed Platforms.ActiveCfg = Release|Win32
		{ABF09BDA-75A5-47D7-9F15-D7B7EC69F1E7}.Release|Mixed Platforms.Build.0 = Release|Win32
		{ABF09BDA-75A5-47D7-9F15-D7B7EC69F1E7}.Release|Win32.ActiveCfg = Release|Win32
		{ABF09BDA-75A5-47D7-9F15-D7B7EC69F1E7}.Release|Win32.Build.0 = Release|Win32
		{ABF09BDA-75A5-47D7-9F15-D7B7EC69F1E7}.Release|x64.ActiveCfg = Release|x64
		{ABF09BDA-75A5-47D7-9F15-D7B7EC69F1E7}.Release|x64.Build.0 = Release|x64
		{E6404405-BA2D-4F95-A268-D467783D0433}.Debug|Any CPU.ActiveCfg = Debug|Win32
		{E6404405-BA2D-4F95-A268-D467783D0433}.Debug|Mixed Platforms.ActiveCfg = Debug|Win32
		{E6404405-BA2D-4F95-A268-D467783D0433}.Debug|Mixed Platforms.Build.0 = Debug|Win32
		{E6404405-BA2D-4F95-A268-D467783D0433}.Debug|Win32.ActiveCfg = Debug|Win32
		{E6404405-BA2D-4F95-A268-D467783D0433}.Debug|Win32.Build.0 = Debug|Win32
		{E6404405-BA2D-4F95-A268-D467783D0433}.Debug|x64.ActiveCfg = Debug|x64
		{E6404405-BA2D-4F95-A268-D467783D0433}.Debug|x64.Build.0 = Debug|x64
		{E6404405-BA2D-4F95-A268-D467783D0433}.Release|Any CPU.ActiveCfg = Release|Win32
		{E6404405-BA2D-4F95-A268-D467783D0433}.Release|Mixed Platforms.ActiveCfg = Release|Win32
		{E6404405-BA2D-4F95-A268-D467783D0433}.Release|Mixed Platforms.Build.0 = Release|Win32
		{E6404405-BA2D-4F95-A268-D467783D0433}.Release|Win32.ActiveCfg = Release|Win32
		{E6404405-BA2D-4F95-A268-D467783D0433}.Release|Win32.Build.0 = Release|Win32
		{E6404405-BA2D-4F95-A268-D467783D0433}.Release|x64.ActiveCfg = Release|x64
		{E6404405-BA2D-4F95-A268-D467783D0433}.Release|x64.Build.0 = Release|x64
		{3807677B-061A-4D15-AA03-65E944864384}.Debug|Any CPU.ActiveCfg = Debug|Win32
		{3807677B-061A-4D15-AA03-65E944864384}.Debug|Mixed Platforms.ActiveCfg = Debug|Win32
		{3807677B-061A-4D15-AA03-65E944864384}.Debug|Mixed Platforms.Build.0 = Debug|Win32
		{3807677B-061A-4D15-AA03-65E944864384}.Debug|Win32.ActiveCfg = Debug|Win32
		{3807677B-061A-4D15-AA03-65E944864384}.Debug|Win32.Build.0 = Debug|Win32
		{3807677B-061A-4D15-AA03-65E944864384}.Debug|x64.ActiveCfg = Debug|x64
		{3807677B-061A-4D15-AA03-65E944864384}.Release|Any CPU.ActiveCfg = Release|Win32
		{3807677B-061A-4D15-AA03-65E944864384}.Release|Mixed Platforms.ActiveCfg = Release|Win32
		{3807677B-061A-4D15-AA03-65E944864384}.Release|Mixed Platforms.Build.0 = Release|Win32
		{3807677B-061A-4D15-AA03-65E944864384}.Release|Win32.ActiveCfg = Release|Win32
		{3807677B-061A-4D15-AA03-65E944864384}.Release|Win32.Build.0 = Release|Win32
		{3807677B-061A-4D15-AA03-65E944864384}.Release|x64.ActiveCfg = Release|Win32
		{65495BE1-485C-4A8C-8C58-06C9A532D9CE}.Debug|Any CPU.ActiveCfg = Debug|Win32
		{65495BE1-485C-4A8C-8C58-06C9A532D9CE}.Debug|Mixed Platforms.ActiveCfg = Debug|Win32
		{65495BE1-485C-4A8C-8C58-06C9A532D9CE}.Debug|Mixed Platforms.Build.0 = Debug|Win32
		{65495BE1-485C-4A8C-8C58-06C9A532D9CE}.Debug|Win32.ActiveCfg = Debug|Win32
		{65495BE1-485C-4A8C-8C58-06C9A532D9CE}.Debug|Win32.Build.0 = Debug|Win32
		{65495BE1-485C-4A8C-8C58-06C9A532D9CE}.Debug|x64.ActiveCfg = Debug|x64
		{65495BE1-485C-4A8C-8C58-06C9A532D9CE}.Release|Any CPU.ActiveCfg = Release|Win32
		{65495BE1-485C-4A8C-8C58-06C9A532D9CE}.Release|Mixed Platforms.ActiveCfg = Release|Win32
		{65495BE1-485C-4A8C-8C58-06C9A532D9CE}.Release|Mixed Platforms.Build.0 = Release|Win32
		{65495BE1-485C-4A8C-8C58-06C9A532D9CE}.Release|Win32.ActiveCfg = Release|Win32
		{65495BE1-485C-4A8C-8C58-06C9A532D9CE}.Release|Win32.Build.0 = Release|Win32
		{65495BE1-485C-4A8C-8C58-06C9A532D9CE}.Release|x64.ActiveCfg = Release|Win32
	EndGlobalSection
	GlobalSection(SolutionProperties) = preSolution
		HideSolutionNode = FALSE
	EndGlobalSection
	GlobalSection(NestedProjects) = preSolution
		{ABF09BDA-75A5-47D7-9F15-D7B7EC69F1E7} = {E52D8660-095E-45AD-AF11-9B43E53DDBF5}
		{E6404405-BA2D-4F95-A268-D467783D0433} = {E52D8660-095E-45AD-AF11-9B43E53DDBF5}
		{3807677B-061A-4D15-AA03-65E944864384} = {E52D8660-095E-45AD-AF11-9B43E53DDBF5}
		{65495BE1-485C-4A8C-8C58-06C9A532D9CE} = {E52D8660-095E-45AD-AF11-9B43E53DDBF5}
		{1067322B-30C3-4D7B-9EB6-165F45ECC81E} = {8CEA48C2-C785-47A6-9BF2-A25C6778ACB3}
		{5F06C7BE-3107-4B3E-8559-E5E1BB4008B5} = {285B0B06-97CD-4598-AD14-621BEDF42BB7}
		{D2119BEE-135F-422C-8166-26D73113D689} = {285B0B06-97CD-4598-AD14-621BEDF42BB7}
		{791073B4-2132-4588-AFA7-3A9728D444B4} = {285B0B06-97CD-4598-AD14-621BEDF42BB7}
		{3E8C9DE9-9626-4FC6-90A2-802DEFC1A39D} = {285B0B06-97CD-4598-AD14-621BEDF42BB7}
	EndGlobalSection
EndGlobal
