
Microsoft Visual Studio Solution File, Format Version 12.00
# Visual Studio 2013
VisualStudioVersion = 12.0.21005.1
MinimumVisualStudioVersion = 10.0.40219.1
Project("{2150E333-8FDC-42A3-9474-1A3956D46DE8}") = "cpp", "cpp", "{E52D8660-095E-45AD-AF11-9B43E53DDBF5}"
EndProject
Project("{2150E333-8FDC-42A3-9474-1A3956D46DE8}") = "clr", "clr", "{285B0B06-97CD-4598-AD14-621BEDF42BB7}"
EndProject
Project("{2150E333-8FDC-42A3-9474-1A3956D46DE8}") = "Solution Items", "Solution Items", "{4573F70A-3C82-4034-951E-5EF3FFBA769D}"
	ProjectSection(SolutionItems) = preProject
		.gitignore = .gitignore
	EndProjectSection
EndProject
Project("{2150E333-8FDC-42A3-9474-1A3956D46DE8}") = "libs", "libs", "{2D704312-6653-4338-A589-03F509718D12}"
EndProject
Project("{8BC9CEB8-8B4A-11D0-8D11-00A0C91BC942}") = "openpal", "cpp\libs\openpal\openpal.vcxproj", "{ABF09BDA-75A5-47D7-9F15-D7B7EC69F1E7}"
EndProject
Project("{8BC9CEB8-8B4A-11D0-8D11-00A0C91BC942}") = "opendnp3", "cpp\libs\opendnp3\opendnp3.vcxproj", "{E6404405-BA2D-4F95-A268-D467783D0433}"
EndProject
Global
	GlobalSection(SolutionConfigurationPlatforms) = preSolution
		Debug|Any CPU = Debug|Any CPU
		Debug|Mixed Platforms = Debug|Mixed Platforms
		Debug|Win32 = Debug|Win32
		Debug|x64 = Debug|x64
		Debug|x86 = Debug|x86
		Release|Any CPU = Release|Any CPU
		Release|Mixed Platforms = Release|Mixed Platforms
		Release|Win32 = Release|Win32
		Release|x64 = Release|x64
		Release|x86 = Release|x86
	EndGlobalSection
	GlobalSection(ProjectConfigurationPlatforms) = postSolution
		{ABF09BDA-75A5-47D7-9F15-D7B7EC69F1E7}.Debug|Any CPU.ActiveCfg = Debug|Win32
		{ABF09BDA-75A5-47D7-9F15-D7B7EC69F1E7}.Debug|Mixed Platforms.ActiveCfg = Debug|Win32
		{ABF09BDA-75A5-47D7-9F15-D7B7EC69F1E7}.Debug|Mixed Platforms.Build.0 = Debug|Win32
		{ABF09BDA-75A5-47D7-9F15-D7B7EC69F1E7}.Debug|Win32.ActiveCfg = Debug|Win32
		{ABF09BDA-75A5-47D7-9F15-D7B7EC69F1E7}.Debug|Win32.Build.0 = Debug|Win32
		{ABF09BDA-75A5-47D7-9F15-D7B7EC69F1E7}.Debug|x64.ActiveCfg = Debug|x64
		{ABF09BDA-75A5-47D7-9F15-D7B7EC69F1E7}.Debug|x64.Build.0 = Debug|x64
		{ABF09BDA-75A5-47D7-9F15-D7B7EC69F1E7}.Debug|x86.ActiveCfg = Debug|Win32
		{ABF09BDA-75A5-47D7-9F15-D7B7EC69F1E7}.Debug|x86.Build.0 = Debug|Win32
		{ABF09BDA-75A5-47D7-9F15-D7B7EC69F1E7}.Release|Any CPU.ActiveCfg = Release|Win32
		{ABF09BDA-75A5-47D7-9F15-D7B7EC69F1E7}.Release|Mixed Platforms.ActiveCfg = Release|Win32
		{ABF09BDA-75A5-47D7-9F15-D7B7EC69F1E7}.Release|Mixed Platforms.Build.0 = Release|Win32
		{ABF09BDA-75A5-47D7-9F15-D7B7EC69F1E7}.Release|Win32.ActiveCfg = Release|Win32
		{ABF09BDA-75A5-47D7-9F15-D7B7EC69F1E7}.Release|Win32.Build.0 = Release|Win32
		{ABF09BDA-75A5-47D7-9F15-D7B7EC69F1E7}.Release|x64.ActiveCfg = Release|x64
		{ABF09BDA-75A5-47D7-9F15-D7B7EC69F1E7}.Release|x64.Build.0 = Release|x64
		{ABF09BDA-75A5-47D7-9F15-D7B7EC69F1E7}.Release|x86.ActiveCfg = Release|Win32
		{ABF09BDA-75A5-47D7-9F15-D7B7EC69F1E7}.Release|x86.Build.0 = Release|Win32
		{E6404405-BA2D-4F95-A268-D467783D0433}.Debug|Any CPU.ActiveCfg = Debug|Win32
		{E6404405-BA2D-4F95-A268-D467783D0433}.Debug|Mixed Platforms.ActiveCfg = Debug|Win32
		{E6404405-BA2D-4F95-A268-D467783D0433}.Debug|Mixed Platforms.Build.0 = Debug|Win32
		{E6404405-BA2D-4F95-A268-D467783D0433}.Debug|Win32.ActiveCfg = Debug|Win32
		{E6404405-BA2D-4F95-A268-D467783D0433}.Debug|Win32.Build.0 = Debug|Win32
		{E6404405-BA2D-4F95-A268-D467783D0433}.Debug|x64.ActiveCfg = Debug|x64
		{E6404405-BA2D-4F95-A268-D467783D0433}.Debug|x64.Build.0 = Debug|x64
		{E6404405-BA2D-4F95-A268-D467783D0433}.Debug|x86.ActiveCfg = Debug|Win32
		{E6404405-BA2D-4F95-A268-D467783D0433}.Debug|x86.Build.0 = Debug|Win32
		{E6404405-BA2D-4F95-A268-D467783D0433}.Release|Any CPU.ActiveCfg = Release|Win32
		{E6404405-BA2D-4F95-A268-D467783D0433}.Release|Mixed Platforms.ActiveCfg = Release|Win32
		{E6404405-BA2D-4F95-A268-D467783D0433}.Release|Mixed Platforms.Build.0 = Release|Win32
		{E6404405-BA2D-4F95-A268-D467783D0433}.Release|Win32.ActiveCfg = Release|Win32
		{E6404405-BA2D-4F95-A268-D467783D0433}.Release|Win32.Build.0 = Release|Win32
		{E6404405-BA2D-4F95-A268-D467783D0433}.Release|x64.ActiveCfg = Release|x64
		{E6404405-BA2D-4F95-A268-D467783D0433}.Release|x64.Build.0 = Release|x64
		{E6404405-BA2D-4F95-A268-D467783D0433}.Release|x86.ActiveCfg = Release|Win32
		{E6404405-BA2D-4F95-A268-D467783D0433}.Release|x86.Build.0 = Release|Win32
	EndGlobalSection
	GlobalSection(SolutionProperties) = preSolution
		HideSolutionNode = FALSE
	EndGlobalSection
	GlobalSection(NestedProjects) = preSolution
		{2D704312-6653-4338-A589-03F509718D12} = {E52D8660-095E-45AD-AF11-9B43E53DDBF5}
		{ABF09BDA-75A5-47D7-9F15-D7B7EC69F1E7} = {2D704312-6653-4338-A589-03F509718D12}
		{E6404405-BA2D-4F95-A268-D467783D0433} = {2D704312-6653-4338-A589-03F509718D12}
	EndGlobalSection
EndGlobal
