<?xml version="1.0" encoding="utf-8"?>
<Project ToolsVersion="4.0" xmlns="http://schemas.microsoft.com/developer/msbuild/2003">
  <ItemGroup>
    <Filter Include="Source Files">
      <UniqueIdentifier>{4FC737F1-C7A5-4376-A066-2A32D752A2FF}</UniqueIdentifier>
      <Extensions>cpp;c;cc;cxx;def;odl;idl;hpj;bat;asm;asmx</Extensions>
    </Filter>
    <Filter Include="Header Files">
      <UniqueIdentifier>{93995380-89BD-4b04-88EB-625FBE52EBFB}</UniqueIdentifier>
      <Extensions>h;hpp;hxx;hm;inl;inc;xsd</Extensions>
    </Filter>
    <Filter Include="Resource Files">
      <UniqueIdentifier>{67DA6AB6-F800-4c08-8B7A-83BB121AAD01}</UniqueIdentifier>
      <Extensions>rc;ico;cur;bmp;dlg;rc2;rct;bin;rgs;gif;jpg;jpeg;jpe;resx;tiff;tif;png;wav;mfcribbon-ms</Extensions>
    </Filter>
  </ItemGroup>
  <ItemGroup>
    <ClInclude Include="AlwaysOpeningVtoRouter.h">
      <Filter>Header Files</Filter>
    </ClInclude>
    <ClInclude Include="APDU.h">
      <Filter>Header Files</Filter>
    </ClInclude>
    <ClInclude Include="APDUConstants.h">
      <Filter>Header Files</Filter>
    </ClInclude>
    <ClInclude Include="AppChannelStates.h">
      <Filter>Header Files</Filter>
    </ClInclude>
    <ClInclude Include="AppConfig.h">
      <Filter>Header Files</Filter>
    </ClInclude>
    <ClInclude Include="AppHeader.h">
      <Filter>Header Files</Filter>
    </ClInclude>
    <ClInclude Include="AppInterfaces.h">
      <Filter>Header Files</Filter>
    </ClInclude>
    <ClInclude Include="AppLayer.h">
      <Filter>Header Files</Filter>
    </ClInclude>
    <ClInclude Include="AppLayerChannel.h">
      <Filter>Header Files</Filter>
    </ClInclude>
    <ClInclude Include="AsyncStackManager.h">
      <Filter>Header Files</Filter>
    </ClInclude>
    <ClInclude Include="BufferSetTypes.h">
      <Filter>Header Files</Filter>
    </ClInclude>
    <ClInclude Include="BufferTypes.h">
      <Filter>Header Files</Filter>
    </ClInclude>
    <ClInclude Include="ClassCounter.h">
      <Filter>Header Files</Filter>
    </ClInclude>
    <ClInclude Include="ClassMask.h">
      <Filter>Header Files</Filter>
    </ClInclude>
    <ClInclude Include="CTOHistory.h">
      <Filter>Header Files</Filter>
    </ClInclude>
    <ClInclude Include="Database.h">
      <Filter>Header Files</Filter>
    </ClInclude>
    <ClInclude Include="DatabaseInterfaces.h">
      <Filter>Header Files</Filter>
    </ClInclude>
    <ClInclude Include="DataPoll.h">
      <Filter>Header Files</Filter>
    </ClInclude>
    <ClInclude Include="DeviceTemplate.h">
      <Filter>Header Files</Filter>
    </ClInclude>
    <ClInclude Include="DeviceTemplateTypes.h">
      <Filter>Header Files</Filter>
    </ClInclude>
    <ClInclude Include="DNPConstants.h">
      <Filter>Header Files</Filter>
    </ClInclude>
    <ClInclude Include="DNPCrc.h">
      <Filter>Header Files</Filter>
    </ClInclude>
    <ClInclude Include="DNPDatabaseTypes.h">
      <Filter>Header Files</Filter>
    </ClInclude>
    <ClInclude Include="DNPExceptions.h">
      <Filter>Header Files</Filter>
    </ClInclude>
    <ClInclude Include="DNPFromStream.h">
      <Filter>Header Files</Filter>
    </ClInclude>
    <ClInclude Include="DNPToStream.h">
      <Filter>Header Files</Filter>
    </ClInclude>
    <ClInclude Include="EnhancedVto.h">
      <Filter>Header Files</Filter>
    </ClInclude>
    <ClInclude Include="EnhancedVtoRouter.h">
      <Filter>Header Files</Filter>
    </ClInclude>
    <ClInclude Include="EventBufferBase.h">
      <Filter>Header Files</Filter>
    </ClInclude>
    <ClInclude Include="EventBuffers.h">
      <Filter>Header Files</Filter>
    </ClInclude>
    <ClInclude Include="EventTypes.h">
      <Filter>Header Files</Filter>
    </ClInclude>
    <ClInclude Include="HeaderReadIterator.h">
      <Filter>Header Files</Filter>
    </ClInclude>
    <ClInclude Include="IFrameSink.h">
      <Filter>Header Files</Filter>
    </ClInclude>
    <ClInclude Include="ILinkContext.h">
      <Filter>Header Files</Filter>
    </ClInclude>
    <ClInclude Include="ILinkRouter.h">
      <Filter>Header Files</Filter>
    </ClInclude>
    <ClInclude Include="IndexedWriteIterator.h">
      <Filter>Header Files</Filter>
    </ClInclude>
    <ClInclude Include="IStackObserver.h">
      <Filter>Header Files</Filter>
    </ClInclude>
    <ClInclude Include="IVtoEventAcceptor.h">
      <Filter>Header Files</Filter>
    </ClInclude>
    <ClInclude Include="LinkChannel.h">
      <Filter>Header Files</Filter>
    </ClInclude>
    <ClInclude Include="LinkConfig.h">
      <Filter>Header Files</Filter>
    </ClInclude>
    <ClInclude Include="LinkFrame.h">
      <Filter>Header Files</Filter>
    </ClInclude>
    <ClInclude Include="LinkHeader.h">
      <Filter>Header Files</Filter>
    </ClInclude>
    <ClInclude Include="LinkLayer.h">
      <Filter>Header Files</Filter>
    </ClInclude>
    <ClInclude Include="LinkLayerConstants.h">
      <Filter>Header Files</Filter>
    </ClInclude>
    <ClInclude Include="LinkLayerReceiver.h">
      <Filter>Header Files</Filter>
    </ClInclude>
    <ClInclude Include="LinkLayerRouter.h">
      <Filter>Header Files</Filter>
    </ClInclude>
    <ClInclude Include="LinkReceiverStates.h">
      <Filter>Header Files</Filter>
    </ClInclude>
    <ClInclude Include="LinkRoute.h">
      <Filter>Header Files</Filter>
    </ClInclude>
    <ClInclude Include="Master.h">
      <Filter>Header Files</Filter>
    </ClInclude>
    <ClInclude Include="MasterConfig.h">
      <Filter>Header Files</Filter>
    </ClInclude>
    <ClInclude Include="MasterConfigTypes.h">
      <Filter>Header Files</Filter>
    </ClInclude>
    <ClInclude Include="MasterSchedule.h">
      <Filter>Header Files</Filter>
    </ClInclude>
    <ClInclude Include="MasterStack.h">
      <Filter>Header Files</Filter>
    </ClInclude>
    <ClInclude Include="MasterStackConfig.h">
      <Filter>Header Files</Filter>
    </ClInclude>
    <ClInclude Include="MasterStates.h">
      <Filter>Header Files</Filter>
    </ClInclude>
    <ClInclude Include="MasterTaskBase.h">
      <Filter>Header Files</Filter>
    </ClInclude>
    <ClInclude Include="ObjectHeader.h">
      <Filter>Header Files</Filter>
    </ClInclude>
    <ClInclude Include="ObjectInterfaces.h">
      <Filter>Header Files</Filter>
    </ClInclude>
    <ClInclude Include="ObjectReadIterator.h">
      <Filter>Header Files</Filter>
    </ClInclude>
    <ClInclude Include="Objects.h">
      <Filter>Header Files</Filter>
    </ClInclude>
    <ClInclude Include="ObjectWriteIterator.h">
      <Filter>Header Files</Filter>
    </ClInclude>
    <ClInclude Include="PointClass.h">
      <Filter>Header Files</Filter>
    </ClInclude>
    <ClInclude Include="PriLinkLayerStates.h">
      <Filter>Header Files</Filter>
    </ClInclude>
    <ClInclude Include="ResponseContext.h">
      <Filter>Header Files</Filter>
    </ClInclude>
    <ClInclude Include="ResponseLoader.h">
      <Filter>Header Files</Filter>
    </ClInclude>
    <ClInclude Include="SecLinkLayerStates.h">
      <Filter>Header Files</Filter>
    </ClInclude>
    <ClInclude Include="Slave.h">
      <Filter>Header Files</Filter>
    </ClInclude>
    <ClInclude Include="SlaveConfig.h">
      <Filter>Header Files</Filter>
    </ClInclude>
    <ClInclude Include="SlaveEventBuffer.h">
      <Filter>Header Files</Filter>
    </ClInclude>
    <ClInclude Include="SlaveResponseTypes.h">
      <Filter>Header Files</Filter>
    </ClInclude>
    <ClInclude Include="SlaveStack.h">
      <Filter>Header Files</Filter>
    </ClInclude>
    <ClInclude Include="SlaveStackConfig.h">
      <Filter>Header Files</Filter>
    </ClInclude>
    <ClInclude Include="SlaveStates.h">
      <Filter>Header Files</Filter>
    </ClInclude>
    <ClInclude Include="SolicitedChannel.h">
      <Filter>Header Files</Filter>
    </ClInclude>
    <ClInclude Include="Stack.h">
      <Filter>Header Files</Filter>
    </ClInclude>
    <ClInclude Include="StackManager.h">
      <Filter>Header Files</Filter>
    </ClInclude>
    <ClInclude Include="StartupTasks.h">
      <Filter>Header Files</Filter>
    </ClInclude>
    <ClInclude Include="TLS_Base.h">
      <Filter>Header Files</Filter>
    </ClInclude>
    <ClInclude Include="TransportConstants.h">
      <Filter>Header Files</Filter>
    </ClInclude>
    <ClInclude Include="TransportLayer.h">
      <Filter>Header Files</Filter>
    </ClInclude>
    <ClInclude Include="TransportRx.h">
      <Filter>Header Files</Filter>
    </ClInclude>
    <ClInclude Include="TransportStates.h">
      <Filter>Header Files</Filter>
    </ClInclude>
    <ClInclude Include="TransportTx.h">
      <Filter>Header Files</Filter>
    </ClInclude>
    <ClInclude Include="UnsolicitedChannel.h">
      <Filter>Header Files</Filter>
    </ClInclude>
    <ClInclude Include="VtoConfig.h">
      <Filter>Header Files</Filter>
    </ClInclude>
    <ClInclude Include="VtoData.h">
      <Filter>Header Files</Filter>
    </ClInclude>
    <ClInclude Include="VtoDataInterface.h">
      <Filter>Header Files</Filter>
    </ClInclude>
    <ClInclude Include="VtoEventBufferAdapter.h">
      <Filter>Header Files</Filter>
    </ClInclude>
    <ClInclude Include="VtoReader.h">
      <Filter>Header Files</Filter>
    </ClInclude>
    <ClInclude Include="VtoRouter.h">
      <Filter>Header Files</Filter>
    </ClInclude>
    <ClInclude Include="VtoRouterManager.h">
      <Filter>Header Files</Filter>
    </ClInclude>
    <ClInclude Include="VtoRouterSettings.h">
      <Filter>Header Files</Filter>
    </ClInclude>
    <ClInclude Include="VtoTransmitTask.h">
      <Filter>Header Files</Filter>
    </ClInclude>
    <ClInclude Include="VtoWriter.h">
      <Filter>Header Files</Filter>
    </ClInclude>
    <ClInclude Include="ICommandProcessor.h">
      <Filter>Header Files</Filter>
    </ClInclude>
    <ClInclude Include="QueuedCommandProcessor.h">
      <Filter>Header Files</Filter>
    </ClInclude>
    <ClInclude Include="CommandTask.h">
      <Filter>Header Files</Filter>
    </ClInclude>
    <ClInclude Include="ICommandHandler.h">
      <Filter>Header Files</Filter>
    </ClInclude>
    <ClInclude Include="..\DNP3Test\MockCommandHandler.h">
      <Filter>Header Files</Filter>
    </ClInclude>
    <ClInclude Include="DNP3Manager.h">
      <Filter>Header Files</Filter>
    </ClInclude>
    <ClInclude Include="IChannel.h">
      <Filter>Header Files</Filter>
    </ClInclude>
    <ClInclude Include="DNP3Channel.h">
      <Filter>Header Files</Filter>
    </ClInclude>
    <ClInclude Include="IMaster.h">
      <Filter>Header Files</Filter>
    </ClInclude>
    <ClInclude Include="IStack.h">
      <Filter>Header Files</Filter>
    </ClInclude>
    <ClInclude Include="ApplicationStack.h">
      <Filter>Header Files</Filter>
    </ClInclude>
    <ClInclude Include="MasterStackImpl.h">
      <Filter>Header Files</Filter>
    </ClInclude>
    <ClInclude Include="OutstationStackImpl.h">
      <Filter>Header Files</Filter>
    </ClInclude>
    <ClInclude Include="SimpleCommandHandler.h">
      <Filter>Header Files</Filter>
    </ClInclude>
  </ItemGroup>
  <ItemGroup>
    <ClCompile Include="AlwaysOpeningVtoRouter.cpp">
      <Filter>Source Files</Filter>
    </ClCompile>
    <ClCompile Include="APDU.cpp">
      <Filter>Source Files</Filter>
    </ClCompile>
    <ClCompile Include="APDUConstants.cpp">
      <Filter>Source Files</Filter>
    </ClCompile>
    <ClCompile Include="AppChannelStates.cpp">
      <Filter>Source Files</Filter>
    </ClCompile>
    <ClCompile Include="AppHeader.cpp">
      <Filter>Source Files</Filter>
    </ClCompile>
    <ClCompile Include="AppInterfaces.cpp">
      <Filter>Source Files</Filter>
    </ClCompile>
    <ClCompile Include="AppLayer.cpp">
      <Filter>Source Files</Filter>
    </ClCompile>
    <ClCompile Include="AppLayerChannel.cpp">
      <Filter>Source Files</Filter>
    </ClCompile>
    <ClCompile Include="AsyncStackManager.cpp">
      <Filter>Source Files</Filter>
    </ClCompile>
    <ClCompile Include="BufferTypes.cpp">
      <Filter>Source Files</Filter>
    </ClCompile>
    <ClCompile Include="ClassCounter.cpp">
      <Filter>Source Files</Filter>
    </ClCompile>
    <ClCompile Include="Database.cpp">
      <Filter>Source Files</Filter>
    </ClCompile>
    <ClCompile Include="DataPoll.cpp">
      <Filter>Source Files</Filter>
    </ClCompile>
    <ClCompile Include="DeviceTemplate.cpp">
      <Filter>Source Files</Filter>
    </ClCompile>
    <ClCompile Include="DNPCrc.cpp">
      <Filter>Source Files</Filter>
    </ClCompile>
    <ClCompile Include="EnhancedVto.cpp">
      <Filter>Source Files</Filter>
    </ClCompile>
    <ClCompile Include="EnhancedVtoRouter.cpp">
      <Filter>Source Files</Filter>
    </ClCompile>
    <ClCompile Include="HeaderReadIterator.cpp">
      <Filter>Source Files</Filter>
    </ClCompile>
    <ClCompile Include="IndexedWriteIterator.cpp">
      <Filter>Source Files</Filter>
    </ClCompile>
    <ClCompile Include="IStackObserver.cpp">
      <Filter>Source Files</Filter>
    </ClCompile>
    <ClCompile Include="LinkChannel.cpp">
      <Filter>Source Files</Filter>
    </ClCompile>
    <ClCompile Include="LinkFrame.cpp">
      <Filter>Source Files</Filter>
    </ClCompile>
    <ClCompile Include="LinkHeader.cpp">
      <Filter>Source Files</Filter>
    </ClCompile>
    <ClCompile Include="LinkLayer.cpp">
      <Filter>Source Files</Filter>
    </ClCompile>
    <ClCompile Include="LinkLayerConstants.cpp">
      <Filter>Source Files</Filter>
    </ClCompile>
    <ClCompile Include="LinkLayerReceiver.cpp">
      <Filter>Source Files</Filter>
    </ClCompile>
    <ClCompile Include="LinkLayerRouter.cpp">
      <Filter>Source Files</Filter>
    </ClCompile>
    <ClCompile Include="LinkReceiverStates.cpp">
      <Filter>Source Files</Filter>
    </ClCompile>
    <ClCompile Include="LinkRoute.cpp">
      <Filter>Source Files</Filter>
    </ClCompile>
    <ClCompile Include="Master.cpp">
      <Filter>Source Files</Filter>
    </ClCompile>
    <ClCompile Include="MasterSchedule.cpp">
      <Filter>Source Files</Filter>
    </ClCompile>
    <ClCompile Include="MasterStack.cpp">
      <Filter>Source Files</Filter>
    </ClCompile>
    <ClCompile Include="MasterStates.cpp">
      <Filter>Source Files</Filter>
    </ClCompile>
    <ClCompile Include="MasterTaskBase.cpp">
      <Filter>Source Files</Filter>
    </ClCompile>
    <ClCompile Include="ObjectHeader.cpp">
      <Filter>Source Files</Filter>
    </ClCompile>
    <ClCompile Include="ObjectInterfaces.cpp">
      <Filter>Source Files</Filter>
    </ClCompile>
    <ClCompile Include="ObjectReadIterator.cpp">
      <Filter>Source Files</Filter>
    </ClCompile>
    <ClCompile Include="Objects.cpp">
      <Filter>Source Files</Filter>
    </ClCompile>
    <ClCompile Include="ObjectWriteIterator.cpp">
      <Filter>Source Files</Filter>
    </ClCompile>
    <ClCompile Include="PointClass.cpp">
      <Filter>Source Files</Filter>
    </ClCompile>
    <ClCompile Include="PriLinkLayerStates.cpp">
      <Filter>Source Files</Filter>
    </ClCompile>
    <ClCompile Include="ResponseContext.cpp">
      <Filter>Source Files</Filter>
    </ClCompile>
    <ClCompile Include="ResponseLoader.cpp">
      <Filter>Source Files</Filter>
    </ClCompile>
    <ClCompile Include="SecLinkLayerStates.cpp">
      <Filter>Source Files</Filter>
    </ClCompile>
    <ClCompile Include="Slave.cpp">
      <Filter>Source Files</Filter>
    </ClCompile>
    <ClCompile Include="SlaveConfig.cpp">
      <Filter>Source Files</Filter>
    </ClCompile>
    <ClCompile Include="SlaveEventBuffer.cpp">
      <Filter>Source Files</Filter>
    </ClCompile>
    <ClCompile Include="SlaveResponseTypes.cpp">
      <Filter>Source Files</Filter>
    </ClCompile>
    <ClCompile Include="SlaveStack.cpp">
      <Filter>Source Files</Filter>
    </ClCompile>
    <ClCompile Include="SlaveStates.cpp">
      <Filter>Source Files</Filter>
    </ClCompile>
    <ClCompile Include="SolicitedChannel.cpp">
      <Filter>Source Files</Filter>
    </ClCompile>
    <ClCompile Include="Stack.cpp">
      <Filter>Source Files</Filter>
    </ClCompile>
    <ClCompile Include="StackManager.cpp">
      <Filter>Source Files</Filter>
    </ClCompile>
    <ClCompile Include="StartupTasks.cpp">
      <Filter>Source Files</Filter>
    </ClCompile>
    <ClCompile Include="TLS_Base.cpp">
      <Filter>Source Files</Filter>
    </ClCompile>
    <ClCompile Include="TransportLayer.cpp">
      <Filter>Source Files</Filter>
    </ClCompile>
    <ClCompile Include="TransportRx.cpp">
      <Filter>Source Files</Filter>
    </ClCompile>
    <ClCompile Include="TransportStates.cpp">
      <Filter>Source Files</Filter>
    </ClCompile>
    <ClCompile Include="TransportTx.cpp">
      <Filter>Source Files</Filter>
    </ClCompile>
    <ClCompile Include="UnsolicitedChannel.cpp">
      <Filter>Source Files</Filter>
    </ClCompile>
    <ClCompile Include="VtoData.cpp">
      <Filter>Source Files</Filter>
    </ClCompile>
    <ClCompile Include="VtoReader.cpp">
      <Filter>Source Files</Filter>
    </ClCompile>
    <ClCompile Include="VtoRouter.cpp">
      <Filter>Source Files</Filter>
    </ClCompile>
    <ClCompile Include="VtoRouterManager.cpp">
      <Filter>Source Files</Filter>
    </ClCompile>
    <ClCompile Include="VtoRouterSettings.cpp">
      <Filter>Source Files</Filter>
    </ClCompile>
    <ClCompile Include="VtoTransmitTask.cpp">
      <Filter>Source Files</Filter>
    </ClCompile>
    <ClCompile Include="VtoWriter.cpp">
      <Filter>Source Files</Filter>
    </ClCompile>
    <ClCompile Include="QueuedCommandProcessor.cpp">
      <Filter>Source Files</Filter>
    </ClCompile>
    <ClCompile Include="CommandTask.cpp">
      <Filter>Source Files</Filter>
    </ClCompile>
    <ClCompile Include="ConstantCommandProcessor.cpp">
      <Filter>Source Files</Filter>
    </ClCompile>
    <ClCompile Include="DNP3Manager.cpp">
      <Filter>Source Files</Filter>
    </ClCompile>
    <ClCompile Include="DNP3Channel.cpp">
      <Filter>Source Files</Filter>
    </ClCompile>
    <ClCompile Include="ApplicationStack.cpp">
      <Filter>Source Files</Filter>
    </ClCompile>
    <ClCompile Include="MasterStackImpl.cpp">
      <Filter>Source Files</Filter>
    </ClCompile>
    <ClCompile Include="OutstationStackImpl.cpp">
      <Filter>Source Files</Filter>
    </ClCompile>
    <ClCompile Include="SimpleCommandHandler.cpp">
      <Filter>Source Files</Filter>
    </ClCompile>
  </ItemGroup>
  <ItemGroup>
    <None Include="..\file.licenseheader" />
  </ItemGroup>
</Project>