<?xml version="1.0" encoding="utf-8"?>
<Project ToolsVersion="4.0" xmlns="http://schemas.microsoft.com/developer/msbuild/2003">
  <ItemGroup>
    <Filter Include="Source Files">
      <UniqueIdentifier>{4FC737F1-C7A5-4376-A066-2A32D752A2FF}</UniqueIdentifier>
      <Extensions>cpp;c;cc;cxx;def;odl;idl;hpj;bat;asm;asmx</Extensions>
    </Filter>
    <Filter Include="Header Files">
      <UniqueIdentifier>{93995380-89BD-4b04-88EB-625FBE52EBFB}</UniqueIdentifier>
      <Extensions>h;hpp;hxx;hm;inl;inc;xsd</Extensions>
    </Filter>
    <Filter Include="Header Files\Mocks">
      <UniqueIdentifier>{827ec631-2ff6-4ce5-8d90-5a1fc891a042}</UniqueIdentifier>
    </Filter>
    <Filter Include="Source Files\Mocks">
      <UniqueIdentifier>{c18a444e-e1fe-45dc-b05b-7727cbe279bf}</UniqueIdentifier>
    </Filter>
  </ItemGroup>
  <ItemGroup>
    <ClInclude Include="src\BufferTestObject.h">
      <Filter>Header Files</Filter>
    </ClInclude>
    <ClInclude Include="src\DatabaseTestObject.h">
      <Filter>Header Files</Filter>
    </ClInclude>
    <ClInclude Include="src\DNPHelpers.h">
      <Filter>Header Files</Filter>
    </ClInclude>
    <ClInclude Include="src\FanoutDataObserver.h">
      <Filter>Header Files</Filter>
    </ClInclude>
    <ClInclude Include="src\LinkLayerRouterTest.h">
      <Filter>Header Files</Filter>
    </ClInclude>
    <ClInclude Include="src\LinkLayerTest.h">
      <Filter>Header Files</Filter>
    </ClInclude>
    <ClInclude Include="src\LinkReceiverTest.h">
      <Filter>Header Files</Filter>
    </ClInclude>
    <ClInclude Include="src\LogTester.h">
      <Filter>Header Files</Filter>
    </ClInclude>
    <ClInclude Include="src\LowerLayerToPhysAdapter.h">
      <Filter>Header Files</Filter>
    </ClInclude>
    <ClInclude Include="src\MeasurementComparisons.h">
      <Filter>Header Files</Filter>
    </ClInclude>
    <ClInclude Include="src\PhysicalLayerWrapperFactory.h">
      <Filter>Header Files</Filter>
    </ClInclude>
    <ClInclude Include="src\PhysLoopback.h">
      <Filter>Header Files</Filter>
    </ClInclude>
    <ClInclude Include="src\Random.h">
      <Filter>Header Files</Filter>
    </ClInclude>
    <ClInclude Include="src\RandomDouble.h">
      <Filter>Header Files</Filter>
    </ClInclude>
    <ClInclude Include="src\RandomizedBuffer.h">
      <Filter>Header Files</Filter>
    </ClInclude>
    <ClInclude Include="src\StopWatch.h">
      <Filter>Header Files</Filter>
    </ClInclude>
    <ClInclude Include="src\TestHelpers.h">
      <Filter>Header Files</Filter>
    </ClInclude>
    <ClInclude Include="src\TestTypedefs.h">
      <Filter>Header Files</Filter>
    </ClInclude>
    <ClInclude Include="src\Timeout.h">
      <Filter>Header Files</Filter>
    </ClInclude>
    <ClInclude Include="src\TransportIntegrationStack.h">
      <Filter>Header Files</Filter>
    </ClInclude>
    <ClInclude Include="src\TransportLoopbackTestObject.h">
      <Filter>Header Files</Filter>
    </ClInclude>
    <ClInclude Include="src\TransportScalabilityTestObject.h">
      <Filter>Header Files</Filter>
    </ClInclude>
    <ClInclude Include="src\TransportStackPair.h">
      <Filter>Header Files</Filter>
    </ClInclude>
    <ClInclude Include="src\TransportTestObject.h">
      <Filter>Header Files</Filter>
    </ClInclude>
    <ClInclude Include="src\ProtocolUtil.h">
      <Filter>Header Files</Filter>
    </ClInclude>
    <ClInclude Include="src\APDUHelpers.h">
      <Filter>Header Files</Filter>
    </ClInclude>
    <ClInclude Include="src\MockLinkLayer.h">
      <Filter>Header Files\Mocks</Filter>
    </ClInclude>
    <ClInclude Include="src\APDUHexBuilders.h">
      <Filter>Header Files</Filter>
    </ClInclude>
    <ClInclude Include="src\MasterTestObject.h">
      <Filter>Header Files</Filter>
    </ClInclude>
    <ClInclude Include="src\OutstationTestObject.h">
      <Filter>Header Files</Filter>
    </ClInclude>
    <ClInclude Include="src\MockAPDUHeaderHandler.h">
      <Filter>Header Files\Mocks</Filter>
    </ClInclude>
    <ClInclude Include="src\MockCommandCallback.h">
      <Filter>Header Files\Mocks</Filter>
    </ClInclude>
    <ClInclude Include="src\MockCommandHandler.h">
      <Filter>Header Files\Mocks</Filter>
    </ClInclude>
    <ClInclude Include="src\MockExecutor.h">
      <Filter>Header Files\Mocks</Filter>
    </ClInclude>
    <ClInclude Include="src\MockFrameSink.h">
      <Filter>Header Files\Mocks</Filter>
    </ClInclude>
    <ClInclude Include="src\MockLowerLayer.h">
      <Filter>Header Files\Mocks</Filter>
    </ClInclude>
    <ClInclude Include="src\MockPhysicalLayerMonitor.h">
      <Filter>Header Files\Mocks</Filter>
    </ClInclude>
    <ClInclude Include="src\MockSOEHandler.h">
      <Filter>Header Files\Mocks</Filter>
    </ClInclude>
    <ClInclude Include="src\MockTransportLayer.h">
      <Filter>Header Files\Mocks</Filter>
    </ClInclude>
    <ClInclude Include="src\MockUpperLayer.h">
      <Filter>Header Files\Mocks</Filter>
    </ClInclude>
    <ClInclude Include="src\PhysBaseTest.h">
      <Filter>Header Files</Filter>
    </ClInclude>
    <ClInclude Include="src\PhysTestObject.h">
      <Filter>Header Files</Filter>
    </ClInclude>
    <ClInclude Include="src\SerialTestObject.h">
      <Filter>Header Files</Filter>
    </ClInclude>
    <ClInclude Include="src\TestObject.h">
      <Filter>Header Files</Filter>
    </ClInclude>
    <ClInclude Include="src\TestObjectASIO.h">
      <Filter>Header Files</Filter>
    </ClInclude>
    <ClInclude Include="src\LoopbackPhysicalLayer.h">
      <Filter>Header Files</Filter>
    </ClInclude>
    <ClInclude Include="src\MockPhysicalLayer.h">
      <Filter>Header Files\Mocks</Filter>
    </ClInclude>
    <ClInclude Include="src\MockOutstationApplication.h">
      <Filter>Header Files\Mocks</Filter>
    </ClInclude>
    <ClInclude Include="src\MockMasterApplication.h">
      <Filter>Header Files\Mocks</Filter>
    </ClInclude>
    <ClInclude Include="src\MockTaskCallback.h">
      <Filter>Header Files\Mocks</Filter>
    </ClInclude>
    <ClInclude Include="src\BufferSegment.h">
      <Filter>Header Files</Filter>
    </ClInclude>
    <ClInclude Include="src\MockUTCTimeSource.h">
      <Filter>Header Files\Mocks</Filter>
    </ClInclude>
    <ClInclude Include="src\MockCryptoProvider.h">
      <Filter>Header Files\Mocks</Filter>
    </ClInclude>
    <ClInclude Include="src\MockHMAC.h">
      <Filter>Header Files\Mocks</Filter>
    </ClInclude>
    <ClInclude Include="src\MockKeyWrap.h">
      <Filter>Header Files</Filter>
    </ClInclude>
    <ClInclude Include="src\OutstationSecAuthTest.h">
      <Filter>Header Files</Filter>
    </ClInclude>
  </ItemGroup>
  <ItemGroup>
    <ClCompile Include="src\BufferTestObject.cpp">
      <Filter>Source Files</Filter>
    </ClCompile>
    <ClCompile Include="src\DNPHelpers.cpp">
      <Filter>Source Files</Filter>
    </ClCompile>
    <ClCompile Include="src\LinkLayerRouterTest.cpp">
      <Filter>Source Files</Filter>
    </ClCompile>
    <ClCompile Include="src\LinkLayerTest.cpp">
      <Filter>Source Files</Filter>
    </ClCompile>
    <ClCompile Include="src\LogTester.cpp">
      <Filter>Source Files</Filter>
    </ClCompile>
    <ClCompile Include="src\LowerLayerToPhysAdapter.cpp">
      <Filter>Source Files</Filter>
    </ClCompile>
    <ClCompile Include="src\PhysLoopback.cpp">
      <Filter>Source Files</Filter>
    </ClCompile>
    <ClCompile Include="src\RandomizedBuffer.cpp">
      <Filter>Source Files</Filter>
    </ClCompile>
    <ClCompile Include="src\StopWatch.cpp">
      <Filter>Source Files</Filter>
    </ClCompile>
    <ClCompile Include="src\TestAPDUParsing.cpp">
      <Filter>Source Files</Filter>
    </ClCompile>
    <ClCompile Include="src\TestAPDUWriting.cpp">
      <Filter>Source Files</Filter>
    </ClCompile>
    <ClCompile Include="src\TestASIO.cpp">
      <Filter>Source Files</Filter>
    </ClCompile>
    <ClCompile Include="src\TestASIOThreadPool.cpp">
      <Filter>Source Files</Filter>
    </ClCompile>
    <ClCompile Include="src\TestCastLongLongDouble.cpp">
      <Filter>Source Files</Filter>
    </ClCompile>
    <ClCompile Include="src\TestCRC.cpp">
      <Filter>Source Files</Filter>
    </ClCompile>
    <ClCompile Include="src\TestDatabase.cpp">
      <Filter>Source Files</Filter>
    </ClCompile>
    <ClCompile Include="src\TestDNP3Manager.cpp">
      <Filter>Source Files</Filter>
    </ClCompile>
    <ClCompile Include="src\TestLazyCollection.cpp">
      <Filter>Source Files</Filter>
    </ClCompile>
    <ClCompile Include="src\TestLinkLayer.cpp">
      <Filter>Source Files</Filter>
    </ClCompile>
    <ClCompile Include="src\TestLinkLayerRouter.cpp">
      <Filter>Source Files</Filter>
    </ClCompile>
    <ClCompile Include="src\TestLinkReceiver.cpp">
      <Filter>Source Files</Filter>
    </ClCompile>
    <ClCompile Include="src\TestLinkRoute.cpp">
      <Filter>Source Files</Filter>
    </ClCompile>
    <ClCompile Include="src\TestLog.cpp">
      <Filter>Source Files</Filter>
    </ClCompile>
    <ClCompile Include="src\TestPhysicalLayerAsyncBase.cpp">
      <Filter>Source Files</Filter>
    </ClCompile>
    <ClCompile Include="src\TestPhysicalLayerAsyncSerial.cpp">
      <Filter>Source Files</Filter>
    </ClCompile>
    <ClCompile Include="src\TestPhysicalLayerAsyncTCP.cpp">
      <Filter>Source Files</Filter>
    </ClCompile>
    <ClCompile Include="src\TestPhysicalLayerLoopback.cpp">
      <Filter>Source Files</Filter>
    </ClCompile>
    <ClCompile Include="src\TestPhysicalLayerMonitor.cpp">
      <Filter>Source Files</Filter>
    </ClCompile>
    <ClCompile Include="src\TestShiftableBuffer.cpp">
      <Filter>Source Files</Filter>
    </ClCompile>
    <ClCompile Include="src\TestTime.cpp">
      <Filter>Source Files</Filter>
    </ClCompile>
    <ClCompile Include="src\TestTimers.cpp">
      <Filter>Source Files</Filter>
    </ClCompile>
    <ClCompile Include="src\TestTransportLayer.cpp">
      <Filter>Source Files</Filter>
    </ClCompile>
    <ClCompile Include="src\TestTransportLoopback.cpp">
      <Filter>Source Files</Filter>
    </ClCompile>
    <ClCompile Include="src\TestTypes.cpp">
      <Filter>Source Files</Filter>
    </ClCompile>
    <ClCompile Include="src\TestUtil.cpp">
      <Filter>Source Files</Filter>
    </ClCompile>
    <ClCompile Include="src\TestWriteConversions.cpp">
      <Filter>Source Files</Filter>
    </ClCompile>
    <ClCompile Include="src\Timeout.cpp">
      <Filter>Source Files</Filter>
    </ClCompile>
    <ClCompile Include="src\TransportIntegrationStack.cpp">
      <Filter>Source Files</Filter>
    </ClCompile>
    <ClCompile Include="src\TransportLoopbackTestObject.cpp">
      <Filter>Source Files</Filter>
    </ClCompile>
    <ClCompile Include="src\TransportScalabilityTestObject.cpp">
      <Filter>Source Files</Filter>
    </ClCompile>
    <ClCompile Include="src\TransportStackPair.cpp">
      <Filter>Source Files</Filter>
    </ClCompile>
    <ClCompile Include="src\TransportTestObject.cpp">
      <Filter>Source Files</Filter>
    </ClCompile>
    <ClCompile Include="src\CatchTestStart.cpp">
      <Filter>Source Files</Filter>
    </ClCompile>
    <ClCompile Include="src\ProtocolUtil.cpp">
      <Filter>Source Files</Filter>
    </ClCompile>
    <ClCompile Include="src\APDUHelpers.cpp">
      <Filter>Source Files</Filter>
    </ClCompile>
    <ClCompile Include="src\TestLinkFrame.cpp">
      <Filter>Source Files</Filter>
    </ClCompile>
    <ClCompile Include="src\TestMasterCommandRequests.cpp">
      <Filter>Source Files</Filter>
    </ClCompile>
    <ClCompile Include="src\APDUHexBuilders.cpp">
      <Filter>Source Files</Filter>
    </ClCompile>
    <ClCompile Include="src\TestMaster.cpp">
      <Filter>Source Files</Filter>
    </ClCompile>
    <ClCompile Include="src\MasterTestObject.cpp">
      <Filter>Source Files</Filter>
    </ClCompile>
    <ClCompile Include="src\OutstationTestObject.cpp">
      <Filter>Source Files</Filter>
    </ClCompile>
    <ClCompile Include="src\MockExecutor.cpp">
      <Filter>Source Files\Mocks</Filter>
    </ClCompile>
    <ClCompile Include="src\MockFrameSink.cpp">
      <Filter>Source Files\Mocks</Filter>
    </ClCompile>
    <ClCompile Include="src\MockLowerLayer.cpp">
      <Filter>Source Files\Mocks</Filter>
    </ClCompile>
    <ClCompile Include="src\MockPhysicalLayerMonitor.cpp">
      <Filter>Source Files\Mocks</Filter>
    </ClCompile>
    <ClCompile Include="src\MockTransportLayer.cpp">
      <Filter>Source Files\Mocks</Filter>
    </ClCompile>
    <ClCompile Include="src\MockUpperLayer.cpp">
      <Filter>Source Files\Mocks</Filter>
    </ClCompile>
    <ClCompile Include="src\TestOutstation.cpp">
      <Filter>Source Files</Filter>
    </ClCompile>
    <ClCompile Include="src\TestOutstationCommandResponses.cpp">
      <Filter>Source Files</Filter>
    </ClCompile>
    <ClCompile Include="src\TestOutstationEventResponses.cpp">
      <Filter>Source Files</Filter>
    </ClCompile>
    <ClCompile Include="src\TestOutstationUnsolicitedResponses.cpp">
      <Filter>Source Files</Filter>
    </ClCompile>
    <ClCompile Include="src\PhysBaseTest.cpp">
      <Filter>Source Files</Filter>
    </ClCompile>
    <ClCompile Include="src\PhysTestObject.cpp">
      <Filter>Source Files</Filter>
    </ClCompile>
    <ClCompile Include="src\SerialTestObject.cpp">
      <Filter>Source Files</Filter>
    </ClCompile>
    <ClCompile Include="src\TestObject.cpp">
      <Filter>Source Files</Filter>
    </ClCompile>
    <ClCompile Include="src\TestObjectASIO.cpp">
      <Filter>Source Files</Filter>
    </ClCompile>
    <ClCompile Include="src\LoopbackPhysicalLayer.cpp">
      <Filter>Source Files</Filter>
    </ClCompile>
    <ClCompile Include="src\MockPhysicalLayer.cpp">
      <Filter>Source Files\Mocks</Filter>
    </ClCompile>
    <ClCompile Include="src\TestMasterMultidrop.cpp">
      <Filter>Source Files</Filter>
    </ClCompile>
    <ClCompile Include="src\TestMasterUnsolBehaviors.cpp">
      <Filter>Source Files</Filter>
    </ClCompile>
    <ClCompile Include="src\TestOutstationAssignClass.cpp">
      <Filter>Source Files</Filter>
    </ClCompile>
    <ClCompile Include="src\TestMasterAssignClass.cpp">
      <Filter>Source Files</Filter>
    </ClCompile>
    <ClCompile Include="src\TestIndexSearch.cpp">
      <Filter>Source Files</Filter>
    </ClCompile>
    <ClCompile Include="src\TestGroup120Var1.cpp">
      <Filter>Source Files</Filter>
    </ClCompile>
    <ClCompile Include="src\TestGroup120Var5.cpp">
      <Filter>Source Files</Filter>
    </ClCompile>
    <ClCompile Include="src\TestGroup120Var2.cpp">
      <Filter>Source Files</Filter>
    </ClCompile>
    <ClCompile Include="src\TestAuthRequestParser.cpp">
      <Filter>Source Files</Filter>
    </ClCompile>
    <ClCompile Include="src\BufferSegment.cpp">
      <Filter>Source Files</Filter>
    </ClCompile>
    <ClCompile Include="src\TestOutstationSecAuth.cpp">
      <Filter>Source Files</Filter>
    </ClCompile>
    <ClCompile Include="src\MockCryptoProvider.cpp">
      <Filter>Source Files\Mocks</Filter>
    </ClCompile>
    <ClCompile Include="src\OutstationSecAuthTest.cpp">
      <Filter>Source Files</Filter>
    </ClCompile>
    <ClCompile Include="src\TestAggressiveModeParsing.cpp">
      <Filter>Source Files</Filter>
    </ClCompile>
    <ClCompile Include="src\TestAggressiveModeHMACParsing.cpp">
      <Filter>Source Files</Filter>
    </ClCompile>
    <ClCompile Include="src\TestMeasurementHandler.cpp">
      <Filter>Source Files</Filter>
    </ClCompile>
  </ItemGroup>
</Project>