<?xml version="1.0" encoding="utf-8"?>
<Project ToolsVersion="4.0" xmlns="http://schemas.microsoft.com/developer/msbuild/2003">
  <ItemGroup>
    <Filter Include="Source Files">
      <UniqueIdentifier>{4FC737F1-C7A5-4376-A066-2A32D752A2FF}</UniqueIdentifier>
      <Extensions>cpp;c;cc;cxx;def;odl;idl;hpj;bat;asm;asmx</Extensions>
    </Filter>
    <Filter Include="Header Files">
      <UniqueIdentifier>{93995380-89BD-4b04-88EB-625FBE52EBFB}</UniqueIdentifier>
      <Extensions>h;hpp;hxx;hm;inl;inc;xsd</Extensions>
    </Filter>
  </ItemGroup>
  <ItemGroup>
    <ClInclude Include="src\AppLayerTest.h">
      <Filter>Header Files</Filter>
    </ClInclude>
    <ClInclude Include="src\AsyncPhysBaseTest.h">
      <Filter>Header Files</Filter>
    </ClInclude>
    <ClInclude Include="src\AsyncPhysTestObject.h">
      <Filter>Header Files</Filter>
    </ClInclude>
    <ClInclude Include="src\AsyncSerialTestObject.h">
      <Filter>Header Files</Filter>
    </ClInclude>
    <ClInclude Include="src\AsyncTestObject.h">
      <Filter>Header Files</Filter>
    </ClInclude>
    <ClInclude Include="src\AsyncTestObjectASIO.h">
      <Filter>Header Files</Filter>
    </ClInclude>
    <ClInclude Include="src\BufferHelpers.h">
      <Filter>Header Files</Filter>
    </ClInclude>
    <ClInclude Include="src\BufferTestObject.h">
      <Filter>Header Files</Filter>
    </ClInclude>
    <ClInclude Include="src\ComparingDataObserver.h">
      <Filter>Header Files</Filter>
    </ClInclude>
    <ClInclude Include="src\DatabaseTestObject.h">
      <Filter>Header Files</Filter>
    </ClInclude>
    <ClInclude Include="src\DNPHelpers.h">
      <Filter>Header Files</Filter>
    </ClInclude>
    <ClInclude Include="src\FanoutDataObserver.h">
      <Filter>Header Files</Filter>
    </ClInclude>
    <ClInclude Include="src\FlexibleDataObserver.h">
      <Filter>Header Files</Filter>
    </ClInclude>
    <ClInclude Include="src\IntegrationTest.h">
      <Filter>Header Files</Filter>
    </ClInclude>
    <ClInclude Include="src\LinkLayerRouterTest.h">
      <Filter>Header Files</Filter>
    </ClInclude>
    <ClInclude Include="src\LinkLayerTest.h">
      <Filter>Header Files</Filter>
    </ClInclude>
    <ClInclude Include="src\LinkReceiverTest.h">
      <Filter>Header Files</Filter>
    </ClInclude>
    <ClInclude Include="src\LogTester.h">
      <Filter>Header Files</Filter>
    </ClInclude>
    <ClInclude Include="src\LoopbackPhysicalLayerAsync.h">
      <Filter>Header Files</Filter>
    </ClInclude>
    <ClInclude Include="src\LowerLayerToPhysAdapter.h">
      <Filter>Header Files</Filter>
    </ClInclude>
    <ClInclude Include="src\MasterTestObject.h">
      <Filter>Header Files</Filter>
    </ClInclude>
    <ClInclude Include="src\MockAppLayer.h">
      <Filter>Header Files</Filter>
    </ClInclude>
    <ClInclude Include="src\MockAppUser.h">
      <Filter>Header Files</Filter>
    </ClInclude>
    <ClInclude Include="src\MockCommandHandler.h">
      <Filter>Header Files</Filter>
    </ClInclude>
    <ClInclude Include="src\MockExecutor.h">
      <Filter>Header Files</Filter>
    </ClInclude>
    <ClInclude Include="src\MockFrameSink.h">
      <Filter>Header Files</Filter>
    </ClInclude>
    <ClInclude Include="src\MockLogSubscriber.h">
      <Filter>Header Files</Filter>
    </ClInclude>
    <ClInclude Include="src\MockLowerLayer.h">
      <Filter>Header Files</Filter>
    </ClInclude>
    <ClInclude Include="src\MockPhysicalLayerAsync.h">
      <Filter>Header Files</Filter>
    </ClInclude>
    <ClInclude Include="src\MockPhysicalLayerMonitor.h">
      <Filter>Header Files</Filter>
    </ClInclude>
    <ClInclude Include="src\MockTimeWriteHandler.h">
      <Filter>Header Files</Filter>
    </ClInclude>
    <ClInclude Include="src\MockUpperLayer.h">
      <Filter>Header Files</Filter>
    </ClInclude>
    <ClInclude Include="src\PhysicalLayerWrapper.h">
      <Filter>Header Files</Filter>
    </ClInclude>
    <ClInclude Include="src\PhysicalLayerWrapperFactory.h">
      <Filter>Header Files</Filter>
    </ClInclude>
    <ClInclude Include="src\PhysLoopback.h">
      <Filter>Header Files</Filter>
    </ClInclude>
    <ClInclude Include="src\Random.h">
      <Filter>Header Files</Filter>
    </ClInclude>
    <ClInclude Include="src\RandomDouble.h">
      <Filter>Header Files</Filter>
    </ClInclude>
    <ClInclude Include="src\RandomizedBuffer.h">
      <Filter>Header Files</Filter>
    </ClInclude>
    <ClInclude Include="src\SlaveTestObject.h">
      <Filter>Header Files</Filter>
    </ClInclude>
    <ClInclude Include="src\StopWatch.h">
      <Filter>Header Files</Filter>
    </ClInclude>
    <ClInclude Include="src\TestHelpers.h">
      <Filter>Header Files</Filter>
    </ClInclude>
    <ClInclude Include="src\TestTypedefs.h">
      <Filter>Header Files</Filter>
    </ClInclude>
    <ClInclude Include="src\Timeout.h">
      <Filter>Header Files</Filter>
    </ClInclude>
    <ClInclude Include="src\TransportIntegrationStack.h">
      <Filter>Header Files</Filter>
    </ClInclude>
    <ClInclude Include="src\TransportLoopbackTestObject.h">
      <Filter>Header Files</Filter>
    </ClInclude>
    <ClInclude Include="src\TransportScalabilityTestObject.h">
      <Filter>Header Files</Filter>
    </ClInclude>
    <ClInclude Include="src\TransportStackPair.h">
      <Filter>Header Files</Filter>
    </ClInclude>
    <ClInclude Include="src\TransportTestObject.h">
      <Filter>Header Files</Filter>
    </ClInclude>
    <ClInclude Include="src\WrappedTcpPipe.h">
      <Filter>Header Files</Filter>
    </ClInclude>
    <ClInclude Include="src\MockAPDUHeaderHandler.h">
      <Filter>Header Files</Filter>
    </ClInclude>
    <ClInclude Include="src\MeasurementComparisons.h">
      <Filter>Header Files</Filter>
    </ClInclude>
    <ClInclude Include="src\MockEventWriter.h">
      <Filter>Header Files</Filter>
    </ClInclude>
    <ClInclude Include="src\OutstationEventBufferFuzzer.h">
      <Filter>Header Files</Filter>
    </ClInclude>
    <ClInclude Include="src\MockSOEHandler.h">
      <Filter>Header Files</Filter>
    </ClInclude>
    <ClInclude Include="src\Exception.h">
      <Filter>Header Files</Filter>
    </ClInclude>
  </ItemGroup>
  <ItemGroup>
    <ClCompile Include="src\AppLayerTest.cpp">
      <Filter>Source Files</Filter>
    </ClCompile>
    <ClCompile Include="src\AsyncPhysBaseTest.cpp">
      <Filter>Source Files</Filter>
    </ClCompile>
    <ClCompile Include="src\AsyncPhysTestObject.cpp">
      <Filter>Source Files</Filter>
    </ClCompile>
    <ClCompile Include="src\AsyncSerialTestObject.cpp">
      <Filter>Source Files</Filter>
    </ClCompile>
    <ClCompile Include="src\AsyncTestObject.cpp">
      <Filter>Source Files</Filter>
    </ClCompile>
    <ClCompile Include="src\AsyncTestObjectASIO.cpp">
      <Filter>Source Files</Filter>
    </ClCompile>
    <ClCompile Include="src\BufferHelpers.cpp">
      <Filter>Source Files</Filter>
    </ClCompile>
    <ClCompile Include="src\BufferTestObject.cpp">
      <Filter>Source Files</Filter>
    </ClCompile>
    <ClCompile Include="src\ComparingDataObserver.cpp">
      <Filter>Source Files</Filter>
    </ClCompile>
    <ClCompile Include="src\DNPHelpers.cpp">
      <Filter>Source Files</Filter>
    </ClCompile>
    <ClCompile Include="src\FlexibleDataObserver.cpp">
      <Filter>Source Files</Filter>
    </ClCompile>
    <ClCompile Include="src\IntegrationTest.cpp">
      <Filter>Source Files</Filter>
    </ClCompile>
    <ClCompile Include="src\LinkLayerRouterTest.cpp">
      <Filter>Source Files</Filter>
    </ClCompile>
    <ClCompile Include="src\LinkLayerTest.cpp">
      <Filter>Source Files</Filter>
    </ClCompile>
    <ClCompile Include="src\LogTester.cpp">
      <Filter>Source Files</Filter>
    </ClCompile>
    <ClCompile Include="src\LoopbackPhysicalLayerAsync.cpp">
      <Filter>Source Files</Filter>
    </ClCompile>
    <ClCompile Include="src\LowerLayerToPhysAdapter.cpp">
      <Filter>Source Files</Filter>
    </ClCompile>
    <ClCompile Include="src\MasterTestObject.cpp">
      <Filter>Source Files</Filter>
    </ClCompile>
    <ClCompile Include="src\MockAppLayer.cpp">
      <Filter>Source Files</Filter>
    </ClCompile>
    <ClCompile Include="src\MockAppUser.cpp">
      <Filter>Source Files</Filter>
    </ClCompile>
    <ClCompile Include="src\MockExecutor.cpp">
      <Filter>Source Files</Filter>
    </ClCompile>
    <ClCompile Include="src\MockFrameSink.cpp">
      <Filter>Source Files</Filter>
    </ClCompile>
    <ClCompile Include="src\MockLowerLayer.cpp">
      <Filter>Source Files</Filter>
    </ClCompile>
    <ClCompile Include="src\MockPhysicalLayerAsync.cpp">
      <Filter>Source Files</Filter>
    </ClCompile>
    <ClCompile Include="src\MockPhysicalLayerMonitor.cpp">
      <Filter>Source Files</Filter>
    </ClCompile>
    <ClCompile Include="src\MockUpperLayer.cpp">
      <Filter>Source Files</Filter>
    </ClCompile>
    <ClCompile Include="src\PhysicalLayerWrapper.cpp">
      <Filter>Source Files</Filter>
    </ClCompile>
    <ClCompile Include="src\PhysLoopback.cpp">
      <Filter>Source Files</Filter>
    </ClCompile>
    <ClCompile Include="src\RandomizedBuffer.cpp">
      <Filter>Source Files</Filter>
    </ClCompile>
    <ClCompile Include="src\SlaveTestObject.cpp">
      <Filter>Source Files</Filter>
    </ClCompile>
    <ClCompile Include="src\StopWatch.cpp">
      <Filter>Source Files</Filter>
    </ClCompile>
    <ClCompile Include="src\TestAppLayer.cpp">
      <Filter>Source Files</Filter>
    </ClCompile>
    <ClCompile Include="src\TestASIO.cpp">
      <Filter>Source Files</Filter>
    </ClCompile>
    <ClCompile Include="src\TestASIOThreadPool.cpp">
      <Filter>Source Files</Filter>
    </ClCompile>
    <ClCompile Include="src\TestAsyncTask.cpp">
      <Filter>Source Files</Filter>
    </ClCompile>
    <ClCompile Include="src\TestCastLongLongDouble.cpp">
      <Filter>Source Files</Filter>
    </ClCompile>
    <ClCompile Include="src\TestCommandTask.cpp">
      <Filter>Source Files</Filter>
    </ClCompile>
    <ClCompile Include="src\TestCRC.cpp">
      <Filter>Source Files</Filter>
    </ClCompile>
    <ClCompile Include="src\TestDatabase.cpp">
      <Filter>Source Files</Filter>
    </ClCompile>
    <ClCompile Include="src\TestDNP3Manager.cpp">
      <Filter>Source Files</Filter>
    </ClCompile>
    <ClCompile Include="src\TestIntegration.cpp">
      <Filter>Source Files</Filter>
    </ClCompile>
    <ClCompile Include="src\TestLinkFrameDNP.cpp">
      <Filter>Source Files</Filter>
    </ClCompile>
    <ClCompile Include="src\TestLinkLayer.cpp">
      <Filter>Source Files</Filter>
    </ClCompile>
    <ClCompile Include="src\TestLinkLayerRouter.cpp">
      <Filter>Source Files</Filter>
    </ClCompile>
    <ClCompile Include="src\TestLinkReceiver.cpp">
      <Filter>Source Files</Filter>
    </ClCompile>
    <ClCompile Include="src\TestLinkRoute.cpp">
      <Filter>Source Files</Filter>
    </ClCompile>
    <ClCompile Include="src\TestLog.cpp">
      <Filter>Source Files</Filter>
    </ClCompile>
    <ClCompile Include="src\TestMaster.cpp">
      <Filter>Source Files</Filter>
    </ClCompile>
    <ClCompile Include="src\TestMisc.cpp">
      <Filter>Source Files</Filter>
    </ClCompile>
    <ClCompile Include="src\TestPhysicalLayerAsyncBase.cpp">
      <Filter>Source Files</Filter>
    </ClCompile>
    <ClCompile Include="src\TestPhysicalLayerAsyncSerial.cpp">
      <Filter>Source Files</Filter>
    </ClCompile>
    <ClCompile Include="src\TestPhysicalLayerAsyncTCP.cpp">
      <Filter>Source Files</Filter>
    </ClCompile>
    <ClCompile Include="src\TestPhysicalLayerLoopback.cpp">
      <Filter>Source Files</Filter>
    </ClCompile>
    <ClCompile Include="src\TestPhysicalLayerMonitor.cpp">
      <Filter>Source Files</Filter>
    </ClCompile>
    <ClCompile Include="src\TestShiftableBuffer.cpp">
      <Filter>Source Files</Filter>
    </ClCompile>
    <ClCompile Include="src\TestStartBoostUTF.cpp">
      <Filter>Source Files</Filter>
    </ClCompile>
    <ClCompile Include="src\TestTime.cpp">
      <Filter>Source Files</Filter>
    </ClCompile>
    <ClCompile Include="src\TestTimers.cpp">
      <Filter>Source Files</Filter>
    </ClCompile>
    <ClCompile Include="src\TestTransportLayer.cpp">
      <Filter>Source Files</Filter>
    </ClCompile>
    <ClCompile Include="src\TestTransportLoopback.cpp">
      <Filter>Source Files</Filter>
    </ClCompile>
    <ClCompile Include="src\TestTransportScalability.cpp">
      <Filter>Source Files</Filter>
    </ClCompile>
    <ClCompile Include="src\TestTypes.cpp">
      <Filter>Source Files</Filter>
    </ClCompile>
    <ClCompile Include="src\TestUtil.cpp">
      <Filter>Source Files</Filter>
    </ClCompile>
    <ClCompile Include="src\Timeout.cpp">
      <Filter>Source Files</Filter>
    </ClCompile>
    <ClCompile Include="src\TransportIntegrationStack.cpp">
      <Filter>Source Files</Filter>
    </ClCompile>
    <ClCompile Include="src\TransportLoopbackTestObject.cpp">
      <Filter>Source Files</Filter>
    </ClCompile>
    <ClCompile Include="src\TransportScalabilityTestObject.cpp">
      <Filter>Source Files</Filter>
    </ClCompile>
    <ClCompile Include="src\TransportStackPair.cpp">
      <Filter>Source Files</Filter>
    </ClCompile>
    <ClCompile Include="src\TransportTestObject.cpp">
      <Filter>Source Files</Filter>
    </ClCompile>
    <ClCompile Include="src\WrappedTcpPipe.cpp">
      <Filter>Source Files</Filter>
    </ClCompile>
    <ClCompile Include="src\TestSerialization.cpp">
      <Filter>Source Files</Filter>
    </ClCompile>
    <ClCompile Include="src\TestLazyCollection.cpp">
      <Filter>Source Files</Filter>
    </ClCompile>
    <ClCompile Include="src\TestAPDUParsing.cpp">
      <Filter>Source Files</Filter>
    </ClCompile>
    <ClCompile Include="src\TestCachedRequest.cpp">
      <Filter>Source Files</Filter>
    </ClCompile>
    <ClCompile Include="src\TestOutstationEventBuffer.cpp">
      <Filter>Source Files</Filter>
    </ClCompile>
    <ClCompile Include="src\TestOutstationEventBufferViaFuzz.cpp">
      <Filter>Source Files</Filter>
    </ClCompile>
    <ClCompile Include="src\TestWriteConversions.cpp">
      <Filter>Source Files</Filter>
    </ClCompile>
    <ClCompile Include="src\TestAPDUWriting.cpp">
      <Filter>Source Files</Filter>
    </ClCompile>
    <ClCompile Include="src\TestStaticResponseContext.cpp">
      <Filter>Source Files</Filter>
    </ClCompile>
    <ClCompile Include="src\TestOutstationCommandResponses.cpp">
      <Filter>Source Files</Filter>
    </ClCompile>
    <ClCompile Include="src\TestOutstationEventResponses.cpp">
      <Filter>Source Files</Filter>
    </ClCompile>
    <ClCompile Include="src\TestOutstation.cpp">
      <Filter>Source Files</Filter>
    </ClCompile>
    <ClCompile Include="src\Exception.cpp">
      <Filter>Source Files</Filter>
    </ClCompile>
  </ItemGroup>
  <ItemGroup>
    <None Include="ClassDiagram.cd" />
  </ItemGroup>
</Project>