<?xml version="1.0" encoding="utf-8"?>
<Project ToolsVersion="4.0" xmlns="http://schemas.microsoft.com/developer/msbuild/2003">
  <ItemGroup>
    <Filter Include="Source Files">
      <UniqueIdentifier>{4FC737F1-C7A5-4376-A066-2A32D752A2FF}</UniqueIdentifier>
      <Extensions>cpp;c;cc;cxx;def;odl;idl;hpj;bat;asm;asmx</Extensions>
    </Filter>
    <Filter Include="Header Files">
      <UniqueIdentifier>{93995380-89BD-4b04-88EB-625FBE52EBFB}</UniqueIdentifier>
      <Extensions>h;hh;hpp;hxx;hm;inl;inc;xsd</Extensions>
    </Filter>
    <Filter Include="Header Files\outstation">
      <UniqueIdentifier>{a428039b-52bd-467b-a90e-497383a1c444}</UniqueIdentifier>
    </Filter>
    <Filter Include="Source Files\outstation">
      <UniqueIdentifier>{3496c871-23d7-4901-b49a-3849c7662daf}</UniqueIdentifier>
    </Filter>
  </ItemGroup>
  <ItemGroup>
    <ClInclude Include="src\secauthv5\outstation\AuthRequestHandler.h">
      <Filter>Header Files\outstation</Filter>
    </ClInclude>
    <ClInclude Include="src\secauthv5\outstation\IAuthRequestHandler.h">
      <Filter>Header Files\outstation</Filter>
    </ClInclude>
    <ClInclude Include="src\secauthv5\outstation\SecurityState.h">
      <Filter>Header Files\outstation</Filter>
    </ClInclude>
    <ClInclude Include="src\secauthv5\outstation\IOAuthState.h">
      <Filter>Header Files\outstation</Filter>
    </ClInclude>
    <ClInclude Include="src\secauthv5\outstation\OAuthStates.h">
      <Filter>Header Files\outstation</Filter>
    </ClInclude>
    <ClInclude Include="src\secauthv5\outstation\KeyChangeState.h">
      <Filter>Header Files\outstation</Filter>
    </ClInclude>
    <ClInclude Include="src\secauthv5\AuthConstants.h">
      <Filter>Header Files</Filter>
    </ClInclude>
    <ClInclude Include="src\secauthv5\outstation\OutstationAuthProvider.h">
      <Filter>Header Files\outstation</Filter>
    </ClInclude>
    <ClInclude Include="src\secauthv5\outstation\OutstationAuthFactory.h">
      <Filter>Header Files\outstation</Filter>
    </ClInclude>
    <ClInclude Include="src\secauthv5\outstation\OutstationAuthSettings.h">
      <Filter>Header Files\outstation</Filter>
    </ClInclude>
    <ClInclude Include="src\secauthv5\outstation\OSecActions.h">
      <Filter>Header Files\outstation</Filter>
    </ClInclude>
    <ClInclude Include="src\secauthv5\outstation\KeyUnwrap.h">
      <Filter>Header Files\outstation</Filter>
    </ClInclude>
    <ClInclude Include="src\secauthv5\User.h">
      <Filter>Header Files</Filter>
    </ClInclude>
    <ClInclude Include="src\secauthv5\UpdateKeyType.h">
      <Filter>Header Files</Filter>
    </ClInclude>
    <ClInclude Include="src\secauthv5\IUserDatabase.h">
      <Filter>Header Files</Filter>
    </ClInclude>
    <ClInclude Include="src\secauthv5\SimpleUserDatabase.h">
      <Filter>Header Files</Filter>
    </ClInclude>
    <ClInclude Include="src\secauthv5\SessionKeys.h">
      <Filter>Header Files</Filter>
    </ClInclude>
    <ClInclude Include="src\secauthv5\outstation\SessionKeyStore.h">
      <Filter>Header Files\outstation</Filter>
    </ClInclude>
    <ClInclude Include="src\secauthv5\SessionKeysView.h">
      <Filter>Header Files</Filter>
    </ClInclude>
  </ItemGroup>
  <ItemGroup>
    <ClCompile Include="src\secauthv5\outstation\AuthRequestHandler.cpp">
      <Filter>Source Files\outstation</Filter>
    </ClCompile>
    <ClCompile Include="src\secauthv5\outstation\SecurityState.cpp">
      <Filter>Source Files\outstation</Filter>
    </ClCompile>
    <ClCompile Include="src\secauthv5\outstation\OAuthStates.cpp">
      <Filter>Source Files\outstation</Filter>
    </ClCompile>
    <ClCompile Include="src\secauthv5\outstation\IOAuthState.cpp">
      <Filter>Source Files\outstation</Filter>
    </ClCompile>
    <ClCompile Include="src\secauthv5\outstation\KeyChangeState.cpp">
      <Filter>Source Files\outstation</Filter>
    </ClCompile>
    <ClCompile Include="src\secauthv5\outstation\OutstationAuthProvider.cpp">
      <Filter>Source Files\outstation</Filter>
    </ClCompile>
    <ClCompile Include="src\secauthv5\outstation\OutstationAuthSettings.cpp">
      <Filter>Source Files\outstation</Filter>
    </ClCompile>
    <ClCompile Include="src\secauthv5\outstation\OSecActions.cpp">
      <Filter>Source Files\outstation</Filter>
    </ClCompile>
    <ClCompile Include="src\secauthv5\outstation\KeyUnwrap.cpp">
      <Filter>Source Files\outstation</Filter>
    </ClCompile>
    <ClCompile Include="src\secauthv5\outstation\OutstationAuthFactory.cpp">
      <Filter>Source Files\outstation</Filter>
    </ClCompile>
    <ClCompile Include="src\secauthv5\UpdateKeyType.cpp">
      <Filter>Source Files</Filter>
    </ClCompile>
    <ClCompile Include="src\secauthv5\SimpleUserDatabase.cpp">
      <Filter>Source Files</Filter>
    </ClCompile>
    <ClCompile Include="src\secauthv5\SessionKeys.cpp">
      <Filter>Source Files</Filter>
    </ClCompile>
    <ClCompile Include="src\secauthv5\outstation\SessionKeyStore.cpp">
      <Filter>Source Files\outstation</Filter>
    </ClCompile>
    <ClCompile Include="src\secauthv5\SessionKeysView.cpp">
      <Filter>Source Files</Filter>
    </ClCompile>
  </ItemGroup>
</Project>