<?xml version="1.0" encoding="utf-8"?>
<Project ToolsVersion="4.0" xmlns="http://schemas.microsoft.com/developer/msbuild/2003">
  <ItemGroup>
    <Filter Include="Source Files">
      <UniqueIdentifier>{4FC737F1-C7A5-4376-A066-2A32D752A2FF}</UniqueIdentifier>
      <Extensions>cpp;c;cc;cxx;def;odl;idl;hpj;bat;asm;asmx</Extensions>
    </Filter>
    <Filter Include="Header Files">
      <UniqueIdentifier>{93995380-89BD-4b04-88EB-625FBE52EBFB}</UniqueIdentifier>
      <Extensions>h;hpp;hxx;hm;inl;inc;xsd</Extensions>
    </Filter>
    <Filter Include="Resource Files">
      <UniqueIdentifier>{67DA6AB6-F800-4c08-8B7A-83BB121AAD01}</UniqueIdentifier>
      <Extensions>rc;ico;cur;bmp;dlg;rc2;rct;bin;rgs;gif;jpg;jpeg;jpe;resx;tiff;tif;png;wav;mfcribbon-ms</Extensions>
    </Filter>
  </ItemGroup>
  <ItemGroup>
    <ClInclude Include="ASIOSerialHelpers.h">
      <Filter>Header Files</Filter>
    </ClInclude>
    <ClInclude Include="AsyncLayerInterfaces.h">
      <Filter>Header Files</Filter>
    </ClInclude>
    <ClInclude Include="AsyncTaskBase.h">
      <Filter>Header Files</Filter>
    </ClInclude>
    <ClInclude Include="AsyncTaskContinuous.h">
      <Filter>Header Files</Filter>
    </ClInclude>
    <ClInclude Include="AsyncTaskGroup.h">
      <Filter>Header Files</Filter>
    </ClInclude>
    <ClInclude Include="AsyncTaskInterfaces.h">
      <Filter>Header Files</Filter>
    </ClInclude>
    <ClInclude Include="AsyncTaskNonPeriodic.h">
      <Filter>Header Files</Filter>
    </ClInclude>
    <ClInclude Include="AsyncTaskPeriodic.h">
      <Filter>Header Files</Filter>
    </ClInclude>
    <ClInclude Include="AsyncTaskScheduler.h">
      <Filter>Header Files</Filter>
    </ClInclude>
    <ClInclude Include="BaseDataTypes.h">
      <Filter>Header Files</Filter>
    </ClInclude>
    <ClInclude Include="BoundNotifier.h">
      <Filter>Header Files</Filter>
    </ClInclude>
    <ClInclude Include="CachedLogVariable.h">
      <Filter>Header Files</Filter>
    </ClInclude>
    <ClInclude Include="ChangeBuffer.h">
      <Filter>Header Files</Filter>
    </ClInclude>
    <ClInclude Include="CommandTypes.h">
      <Filter>Header Files</Filter>
    </ClInclude>
    <ClInclude Include="CopyableBuffer.h">
      <Filter>Header Files</Filter>
    </ClInclude>
    <ClInclude Include="CRC.h">
      <Filter>Header Files</Filter>
    </ClInclude>
    <ClInclude Include="DataInterfaces.h">
      <Filter>Header Files</Filter>
    </ClInclude>
    <ClInclude Include="DataTypes.h">
      <Filter>Header Files</Filter>
    </ClInclude>
    <ClInclude Include="Exception.h">
      <Filter>Header Files</Filter>
    </ClInclude>
    <ClInclude Include="FlexibleDataObserver.h">
      <Filter>Header Files</Filter>
    </ClInclude>
    <ClInclude Include="GetKeys.h">
      <Filter>Header Files</Filter>
    </ClInclude>
    <ClInclude Include="IEventLock.h">
      <Filter>Header Files</Filter>
    </ClInclude>
    <ClInclude Include="IHandlerAsync.h">
      <Filter>Header Files</Filter>
    </ClInclude>
    <ClInclude Include="IPhysicalLayerAsync.h">
      <Filter>Header Files</Filter>
    </ClInclude>
    <ClInclude Include="IPhysicalLayerObserver.h">
      <Filter>Header Files</Filter>
    </ClInclude>
    <ClInclude Include="IPhysicalLayerSource.h">
      <Filter>Header Files</Filter>
    </ClInclude>
    <ClInclude Include="ISubject.h">
      <Filter>Header Files</Filter>
    </ClInclude>
    <ClInclude Include="ITimer.h">
      <Filter>Header Files</Filter>
    </ClInclude>
    <ClInclude Include="ITimeSource.h">
      <Filter>Header Files</Filter>
    </ClInclude>
    <ClInclude Include="ITransactable.h">
      <Filter>Header Files</Filter>
    </ClInclude>
    <ClInclude Include="Log.h">
      <Filter>Header Files</Filter>
    </ClInclude>
    <ClInclude Include="LogBase.h">
      <Filter>Header Files</Filter>
    </ClInclude>
    <ClInclude Include="LogEntry.h">
      <Filter>Header Files</Filter>
    </ClInclude>
    <ClInclude Include="LogEntryCircularBuffer.h">
      <Filter>Header Files</Filter>
    </ClInclude>
    <ClInclude Include="Loggable.h">
      <Filter>Header Files</Filter>
    </ClInclude>
    <ClInclude Include="Logger.h">
      <Filter>Header Files</Filter>
    </ClInclude>
    <ClInclude Include="LogToFile.h">
      <Filter>Header Files</Filter>
    </ClInclude>
    <ClInclude Include="LogToStdio.h">
      <Filter>Header Files</Filter>
    </ClInclude>
    <ClInclude Include="LogTypes.h">
      <Filter>Header Files</Filter>
    </ClInclude>
    <ClInclude Include="LogVar.h">
      <Filter>Header Files</Filter>
    </ClInclude>
    <ClInclude Include="LowerLayerToPhysAdapter.h">
      <Filter>Header Files</Filter>
    </ClInclude>
    <ClInclude Include="MetricBuffer.h">
      <Filter>Header Files</Filter>
    </ClInclude>
    <ClInclude Include="MultiplexingDataObserver.h">
      <Filter>Header Files</Filter>
    </ClInclude>
    <ClInclude Include="Notifier.h">
      <Filter>Header Files</Filter>
    </ClInclude>
    <ClInclude Include="PackingTemplates.h">
      <Filter>Header Files</Filter>
    </ClInclude>
    <ClInclude Include="PackingUnpacking.h">
      <Filter>Header Files</Filter>
    </ClInclude>
    <ClInclude Include="Parsing.h">
      <Filter>Header Files</Filter>
    </ClInclude>
    <ClInclude Include="PhysicalLayerAsyncASIO.h">
      <Filter>Header Files</Filter>
    </ClInclude>
    <ClInclude Include="PhysicalLayerAsyncBase.h">
      <Filter>Header Files</Filter>
    </ClInclude>
    <ClInclude Include="PhysicalLayerAsyncBaseTCP.h">
      <Filter>Header Files</Filter>
    </ClInclude>
    <ClInclude Include="PhysicalLayerAsyncSerial.h">
      <Filter>Header Files</Filter>
    </ClInclude>
    <ClInclude Include="PhysicalLayerAsyncTCPClient.h">
      <Filter>Header Files</Filter>
    </ClInclude>
    <ClInclude Include="PhysicalLayerAsyncTCPServer.h">
      <Filter>Header Files</Filter>
    </ClInclude>
    <ClInclude Include="PhysicalLayerFactory.h">
      <Filter>Header Files</Filter>
    </ClInclude>
    <ClInclude Include="PhysicalLayerFunctors.h">
      <Filter>Header Files</Filter>
    </ClInclude>
    <ClInclude Include="PhysicalLayerInstance.h">
      <Filter>Header Files</Filter>
    </ClInclude>
    <ClInclude Include="PhysicalLayerManager.h">
      <Filter>Header Files</Filter>
    </ClInclude>
    <ClInclude Include="PhysicalLayerMap.h">
      <Filter>Header Files</Filter>
    </ClInclude>
    <ClInclude Include="PhysicalLayerMonitor.h">
      <Filter>Header Files</Filter>
    </ClInclude>
    <ClInclude Include="PhysicalLayerMonitorStates.h">
      <Filter>Header Files</Filter>
    </ClInclude>
    <ClInclude Include="PhysicalLayerStates.h">
      <Filter>Header Files</Filter>
    </ClInclude>
    <ClInclude Include="PhysLayerSettings.h">
      <Filter>Header Files</Filter>
    </ClInclude>
    <ClInclude Include="PhysLoopback.h">
      <Filter>Header Files</Filter>
    </ClInclude>
    <ClInclude Include="ProtocolUtil.h">
      <Filter>Header Files</Filter>
    </ClInclude>
    <ClInclude Include="QualityConverter.h">
      <Filter>Header Files</Filter>
    </ClInclude>
    <ClInclude Include="QualityMasks.h">
      <Filter>Header Files</Filter>
    </ClInclude>
    <ClInclude Include="QueueingFDO.h">
      <Filter>Header Files</Filter>
    </ClInclude>
    <ClInclude Include="Random.h">
      <Filter>Header Files</Filter>
    </ClInclude>
    <ClInclude Include="RandomDouble.h">
      <Filter>Header Files</Filter>
    </ClInclude>
    <ClInclude Include="RandomizedBuffer.h">
      <Filter>Header Files</Filter>
    </ClInclude>
    <ClInclude Include="SerialTypes.h">
      <Filter>Header Files</Filter>
    </ClInclude>
    <ClInclude Include="ShiftableBuffer.h">
      <Filter>Header Files</Filter>
    </ClInclude>
    <ClInclude Include="Singleton.h">
      <Filter>Header Files</Filter>
    </ClInclude>
    <ClInclude Include="SubjectBase.h">
      <Filter>Header Files</Filter>
    </ClInclude>
    <ClInclude Include="Thread.h">
      <Filter>Header Files</Filter>
    </ClInclude>
    <ClInclude Include="Threadable.h">
      <Filter>Header Files</Filter>
    </ClInclude>
    <ClInclude Include="TimerASIO.h">
      <Filter>Header Files</Filter>
    </ClInclude>
    <ClInclude Include="TimeSource.h">
      <Filter>Header Files</Filter>
    </ClInclude>
    <ClInclude Include="ToHex.h">
      <Filter>Header Files</Filter>
    </ClInclude>
    <ClInclude Include="TrackingTaskGroup.h">
      <Filter>Header Files</Filter>
    </ClInclude>
    <ClInclude Include="Types.h">
      <Filter>Header Files</Filter>
    </ClInclude>
    <ClInclude Include="Uncopyable.h">
      <Filter>Header Files</Filter>
    </ClInclude>
    <ClInclude Include="Util.h">
      <Filter>Header Files</Filter>
    </ClInclude>
    <ClInclude Include="Location.h">
      <Filter>Header Files</Filter>
    </ClInclude>
    <ClInclude Include="LoggableMacros.h">
      <Filter>Header Files</Filter>
    </ClInclude>
    <ClInclude Include="IExecutor.h">
      <Filter>Header Files</Filter>
    </ClInclude>
    <ClInclude Include="ASIOExecutor.h">
      <Filter>Header Files</Filter>
    </ClInclude>
    <ClInclude Include="AsyncResult.h">
      <Filter>Header Files</Filter>
    </ClInclude>
    <ClInclude Include="IOServiceThreadPool.h">
      <Filter>Header Files</Filter>
    </ClInclude>
    <ClInclude Include="SimpleDataObserver.h">
      <Filter>Header Files</Filter>
    </ClInclude>
  </ItemGroup>
  <ItemGroup>
    <ClCompile Include="ASIOSerialHelpers.cpp">
      <Filter>Source Files</Filter>
    </ClCompile>
    <ClCompile Include="AsyncLayerInterfaces.cpp">
      <Filter>Source Files</Filter>
    </ClCompile>
    <ClCompile Include="AsyncTaskBase.cpp">
      <Filter>Source Files</Filter>
    </ClCompile>
    <ClCompile Include="AsyncTaskContinuous.cpp">
      <Filter>Source Files</Filter>
    </ClCompile>
    <ClCompile Include="AsyncTaskGroup.cpp">
      <Filter>Source Files</Filter>
    </ClCompile>
    <ClCompile Include="AsyncTaskNonPeriodic.cpp">
      <Filter>Source Files</Filter>
    </ClCompile>
    <ClCompile Include="AsyncTaskPeriodic.cpp">
      <Filter>Source Files</Filter>
    </ClCompile>
    <ClCompile Include="AsyncTaskScheduler.cpp">
      <Filter>Source Files</Filter>
    </ClCompile>
    <ClCompile Include="BaseDataTypes.cpp">
      <Filter>Source Files</Filter>
    </ClCompile>
    <ClCompile Include="CommandTypes.cpp">
      <Filter>Source Files</Filter>
    </ClCompile>
    <ClCompile Include="CopyableBuffer.cpp">
      <Filter>Source Files</Filter>
    </ClCompile>
    <ClCompile Include="CRC.cpp">
      <Filter>Source Files</Filter>
    </ClCompile>
    <ClCompile Include="Exception.cpp">
      <Filter>Source Files</Filter>
    </ClCompile>
    <ClCompile Include="FlexibleDataObserver.cpp">
      <Filter>Source Files</Filter>
    </ClCompile>
    <ClCompile Include="IHandlerAsync.cpp">
      <Filter>Source Files</Filter>
    </ClCompile>
    <ClCompile Include="Log.cpp">
      <Filter>Source Files</Filter>
    </ClCompile>
    <ClCompile Include="LogEntry.cpp">
      <Filter>Source Files</Filter>
    </ClCompile>
    <ClCompile Include="LogEntryCircularBuffer.cpp">
      <Filter>Source Files</Filter>
    </ClCompile>
    <ClCompile Include="Loggable.cpp">
      <Filter>Source Files</Filter>
    </ClCompile>
    <ClCompile Include="Logger.cpp">
      <Filter>Source Files</Filter>
    </ClCompile>
    <ClCompile Include="LogToFile.cpp">
      <Filter>Source Files</Filter>
    </ClCompile>
    <ClCompile Include="LogToStdio.cpp">
      <Filter>Source Files</Filter>
    </ClCompile>
    <ClCompile Include="LogTypes.cpp">
      <Filter>Source Files</Filter>
    </ClCompile>
    <ClCompile Include="LowerLayerToPhysAdapter.cpp">
      <Filter>Source Files</Filter>
    </ClCompile>
    <ClCompile Include="MetricBuffer.cpp">
      <Filter>Source Files</Filter>
    </ClCompile>
    <ClCompile Include="MultiplexingDataObserver.cpp">
      <Filter>Source Files</Filter>
    </ClCompile>
    <ClCompile Include="PackingUnpacking.cpp">
      <Filter>Source Files</Filter>
    </ClCompile>
    <ClCompile Include="Parsing.cpp">
      <Filter>Source Files</Filter>
    </ClCompile>
    <ClCompile Include="PhysicalLayerAsyncBase.cpp">
      <Filter>Source Files</Filter>
    </ClCompile>
    <ClCompile Include="PhysicalLayerAsyncBaseTCP.cpp">
      <Filter>Source Files</Filter>
    </ClCompile>
    <ClCompile Include="PhysicalLayerAsyncSerial.cpp">
      <Filter>Source Files</Filter>
    </ClCompile>
    <ClCompile Include="PhysicalLayerAsyncTCPClient.cpp">
      <Filter>Source Files</Filter>
    </ClCompile>
    <ClCompile Include="PhysicalLayerAsyncTCPServer.cpp">
      <Filter>Source Files</Filter>
    </ClCompile>
    <ClCompile Include="PhysicalLayerFactory.cpp">
      <Filter>Source Files</Filter>
    </ClCompile>
    <ClCompile Include="PhysicalLayerInstance.cpp">
      <Filter>Source Files</Filter>
    </ClCompile>
    <ClCompile Include="PhysicalLayerManager.cpp">
      <Filter>Source Files</Filter>
    </ClCompile>
    <ClCompile Include="PhysicalLayerMap.cpp">
      <Filter>Source Files</Filter>
    </ClCompile>
    <ClCompile Include="PhysicalLayerMonitor.cpp">
      <Filter>Source Files</Filter>
    </ClCompile>
    <ClCompile Include="PhysicalLayerMonitorStates.cpp">
      <Filter>Source Files</Filter>
    </ClCompile>
    <ClCompile Include="PhysicalLayerStates.cpp">
      <Filter>Source Files</Filter>
    </ClCompile>
    <ClCompile Include="PhysLoopback.cpp">
      <Filter>Source Files</Filter>
    </ClCompile>
    <ClCompile Include="ProtocolUtil.cpp">
      <Filter>Source Files</Filter>
    </ClCompile>
    <ClCompile Include="QualityConverter.cpp">
      <Filter>Source Files</Filter>
    </ClCompile>
    <ClCompile Include="RandomizedBuffer.cpp">
      <Filter>Source Files</Filter>
    </ClCompile>
    <ClCompile Include="ShiftableBuffer.cpp">
      <Filter>Source Files</Filter>
    </ClCompile>
    <ClCompile Include="Threadable.cpp">
      <Filter>Source Files</Filter>
    </ClCompile>
    <ClCompile Include="TimerASIO.cpp">
      <Filter>Source Files</Filter>
    </ClCompile>
    <ClCompile Include="TimeSource.cpp">
      <Filter>Source Files</Filter>
    </ClCompile>
    <ClCompile Include="ToHex.cpp">
      <Filter>Source Files</Filter>
    </ClCompile>
    <ClCompile Include="TrackingTaskGroup.cpp">
      <Filter>Source Files</Filter>
    </ClCompile>
    <ClCompile Include="Util.cpp">
      <Filter>Source Files</Filter>
    </ClCompile>
    <ClCompile Include="ITimeSource.cpp">
      <Filter>Source Files</Filter>
    </ClCompile>
    <ClCompile Include="ChangeBuffer.cpp">
      <Filter>Source Files</Filter>
    </ClCompile>
    <ClCompile Include="IExecutor.cpp">
      <Filter>Source Files</Filter>
    </ClCompile>
    <ClCompile Include="ASIOExecutor.cpp">
      <Filter>Source Files</Filter>
    </ClCompile>
    <ClCompile Include="AsyncResult.cpp">
      <Filter>Source Files</Filter>
    </ClCompile>
    <ClCompile Include="IOServiceThreadPool.cpp">
      <Filter>Source Files</Filter>
    </ClCompile>
    <ClCompile Include="Thread.cpp">
      <Filter>Source Files</Filter>
    </ClCompile>
    <ClCompile Include="SubjectBase.cpp">
      <Filter>Source Files</Filter>
    </ClCompile>
    <ClCompile Include="SimpleDataObserver.cpp">
      <Filter>Source Files</Filter>
    </ClCompile>
  </ItemGroup>
  <ItemGroup>
    <None Include="..\file.licenseheader" />
  </ItemGroup>
</Project>