<?xml version="1.0" encoding="utf-8"?>
<Project ToolsVersion="4.0" xmlns="http://schemas.microsoft.com/developer/msbuild/2003">
  <ItemGroup>
    <Filter Include="Source">
      <UniqueIdentifier>{f1ddd634-12b5-4b1c-9269-6db548db8416}</UniqueIdentifier>
    </Filter>
    <Filter Include="Header">
      <UniqueIdentifier>{f3f71f8d-05b5-4943-972f-dd4988b84258}</UniqueIdentifier>
    </Filter>
    <Filter Include="Header\app">
      <UniqueIdentifier>{ad3b8860-0a50-4361-bfff-fdb8c019e8db}</UniqueIdentifier>
    </Filter>
    <Filter Include="Header\gen">
      <UniqueIdentifier>{558b79f1-9b26-4122-b7e9-d5d40f1d5bb8}</UniqueIdentifier>
    </Filter>
    <Filter Include="Header\link">
      <UniqueIdentifier>{93ff5021-80c7-4860-9a2a-680c67326c01}</UniqueIdentifier>
    </Filter>
    <Filter Include="Header\master">
      <UniqueIdentifier>{1196a627-d865-463c-94aa-655487fd7fb1}</UniqueIdentifier>
    </Filter>
    <Filter Include="Header\objects">
      <UniqueIdentifier>{6b8364db-8857-4658-acd1-7fca2bf25f1a}</UniqueIdentifier>
    </Filter>
    <Filter Include="Header\outstation">
      <UniqueIdentifier>{e28689da-0049-4ea9-8b15-1b52d3836239}</UniqueIdentifier>
    </Filter>
    <Filter Include="Header\transport">
      <UniqueIdentifier>{750fb7f5-23b4-4de4-876c-1245554bd75b}</UniqueIdentifier>
    </Filter>
    <Filter Include="Source\app">
      <UniqueIdentifier>{5c51f8a8-c20f-445a-bb23-ed01f580c3e2}</UniqueIdentifier>
    </Filter>
    <Filter Include="Source\gen">
      <UniqueIdentifier>{89855a19-c3f8-4b9b-a00a-37c6af066a81}</UniqueIdentifier>
    </Filter>
    <Filter Include="Source\master">
      <UniqueIdentifier>{05ea3448-a659-4d2b-a290-c9c574152b3e}</UniqueIdentifier>
    </Filter>
    <Filter Include="Source\transport">
      <UniqueIdentifier>{af1a5819-cc6f-40c0-b519-84a3f8cb9901}</UniqueIdentifier>
    </Filter>
    <Filter Include="Source\outstation">
      <UniqueIdentifier>{b89d6a8b-0bab-4a4c-98d1-d513e747e629}</UniqueIdentifier>
    </Filter>
    <Filter Include="Source\objects">
      <UniqueIdentifier>{f03b4ade-a247-4ea5-90a7-780c37001938}</UniqueIdentifier>
    </Filter>
    <Filter Include="Source\link">
      <UniqueIdentifier>{c4a0ef96-6633-47b7-b4fe-01d480acfe75}</UniqueIdentifier>
    </Filter>
    <Filter Include="Header\outstation\handlers">
      <UniqueIdentifier>{733de7e2-7eb2-4d32-93a0-5404043d8b50}</UniqueIdentifier>
    </Filter>
  </ItemGroup>
  <ItemGroup>
    <ClInclude Include="src\opendnp3\app\AnalogOutput.h">
      <Filter>Header\app</Filter>
    </ClInclude>
    <ClInclude Include="src\opendnp3\app\APDUHandlerBase.h">
      <Filter>Header\app</Filter>
    </ClInclude>
    <ClInclude Include="src\opendnp3\app\APDUHeader.h">
      <Filter>Header\app</Filter>
    </ClInclude>
    <ClInclude Include="src\opendnp3\app\APDUHeaderParser.h">
      <Filter>Header\app</Filter>
    </ClInclude>
    <ClInclude Include="src\opendnp3\app\APDUParser.h">
      <Filter>Header\app</Filter>
    </ClInclude>
    <ClInclude Include="src\opendnp3\app\APDURequest.h">
      <Filter>Header\app</Filter>
    </ClInclude>
    <ClInclude Include="src\opendnp3\app\APDUResponse.h">
      <Filter>Header\app</Filter>
    </ClInclude>
    <ClInclude Include="src\opendnp3\app\APDUWrapper.h">
      <Filter>Header\app</Filter>
    </ClInclude>
    <ClInclude Include="src\opendnp3\app\AppControlField.h">
      <Filter>Header\app</Filter>
    </ClInclude>
    <ClInclude Include="src\opendnp3\app\BinaryWriteState.h">
      <Filter>Header\app</Filter>
    </ClInclude>
    <ClInclude Include="src\opendnp3\app\BitfieldRangeWriteIterator.h">
      <Filter>Header\app</Filter>
    </ClInclude>
    <ClInclude Include="src\opendnp3\app\BitReader.h">
      <Filter>Header\app</Filter>
    </ClInclude>
    <ClInclude Include="src\opendnp3\app\ControlRelayOutputBlock.h">
      <Filter>Header\app</Filter>
    </ClInclude>
    <ClInclude Include="src\opendnp3\app\CountWriteIterator.h">
      <Filter>Header\app</Filter>
    </ClInclude>
    <ClInclude Include="src\opendnp3\app\DownSampling.h">
      <Filter>Header\app</Filter>
    </ClInclude>
    <ClInclude Include="src\opendnp3\app\IAPDUHandler.h">
      <Filter>Header\app</Filter>
    </ClInclude>
    <ClInclude Include="src\opendnp3\app\IINField.h">
      <Filter>Header\app</Filter>
    </ClInclude>
    <ClInclude Include="src\opendnp3\app\IndexedValue.h">
      <Filter>Header\app</Filter>
    </ClInclude>
    <ClInclude Include="src\opendnp3\app\IndexParser.h">
      <Filter>Header\app</Filter>
    </ClInclude>
    <ClInclude Include="src\opendnp3\app\IterableBuffer.h">
      <Filter>Header\app</Filter>
    </ClInclude>
    <ClInclude Include="src\opendnp3\app\IterableTransforms.h">
      <Filter>Header\app</Filter>
    </ClInclude>
    <ClInclude Include="src\opendnp3\app\LazyIterable.h">
      <Filter>Header\app</Filter>
    </ClInclude>
    <ClInclude Include="src\opendnp3\app\OctetData.h">
      <Filter>Header\app</Filter>
    </ClInclude>
    <ClInclude Include="src\opendnp3\app\OctetString.h">
      <Filter>Header\app</Filter>
    </ClInclude>
    <ClInclude Include="src\opendnp3\app\PrefixedWriteIterator.h">
      <Filter>Header\app</Filter>
    </ClInclude>
    <ClInclude Include="src\opendnp3\app\QualityMasks.h">
      <Filter>Header\app</Filter>
    </ClInclude>
    <ClInclude Include="src\opendnp3\app\RangeWriteIterator.h">
      <Filter>Header\app</Filter>
    </ClInclude>
    <ClInclude Include="src\opendnp3\app\SequenceInfo.h">
      <Filter>Header\app</Filter>
    </ClInclude>
    <ClInclude Include="src\opendnp3\app\VTOData.h">
      <Filter>Header\app</Filter>
    </ClInclude>
    <ClInclude Include="src\opendnp3\app\WriteConversions.h">
      <Filter>Header\app</Filter>
    </ClInclude>
    <ClInclude Include="src\opendnp3\app\WriteConversionTemplates.h">
      <Filter>Header\app</Filter>
    </ClInclude>
    <ClInclude Include="src\opendnp3\gen\StaticFrozenCounterResponse.h">
      <Filter>Header\gen</Filter>
    </ClInclude>
    <ClInclude Include="src\opendnp3\gen\StaticCounterResponse.h">
      <Filter>Header\gen</Filter>
    </ClInclude>
    <ClInclude Include="src\opendnp3\gen\StaticBinaryResponse.h">
      <Filter>Header\gen</Filter>
    </ClInclude>
    <ClInclude Include="src\opendnp3\gen\StaticBinaryOutputStatusResponse.h">
      <Filter>Header\gen</Filter>
    </ClInclude>
    <ClInclude Include="src\opendnp3\gen\StaticAnalogResponse.h">
      <Filter>Header\gen</Filter>
    </ClInclude>
    <ClInclude Include="src\opendnp3\gen\StaticAnalogOutputStatusResponse.h">
      <Filter>Header\gen</Filter>
    </ClInclude>
    <ClInclude Include="src\opendnp3\gen\QualifierCode.h">
      <Filter>Header\gen</Filter>
    </ClInclude>
    <ClInclude Include="src\opendnp3\gen\LinkFunction.h">
      <Filter>Header\gen</Filter>
    </ClInclude>
    <ClInclude Include="src\opendnp3\gen\FunctionCode.h">
      <Filter>Header\gen</Filter>
    </ClInclude>
    <ClInclude Include="src\opendnp3\gen\EventCounterResponse.h">
      <Filter>Header\gen</Filter>
    </ClInclude>
    <ClInclude Include="src\opendnp3\gen\EventBinaryResponse.h">
      <Filter>Header\gen</Filter>
    </ClInclude>
    <ClInclude Include="src\opendnp3\gen\EventAnalogResponse.h">
      <Filter>Header\gen</Filter>
    </ClInclude>
    <ClInclude Include="src\opendnp3\gen\ControlCode.h">
      <Filter>Header\gen</Filter>
    </ClInclude>
    <ClInclude Include="src\opendnp3\gen\CommandStatus.h">
      <Filter>Header\gen</Filter>
    </ClInclude>
    <ClInclude Include="src\opendnp3\gen\CommandResult.h">
      <Filter>Header\gen</Filter>
    </ClInclude>
    <ClInclude Include="src\opendnp3\gen\ChannelState.h">
      <Filter>Header\gen</Filter>
    </ClInclude>
    <ClInclude Include="src\opendnp3\link\IFrameSink.h">
      <Filter>Header\link</Filter>
    </ClInclude>
    <ClInclude Include="src\opendnp3\link\ILinkContext.h">
      <Filter>Header\link</Filter>
    </ClInclude>
    <ClInclude Include="src\opendnp3\link\ILinkRouter.h">
      <Filter>Header\link</Filter>
    </ClInclude>
    <ClInclude Include="src\opendnp3\link\LinkConfig.h">
      <Filter>Header\link</Filter>
    </ClInclude>
    <ClInclude Include="src\opendnp3\link\LinkFrame.h">
      <Filter>Header\link</Filter>
    </ClInclude>
    <ClInclude Include="src\opendnp3\link\LinkHeader.h">
      <Filter>Header\link</Filter>
    </ClInclude>
    <ClInclude Include="src\opendnp3\link\LinkLayer.h">
      <Filter>Header\link</Filter>
    </ClInclude>
    <ClInclude Include="src\opendnp3\link\LinkLayerConstants.h">
      <Filter>Header\link</Filter>
    </ClInclude>
    <ClInclude Include="src\opendnp3\link\PriLinkLayerStates.h">
      <Filter>Header\link</Filter>
    </ClInclude>
    <ClInclude Include="src\opendnp3\link\SecLinkLayerStates.h">
      <Filter>Header\link</Filter>
    </ClInclude>
    <ClInclude Include="src\opendnp3\link\ShiftableBuffer.h">
      <Filter>Header\link</Filter>
    </ClInclude>
    <ClInclude Include="src\opendnp3\master\CommandResponse.h">
      <Filter>Header\master</Filter>
    </ClInclude>
    <ClInclude Include="src\opendnp3\master\CommandSequence.h">
      <Filter>Header\master</Filter>
    </ClInclude>
    <ClInclude Include="src\opendnp3\master\CommandTask.h">
      <Filter>Header\master</Filter>
    </ClInclude>
    <ClInclude Include="src\opendnp3\master\ConstantCommandProcessor.h">
      <Filter>Header\master</Filter>
    </ClInclude>
    <ClInclude Include="src\opendnp3\master\ICommandProcessor.h">
      <Filter>Header\master</Filter>
    </ClInclude>
    <ClInclude Include="src\opendnp3\master\ISOEHandler.h">
      <Filter>Header\master</Filter>
    </ClInclude>
    <ClInclude Include="src\opendnp3\master\MasterScan.h">
      <Filter>Header\master</Filter>
    </ClInclude>
    <ClInclude Include="src\opendnp3\master\MasterStackConfig.h">
      <Filter>Header\master</Filter>
    </ClInclude>
    <ClInclude Include="src\opendnp3\master\MeasurementHandler.h">
      <Filter>Header\master</Filter>
    </ClInclude>
    <ClInclude Include="src\opendnp3\master\ScanResult.h">
      <Filter>Header\master</Filter>
    </ClInclude>
    <ClInclude Include="src\opendnp3\master\TimeSyncHandler.h">
      <Filter>Header\master</Filter>
    </ClInclude>
    <ClInclude Include="src\opendnp3\objects\Group60.h">
      <Filter>Header\objects</Filter>
    </ClInclude>
    <ClInclude Include="src\opendnp3\objects\Group52.h">
      <Filter>Header\objects</Filter>
    </ClInclude>
    <ClInclude Include="src\opendnp3\objects\Group51.h">
      <Filter>Header\objects</Filter>
    </ClInclude>
    <ClInclude Include="src\opendnp3\objects\Group50.h">
      <Filter>Header\objects</Filter>
    </ClInclude>
    <ClInclude Include="src\opendnp3\objects\Group42.h">
      <Filter>Header\objects</Filter>
    </ClInclude>
    <ClInclude Include="src\opendnp3\objects\Group41.h">
      <Filter>Header\objects</Filter>
    </ClInclude>
    <ClInclude Include="src\opendnp3\objects\Group40.h">
      <Filter>Header\objects</Filter>
    </ClInclude>
    <ClInclude Include="src\opendnp3\objects\Group32.h">
      <Filter>Header\objects</Filter>
    </ClInclude>
    <ClInclude Include="src\opendnp3\objects\Group30.h">
      <Filter>Header\objects</Filter>
    </ClInclude>
    <ClInclude Include="src\opendnp3\objects\Group23.h">
      <Filter>Header\objects</Filter>
    </ClInclude>
    <ClInclude Include="src\opendnp3\objects\Group22.h">
      <Filter>Header\objects</Filter>
    </ClInclude>
    <ClInclude Include="src\opendnp3\objects\Group21.h">
      <Filter>Header\objects</Filter>
    </ClInclude>
    <ClInclude Include="src\opendnp3\objects\Group20.h">
      <Filter>Header\objects</Filter>
    </ClInclude>
    <ClInclude Include="src\opendnp3\objects\Group12.h">
      <Filter>Header\objects</Filter>
    </ClInclude>
    <ClInclude Include="src\opendnp3\objects\Group11.h">
      <Filter>Header\objects</Filter>
    </ClInclude>
    <ClInclude Include="src\opendnp3\objects\Group10.h">
      <Filter>Header\objects</Filter>
    </ClInclude>
    <ClInclude Include="src\opendnp3\objects\Group2.h">
      <Filter>Header\objects</Filter>
    </ClInclude>
    <ClInclude Include="src\opendnp3\objects\Group1.h">
      <Filter>Header\objects</Filter>
    </ClInclude>
    <ClInclude Include="src\opendnp3\outstation\CommandActionAdapter.h">
      <Filter>Header\outstation</Filter>
    </ClInclude>
    <ClInclude Include="src\opendnp3\outstation\ConstantCommandAction.h">
      <Filter>Header\outstation</Filter>
    </ClInclude>
    <ClInclude Include="src\opendnp3\outstation\CountOf.h">
      <Filter>Header\outstation</Filter>
    </ClInclude>
    <ClInclude Include="src\opendnp3\outstation\Database.h">
      <Filter>Header\outstation</Filter>
    </ClInclude>
    <ClInclude Include="src\opendnp3\outstation\DatabaseTemplate.h">
      <Filter>Header\outstation</Filter>
    </ClInclude>
    <ClInclude Include="src\opendnp3\outstation\DualValue.h">
      <Filter>Header\outstation</Filter>
    </ClInclude>
    <ClInclude Include="src\opendnp3\outstation\Event.h">
      <Filter>Header\outstation</Filter>
    </ClInclude>
    <ClInclude Include="src\opendnp3\outstation\EventBufferFacade.h">
      <Filter>Header\outstation</Filter>
    </ClInclude>
    <ClInclude Include="src\opendnp3\outstation\EventCount.h">
      <Filter>Header\outstation</Filter>
    </ClInclude>
    <ClInclude Include="src\opendnp3\outstation\EventMetadata.h">
      <Filter>Header\outstation</Filter>
    </ClInclude>
    <ClInclude Include="src\opendnp3\outstation\ICommandAction.h">
      <Filter>Header\outstation</Filter>
    </ClInclude>
    <ClInclude Include="src\opendnp3\outstation\ICommandHandler.h">
      <Filter>Header\outstation</Filter>
    </ClInclude>
    <ClInclude Include="src\opendnp3\outstation\IEventBuffer.h">
      <Filter>Header\outstation</Filter>
    </ClInclude>
    <ClInclude Include="src\opendnp3\outstation\IINHelpers.h">
      <Filter>Header\outstation</Filter>
    </ClInclude>
    <ClInclude Include="src\opendnp3\outstation\OutstationEventBuffer.h">
      <Filter>Header\outstation</Filter>
    </ClInclude>
    <ClInclude Include="src\opendnp3\outstation\ReadHandler.h">
      <Filter>Header\outstation</Filter>
    </ClInclude>
    <ClInclude Include="src\opendnp3\outstation\SelectionCriteria.h">
      <Filter>Header\outstation</Filter>
    </ClInclude>
    <ClInclude Include="src\opendnp3\outstation\SimpleCommandHandler.h">
      <Filter>Header\outstation</Filter>
    </ClInclude>
    <ClInclude Include="src\opendnp3\outstation\StaticDataFacade.h">
      <Filter>Header\outstation</Filter>
    </ClInclude>
    <ClInclude Include="src\opendnp3\outstation\StaticLoader.h">
      <Filter>Header\outstation</Filter>
    </ClInclude>
    <ClInclude Include="src\opendnp3\outstation\StaticResponseContext.h">
      <Filter>Header\outstation</Filter>
    </ClInclude>
    <ClInclude Include="src\opendnp3\outstation\TimeTransaction.h">
      <Filter>Header\outstation</Filter>
    </ClInclude>
    <ClInclude Include="src\opendnp3\outstation\ValueMetadataPair.h">
      <Filter>Header\outstation</Filter>
    </ClInclude>
    <ClInclude Include="src\opendnp3\outstation\WriteHandler.h">
      <Filter>Header\outstation</Filter>
    </ClInclude>
    <ClInclude Include="src\opendnp3\transport\TransportConstants.h">
      <Filter>Header\transport</Filter>
    </ClInclude>
    <ClInclude Include="src\opendnp3\transport\TransportLayer.h">
      <Filter>Header\transport</Filter>
    </ClInclude>
    <ClInclude Include="src\opendnp3\transport\TransportRx.h">
      <Filter>Header\transport</Filter>
    </ClInclude>
    <ClInclude Include="src\opendnp3\transport\TransportTx.h">
      <Filter>Header\transport</Filter>
    </ClInclude>
    <ClInclude Include="src\opendnp3\app\Range.h">
      <Filter>Header\app</Filter>
    </ClInclude>
    <ClInclude Include="src\opendnp3\app\MeasurementFactory.h">
      <Filter>Header\app</Filter>
    </ClInclude>
    <ClInclude Include="src\opendnp3\app\GroupVariationID.h">
      <Filter>Header\app</Filter>
    </ClInclude>
    <ClInclude Include="src\opendnp3\app\StaticRange.h">
      <Filter>Header\app</Filter>
    </ClInclude>
    <ClInclude Include="src\opendnp3\objects\Group3.h">
      <Filter>Header\objects</Filter>
    </ClInclude>
    <ClInclude Include="src\opendnp3\objects\Group4.h">
      <Filter>Header\objects</Filter>
    </ClInclude>
    <ClInclude Include="src\opendnp3\app\MeasurementTypes.h">
      <Filter>Header\app</Filter>
    </ClInclude>
    <ClInclude Include="src\opendnp3\app\BaseMeasurementTypes.h">
      <Filter>Header\app</Filter>
    </ClInclude>
    <ClInclude Include="src\opendnp3\gen\DoubleBit.h">
      <Filter>Header\gen</Filter>
    </ClInclude>
    <ClInclude Include="src\opendnp3\link\IOpenDelayStrategy.h">
      <Filter>Header\link</Filter>
    </ClInclude>
    <ClInclude Include="src\opendnp3\link\ILinkLayer.h">
      <Filter>Header\link</Filter>
    </ClInclude>
    <ClInclude Include="src\opendnp3\LogLevels.h">
      <Filter>Header</Filter>
    </ClInclude>
    <ClInclude Include="src\opendnp3\outstation\EventBufferConfig.h">
      <Filter>Header\outstation</Filter>
    </ClInclude>
    <ClInclude Include="src\opendnp3\outstation\EventResponseContext.h">
      <Filter>Header\outstation</Filter>
    </ClInclude>
    <ClInclude Include="src\opendnp3\outstation\ResponseContext.h">
      <Filter>Header\outstation</Filter>
    </ClInclude>
    <ClInclude Include="src\opendnp3\app\EventTriggers.h">
      <Filter>Header\app</Filter>
    </ClInclude>
    <ClInclude Include="src\opendnp3\gen\EventAnalogOutputStatusResponse.h">
      <Filter>Header\gen</Filter>
    </ClInclude>
    <ClInclude Include="src\opendnp3\gen\EventBinaryOutputStatusResponse.h">
      <Filter>Header\gen</Filter>
    </ClInclude>
    <ClInclude Include="src\opendnp3\gen\EventDoubleBinaryResponse.h">
      <Filter>Header\gen</Filter>
    </ClInclude>
    <ClInclude Include="src\opendnp3\gen\EventFrozenCounterResponse.h">
      <Filter>Header\gen</Filter>
    </ClInclude>
    <ClInclude Include="src\opendnp3\gen\StaticDoubleBinaryResponse.h">
      <Filter>Header\gen</Filter>
    </ClInclude>
    <ClInclude Include="src\opendnp3\outstation\OutstationStackConfig.h">
      <Filter>Header\outstation</Filter>
    </ClInclude>
    <ClInclude Include="src\opendnp3\master\ICommandCallback.h">
      <Filter>Header\master</Filter>
    </ClInclude>
    <ClInclude Include="src\opendnp3\transport\TransportStack.h">
      <Filter>Header\transport</Filter>
    </ClInclude>
    <ClInclude Include="src\opendnp3\outstation\OutstationContext.h">
      <Filter>Header\outstation</Filter>
    </ClInclude>
    <ClInclude Include="src\opendnp3\outstation\StaticResponseConfig.h">
      <Filter>Header\outstation</Filter>
    </ClInclude>
    <ClInclude Include="src\opendnp3\outstation\OutstationParams.h">
      <Filter>Header\outstation</Filter>
    </ClInclude>
    <ClInclude Include="src\opendnp3\outstation\EventResponseTypes.h">
      <Filter>Header\outstation</Filter>
    </ClInclude>
    <ClInclude Include="src\opendnp3\master\MasterContext.h">
      <Filter>Header\master</Filter>
    </ClInclude>
    <ClInclude Include="src\opendnp3\master\IMasterTask.h">
      <Filter>Header\master</Filter>
    </ClInclude>
    <ClInclude Include="src\opendnp3\master\IMasterScheduler.h">
      <Filter>Header\master</Filter>
    </ClInclude>
    <ClInclude Include="src\opendnp3\master\MasterScheduler.h">
      <Filter>Header\master</Filter>
    </ClInclude>
    <ClInclude Include="src\opendnp3\master\MasterParams.h">
      <Filter>Header\master</Filter>
    </ClInclude>
    <ClInclude Include="src\opendnp3\master\TaskResult.h">
      <Filter>Source\master</Filter>
    </ClInclude>
    <ClInclude Include="src\opendnp3\app\APDUBuilders.h">
      <Filter>Header\app</Filter>
    </ClInclude>
    <ClInclude Include="src\opendnp3\app\APDULogging.h">
      <Filter>Header\app</Filter>
    </ClInclude>
    <ClInclude Include="src\opendnp3\master\CommandMarshaller.h">
      <Filter>Header\master</Filter>
    </ClInclude>
    <ClInclude Include="src\opendnp3\master\DisableUnsolicitedTask.h">
      <Filter>Header\master</Filter>
    </ClInclude>
    <ClInclude Include="src\opendnp3\master\EnableUnsolicitedTask.h">
      <Filter>Header\master</Filter>
    </ClInclude>
    <ClInclude Include="src\opendnp3\master\NullResponseTask.h">
      <Filter>Header\master</Filter>
    </ClInclude>
    <ClInclude Include="src\opendnp3\master\SingleResponseTask.h">
      <Filter>Header\master</Filter>
    </ClInclude>
    <ClInclude Include="src\opendnp3\master\StartupIntegrityPoll.h">
      <Filter>Header\master</Filter>
    </ClInclude>
    <ClInclude Include="src\opendnp3\master\PollTask.h">
      <Filter>Header\master</Filter>
    </ClInclude>
    <ClInclude Include="src\opendnp3\outstation\Outstation.h">
      <Filter>Header\outstation</Filter>
    </ClInclude>
    <ClInclude Include="src\opendnp3\outstation\OutstationConfig.h">
      <Filter>Header\outstation</Filter>
    </ClInclude>
    <ClInclude Include="src\opendnp3\master\Master.h">
      <Filter>Header\master</Filter>
    </ClInclude>
    <ClInclude Include="src\opendnp3\master\ClearRestartTask.h">
      <Filter>Header\master</Filter>
    </ClInclude>
    <ClInclude Include="src\opendnp3\master\SerialTimeSyncTask.h">
      <Filter>Header\master</Filter>
    </ClInclude>
    <ClInclude Include="src\opendnp3\master\MasterTasks.h">
      <Filter>Header\master</Filter>
    </ClInclude>
    <ClInclude Include="src\opendnp3\link\ITransportSegment.h">
      <Filter>Header\link</Filter>
    </ClInclude>
    <ClInclude Include="src\opendnp3\link\LinkLayerParser.h">
      <Filter>Header\link</Filter>
    </ClInclude>
    <ClInclude Include="src\opendnp3\outstation\DeferredRequest.h">
      <Filter>Header\outstation</Filter>
    </ClInclude>
    <ClInclude Include="src\opendnp3\outstation\OutstationSolicitedStates.h">
      <Filter>Header\outstation</Filter>
    </ClInclude>
    <ClInclude Include="src\opendnp3\outstation\OutstationUnsolicitedStates.h">
      <Filter>Header\outstation</Filter>
    </ClInclude>
    <ClInclude Include="src\opendnp3\outstation\EventResponseConfig.h">
      <Filter>Header\outstation</Filter>
    </ClInclude>
    <ClInclude Include="src\opendnp3\link\LinkChannelStatistics.h">
      <Filter>Header\link</Filter>
    </ClInclude>
    <ClInclude Include="src\opendnp3\link\CRC.h">
      <Filter>Header\link</Filter>
    </ClInclude>
    <ClInclude Include="src\opendnp3\StackStatistics.h">
      <Filter>Header</Filter>
    </ClInclude>
    <ClInclude Include="src\opendnp3\link\IChannelStateListener.h">
      <Filter>Header\link</Filter>
    </ClInclude>
    <ClInclude Include="src\opendnp3\app\ITransactable.h">
      <Filter>Header\app</Filter>
    </ClInclude>
    <ClInclude Include="src\opendnp3\ErrorCodes.h">
      <Filter>Header</Filter>
    </ClInclude>
    <ClInclude Include="src\opendnp3\master\IMasterState.h">
      <Filter>Header\master</Filter>
    </ClInclude>
    <ClInclude Include="src\opendnp3\master\ITaskLock.h">
      <Filter>Header\master</Filter>
    </ClInclude>
    <ClInclude Include="src\opendnp3\master\TaskRecord.h">
      <Filter>Header\master</Filter>
    </ClInclude>
    <ClInclude Include="src\opendnp3\master\IScheduleCallback.h">
      <Filter>Header\master</Filter>
    </ClInclude>
    <ClInclude Include="src\opendnp3\master\IPollListener.h">
      <Filter>Header\master</Filter>
    </ClInclude>
    <ClInclude Include="src\opendnp3\gen\PollState.h">
      <Filter>Header\gen</Filter>
    </ClInclude>
    <ClInclude Include="src\opendnp3\master\TaskBitmask.h">
      <Filter>Header\master</Filter>
    </ClInclude>
    <ClInclude Include="src\opendnp3\gen\TimeSyncMode.h">
      <Filter>Header\gen</Filter>
    </ClInclude>
    <ClInclude Include="src\opendnp3\app\ClassMash.h">
      <Filter>Header\app</Filter>
    </ClInclude>
    <ClInclude Include="src\opendnp3\app\ClassField.h">
      <Filter>Header\app</Filter>
    </ClInclude>
    <ClInclude Include="src\opendnp3\gen\PointClass.h">
      <Filter>Header\gen</Filter>
    </ClInclude>
    <ClInclude Include="src\opendnp3\outstation\IDatabase.h">
      <Filter>Header\outstation</Filter>
    </ClInclude>
    <ClInclude Include="src\opendnp3\outstation\IOutstationApplication.h">
      <Filter>Header\outstation</Filter>
    </ClInclude>
    <ClInclude Include="src\opendnp3\outstation\ClassBasedRequestHandler.h">
      <Filter>Header\outstation\handlers</Filter>
    </ClInclude>
    <ClInclude Include="src\opendnp3\outstation\CommandResponseHandler.h">
      <Filter>Header\outstation\handlers</Filter>
    </ClInclude>
    <ClInclude Include="src\opendnp3\master\IMasterApplication.h">
      <Filter>Header\master</Filter>
    </ClInclude>
    <ClInclude Include="src\opendnp3\gen\GroupVariation.h">
      <Filter>Header\gen</Filter>
    </ClInclude>
    <ClInclude Include="src\opendnp3\app\GroupVariationRecord.h">
      <Filter>Header\app</Filter>
    </ClInclude>
    <ClInclude Include="src\opendnp3\gen\AnalogQuality.h">
      <Filter>Header\gen</Filter>
    </ClInclude>
    <ClInclude Include="src\opendnp3\gen\BinaryOutputStatusQuality.h">
      <Filter>Header\gen</Filter>
    </ClInclude>
    <ClInclude Include="src\opendnp3\gen\BinaryQuality.h">
      <Filter>Header\gen</Filter>
    </ClInclude>
    <ClInclude Include="src\opendnp3\gen\CounterQuality.h">
      <Filter>Header\gen</Filter>
    </ClInclude>
    <ClInclude Include="src\opendnp3\gen\DoubleBitBinaryQuality.h">
      <Filter>Header\gen</Filter>
    </ClInclude>
    <ClInclude Include="src\opendnp3\app\FunctionHelpers.h">
      <Filter>Header\app</Filter>
    </ClInclude>
    <ClInclude Include="src\opendnp3\outstation\SelectionWriter.h">
      <Filter>Header\outstation</Filter>
    </ClInclude>
    <ClInclude Include="src\opendnp3\outstation\EventWriteOperation.h">
      <Filter>Header\outstation</Filter>
    </ClInclude>
    <ClInclude Include="src\opendnp3\outstation\SOERecord.h">
      <Filter>Header\outstation</Filter>
    </ClInclude>
    <ClInclude Include="src\opendnp3\app\EventType.h">
      <Filter>Header\app</Filter>
    </ClInclude>
    <ClInclude Include="src\opendnp3\outstation\EventWriteFunctions.h">
      <Filter>Header\outstation</Filter>
    </ClInclude>
    <ClInclude Include="src\opendnp3\outstation\StaticLoadFunctions.h">
      <Filter>Header\outstation</Filter>
    </ClInclude>
    <ClInclude Include="src\opendnp3\app\HeaderWriter.h">
      <Filter>Header\app</Filter>
    </ClInclude>
    <ClInclude Include="src\opendnp3\gen\RestartMode.h">
      <Filter>Header\gen</Filter>
    </ClInclude>
    <ClInclude Include="src\opendnp3\gen\TimestampMode.h">
      <Filter>Header\gen</Filter>
    </ClInclude>
    <ClInclude Include="src\opendnp3\app\DynamicPointIndexes.h">
      <Filter>Header\app</Filter>
    </ClInclude>
    <ClInclude Include="src\opendnp3\app\StaticPointIndexes.h">
      <Filter>Header\app</Filter>
    </ClInclude>
    <ClInclude Include="src\opendnp3\app\PointIndexes.h">
        <Filter>Header\app</Filter>
    </ClInclude>
    <ClInclude Include="src\opendnp3\LayerInterfaces.h">
      <Filter>Header</Filter>
    </ClInclude>
    <ClInclude Include="src\opendnp3\Route.h">
      <Filter>Header</Filter>
    </ClInclude>
    <ClInclude Include="src\opendnp3\outstation\DynamicallyAllocatedDatabase.h">
      <Filter>Header\outstation</Filter>
    </ClInclude>
    <ClInclude Include="src\opendnp3\outstation\DynamicallyAllocatedEventBuffer.h">
      <Filter>Header\outstation</Filter>
    </ClInclude>
    <ClInclude Include="AppConstants.h">
      <Filter>Header\app</Filter>
    </ClInclude>
    <ClInclude Include="src\opendnp3\app\DNP3Serializer.h">
      <Filter>Header\app</Filter>
    </ClInclude>
  </ItemGroup>
  <ItemGroup>
    <ClCompile Include="src\opendnp3\app\AnalogOutput.cpp">
      <Filter>Source\app</Filter>
    </ClCompile>
    <ClCompile Include="src\opendnp3\app\APDUHeaderParser.cpp">
      <Filter>Source\app</Filter>
    </ClCompile>
    <ClCompile Include="src\opendnp3\app\APDUParser.cpp">
      <Filter>Source\app</Filter>
    </ClCompile>
    <ClCompile Include="src\opendnp3\app\APDURequest.cpp">
      <Filter>Source\app</Filter>
    </ClCompile>
    <ClCompile Include="src\opendnp3\app\APDUResponse.cpp">
      <Filter>Source\app</Filter>
    </ClCompile>
    <ClCompile Include="src\opendnp3\app\APDUWrapper.cpp">
      <Filter>Source\app</Filter>
    </ClCompile>
    <ClCompile Include="src\opendnp3\app\AppControlField.cpp">
      <Filter>Source\app</Filter>
    </ClCompile>
    <ClCompile Include="src\opendnp3\app\BitReader.cpp">
      <Filter>Source\app</Filter>
    </ClCompile>
    <ClCompile Include="src\opendnp3\app\ControlRelayOutputBlock.cpp">
      <Filter>Source\app</Filter>
    </ClCompile>
    <ClCompile Include="src\opendnp3\app\IINField.cpp">
      <Filter>Source\app</Filter>
    </ClCompile>
    <ClCompile Include="src\opendnp3\app\OctetData.cpp">
      <Filter>Source\app</Filter>
    </ClCompile>
    <ClCompile Include="src\opendnp3\gen\StaticFrozenCounterResponse.cpp">
      <Filter>Source\gen</Filter>
    </ClCompile>
    <ClCompile Include="src\opendnp3\gen\StaticCounterResponse.cpp">
      <Filter>Source\gen</Filter>
    </ClCompile>
    <ClCompile Include="src\opendnp3\gen\StaticBinaryResponse.cpp">
      <Filter>Source\gen</Filter>
    </ClCompile>
    <ClCompile Include="src\opendnp3\gen\StaticBinaryOutputStatusResponse.cpp">
      <Filter>Source\gen</Filter>
    </ClCompile>
    <ClCompile Include="src\opendnp3\gen\StaticAnalogResponse.cpp">
      <Filter>Source\gen</Filter>
    </ClCompile>
    <ClCompile Include="src\opendnp3\gen\StaticAnalogOutputStatusResponse.cpp">
      <Filter>Source\gen</Filter>
    </ClCompile>
    <ClCompile Include="src\opendnp3\gen\QualifierCode.cpp">
      <Filter>Source\gen</Filter>
    </ClCompile>
    <ClCompile Include="src\opendnp3\gen\LinkFunction.cpp">
      <Filter>Source\gen</Filter>
    </ClCompile>
    <ClCompile Include="src\opendnp3\gen\FunctionCode.cpp">
      <Filter>Source\gen</Filter>
    </ClCompile>
    <ClCompile Include="src\opendnp3\gen\EventCounterResponse.cpp">
      <Filter>Source\gen</Filter>
    </ClCompile>
    <ClCompile Include="src\opendnp3\gen\EventBinaryResponse.cpp">
      <Filter>Source\gen</Filter>
    </ClCompile>
    <ClCompile Include="src\opendnp3\gen\EventAnalogResponse.cpp">
      <Filter>Source\gen</Filter>
    </ClCompile>
    <ClCompile Include="src\opendnp3\gen\ControlCode.cpp">
      <Filter>Source\gen</Filter>
    </ClCompile>
    <ClCompile Include="src\opendnp3\gen\CommandStatus.cpp">
      <Filter>Source\gen</Filter>
    </ClCompile>
    <ClCompile Include="src\opendnp3\gen\CommandResult.cpp">
      <Filter>Source\gen</Filter>
    </ClCompile>
    <ClCompile Include="src\opendnp3\gen\ChannelState.cpp">
      <Filter>Source\gen</Filter>
    </ClCompile>
    <ClCompile Include="src\opendnp3\master\CommandResponse.cpp">
      <Filter>Source\master</Filter>
    </ClCompile>
    <ClCompile Include="src\opendnp3\master\CommandTask.cpp">
      <Filter>Source\master</Filter>
    </ClCompile>
    <ClCompile Include="src\opendnp3\master\ConstantCommandProcessor.cpp">
      <Filter>Source\master</Filter>
    </ClCompile>
    <ClCompile Include="src\opendnp3\master\ISOEHandler.cpp">
      <Filter>Source\master</Filter>
    </ClCompile>
    <ClCompile Include="src\opendnp3\master\MasterScan.cpp">
      <Filter>Source\master</Filter>
    </ClCompile>
    <ClCompile Include="src\opendnp3\master\MeasurementHandler.cpp">
      <Filter>Source\master</Filter>
    </ClCompile>
    <ClCompile Include="src\opendnp3\transport\TransportLayer.cpp">
      <Filter>Source\transport</Filter>
    </ClCompile>
    <ClCompile Include="src\opendnp3\transport\TransportRx.cpp">
      <Filter>Source\transport</Filter>
    </ClCompile>
    <ClCompile Include="src\opendnp3\transport\TransportTx.cpp">
      <Filter>Source\transport</Filter>
    </ClCompile>
    <ClCompile Include="src\opendnp3\outstation\CommandActionAdapter.cpp">
      <Filter>Source\outstation</Filter>
    </ClCompile>
    <ClCompile Include="src\opendnp3\outstation\Database.cpp">
      <Filter>Source\outstation</Filter>
    </ClCompile>
    <ClCompile Include="src\opendnp3\outstation\EventCount.cpp">
      <Filter>Source\outstation</Filter>
    </ClCompile>
    <ClCompile Include="src\opendnp3\outstation\OutstationEventBuffer.cpp">
      <Filter>Source\outstation</Filter>
    </ClCompile>
    <ClCompile Include="src\opendnp3\outstation\ReadHandler.cpp">
      <Filter>Source\outstation</Filter>
    </ClCompile>
    <ClCompile Include="src\opendnp3\outstation\SimpleCommandHandler.cpp">
      <Filter>Source\outstation</Filter>
    </ClCompile>
    <ClCompile Include="src\opendnp3\outstation\StaticResponseContext.cpp">
      <Filter>Source\outstation</Filter>
    </ClCompile>
    <ClCompile Include="src\opendnp3\outstation\TimeTransaction.cpp">
      <Filter>Source\outstation</Filter>
    </ClCompile>
    <ClCompile Include="src\opendnp3\outstation\WriteHandler.cpp">
      <Filter>Source\outstation</Filter>
    </ClCompile>
    <ClCompile Include="src\opendnp3\objects\Group60.cpp">
      <Filter>Source\objects</Filter>
    </ClCompile>
    <ClCompile Include="src\opendnp3\objects\Group52.cpp">
      <Filter>Source\objects</Filter>
    </ClCompile>
    <ClCompile Include="src\opendnp3\objects\Group51.cpp">
      <Filter>Source\objects</Filter>
    </ClCompile>
    <ClCompile Include="src\opendnp3\objects\Group50.cpp">
      <Filter>Source\objects</Filter>
    </ClCompile>
    <ClCompile Include="src\opendnp3\objects\Group42.cpp">
      <Filter>Source\objects</Filter>
    </ClCompile>
    <ClCompile Include="src\opendnp3\objects\Group41.cpp">
      <Filter>Source\objects</Filter>
    </ClCompile>
    <ClCompile Include="src\opendnp3\objects\Group40.cpp">
      <Filter>Source\objects</Filter>
    </ClCompile>
    <ClCompile Include="src\opendnp3\objects\Group32.cpp">
      <Filter>Source\objects</Filter>
    </ClCompile>
    <ClCompile Include="src\opendnp3\objects\Group30.cpp">
      <Filter>Source\objects</Filter>
    </ClCompile>
    <ClCompile Include="src\opendnp3\objects\Group23.cpp">
      <Filter>Source\objects</Filter>
    </ClCompile>
    <ClCompile Include="src\opendnp3\objects\Group22.cpp">
      <Filter>Source\objects</Filter>
    </ClCompile>
    <ClCompile Include="src\opendnp3\objects\Group21.cpp">
      <Filter>Source\objects</Filter>
    </ClCompile>
    <ClCompile Include="src\opendnp3\objects\Group20.cpp">
      <Filter>Source\objects</Filter>
    </ClCompile>
    <ClCompile Include="src\opendnp3\objects\Group12.cpp">
      <Filter>Source\objects</Filter>
    </ClCompile>
    <ClCompile Include="src\opendnp3\objects\Group11.cpp">
      <Filter>Source\objects</Filter>
    </ClCompile>
    <ClCompile Include="src\opendnp3\objects\Group10.cpp">
      <Filter>Source\objects</Filter>
    </ClCompile>
    <ClCompile Include="src\opendnp3\objects\Group2.cpp">
      <Filter>Source\objects</Filter>
    </ClCompile>
    <ClCompile Include="src\opendnp3\objects\Group1.cpp">
      <Filter>Source\objects</Filter>
    </ClCompile>
    <ClCompile Include="src\opendnp3\app\ObjectWriter.cpp">
      <Filter>Source\app</Filter>
    </ClCompile>
    <ClCompile Include="src\opendnp3\app\StaticRange.cpp">
      <Filter>Source\app</Filter>
    </ClCompile>
    <ClCompile Include="src\opendnp3\outstation\CommandResponseHandler.cpp">
      <Filter>Source\outstation</Filter>
    </ClCompile>
    <ClCompile Include="src\opendnp3\link\LinkFrame.cpp">
      <Filter>Source\link</Filter>
    </ClCompile>
    <ClCompile Include="src\opendnp3\link\LinkHeader.cpp">
      <Filter>Source\link</Filter>
    </ClCompile>
    <ClCompile Include="src\opendnp3\link\LinkLayer.cpp">
      <Filter>Source\link</Filter>
    </ClCompile>
    <ClCompile Include="src\opendnp3\link\PriLinkLayerStates.cpp">
      <Filter>Source\link</Filter>
    </ClCompile>
    <ClCompile Include="src\opendnp3\link\SecLinkLayerStates.cpp">
      <Filter>Source\link</Filter>
    </ClCompile>
    <ClCompile Include="src\opendnp3\link\ShiftableBuffer.cpp">
      <Filter>Source\link</Filter>
    </ClCompile>
    <ClCompile Include="src\opendnp3\objects\Group3.cpp">
      <Filter>Source\objects</Filter>
    </ClCompile>
    <ClCompile Include="src\opendnp3\objects\Group4.cpp">
      <Filter>Source\objects</Filter>
    </ClCompile>
    <ClCompile Include="src\opendnp3\gen\DoubleBit.cpp">
      <Filter>Source\gen</Filter>
    </ClCompile>
    <ClCompile Include="src\opendnp3\app\APDUHandlerBase.cpp">
      <Filter>Source\app</Filter>
    </ClCompile>
    <ClCompile Include="src\opendnp3\link\IOpenDelayStrategy.cpp">
      <Filter>Source\link</Filter>
    </ClCompile>
    <ClCompile Include="src\opendnp3\outstation\SelectionCriteria.cpp">
      <Filter>Source\outstation</Filter>
    </ClCompile>
    <ClCompile Include="src\opendnp3\outstation\EventBufferConfig.cpp">
      <Filter>Source\outstation</Filter>
    </ClCompile>
    <ClCompile Include="src\opendnp3\outstation\EventResponseContext.cpp">
      <Filter>Source\outstation</Filter>
    </ClCompile>
    <ClCompile Include="src\opendnp3\outstation\ResponseContext.cpp">
      <Filter>Source\outstation</Filter>
    </ClCompile>
    <ClCompile Include="src\opendnp3\app\EventTriggers.cpp">
      <Filter>Source\app</Filter>
    </ClCompile>
    <ClCompile Include="src\opendnp3\outstation\EventBufferFacade.cpp">
      <Filter>Source\outstation</Filter>
    </ClCompile>
    <ClCompile Include="src\opendnp3\gen\StaticDoubleBinaryResponse.cpp">
      <Filter>Source\gen</Filter>
    </ClCompile>
    <ClCompile Include="src\opendnp3\gen\EventFrozenCounterResponse.cpp">
      <Filter>Source\gen</Filter>
    </ClCompile>
    <ClCompile Include="src\opendnp3\gen\EventDoubleBinaryResponse.cpp">
      <Filter>Source\gen</Filter>
    </ClCompile>
    <ClCompile Include="src\opendnp3\gen\EventBinaryOutputStatusResponse.cpp">
      <Filter>Source\gen</Filter>
    </ClCompile>
    <ClCompile Include="src\opendnp3\gen\EventAnalogOutputStatusResponse.cpp">
      <Filter>Source\gen</Filter>
    </ClCompile>
    <ClCompile Include="src\opendnp3\outstation\IINHelpers.cpp">
      <Filter>Source\outstation</Filter>
    </ClCompile>
    <ClCompile Include="src\opendnp3\transport\TransportStack.cpp">
      <Filter>Header\transport</Filter>
    </ClCompile>
    <ClCompile Include="src\opendnp3\outstation\OutstationContext.cpp">
      <Filter>Source\outstation</Filter>
    </ClCompile>
    <ClCompile Include="src\opendnp3\outstation\StaticResponseConfig.cpp">
      <Filter>Source\outstation</Filter>
    </ClCompile>
    <ClCompile Include="src\opendnp3\outstation\EventResponseConfig.cpp">
      <Filter>Source\outstation</Filter>
    </ClCompile>
    <ClCompile Include="src\opendnp3\outstation\OutstationParams.cpp">
      <Filter>Source\outstation</Filter>
    </ClCompile>
    <ClCompile Include="src\opendnp3\outstation\EventResponseTypes.cpp">
      <Filter>Source\outstation</Filter>
    </ClCompile>
    <ClCompile Include="src\opendnp3\master\MasterContext.cpp">
      <Filter>Source\master</Filter>
    </ClCompile>
    <ClCompile Include="src\opendnp3\master\MasterScheduler.cpp">
      <Filter>Source\master</Filter>
    </ClCompile>
    <ClCompile Include="src\opendnp3\master\MasterParams.cpp">
      <Filter>Source\master</Filter>
    </ClCompile>
    <ClCompile Include="src\opendnp3\app\APDUHeader.cpp">
      <Filter>Source\app</Filter>
    </ClCompile>
    <ClCompile Include="src\opendnp3\app\APDUBuilders.cpp">
      <Filter>Source\app</Filter>
    </ClCompile>
    <ClCompile Include="src\opendnp3\app\APDULogging.cpp">
      <Filter>Source\app</Filter>
    </ClCompile>
    <ClCompile Include="src\opendnp3\master\CommandMarshaller.cpp">
      <Filter>Source\master</Filter>
    </ClCompile>
    <ClCompile Include="src\opendnp3\master\DisableUnsolicitedTask.cpp">
      <Filter>Source\master</Filter>
    </ClCompile>
    <ClCompile Include="src\opendnp3\master\StartupIntegrityPoll.cpp">
      <Filter>Source\master</Filter>
    </ClCompile>
    <ClCompile Include="src\opendnp3\master\SingleResponseTask.cpp">
      <Filter>Source\master</Filter>
    </ClCompile>
    <ClCompile Include="src\opendnp3\master\PollTaskBase.cpp">
      <Filter>Source\master</Filter>
    </ClCompile>
    <ClCompile Include="src\opendnp3\master\NullResponseTask.cpp">
      <Filter>Source\master</Filter>
    </ClCompile>
    <ClCompile Include="src\opendnp3\master\EnableUnsolicitedTask.cpp">
      <Filter>Source\master</Filter>
    </ClCompile>
    <ClCompile Include="src\opendnp3\master\PollTask.cpp">
      <Filter>Source\master</Filter>
    </ClCompile>
    <ClCompile Include="src\opendnp3\master\Master.cpp">
      <Filter>Source\master</Filter>
    </ClCompile>
    <ClCompile Include="src\opendnp3\master\ClearRestartTask.cpp">
      <Filter>Source\master</Filter>
    </ClCompile>
    <ClCompile Include="src\opendnp3\master\SerialTimeSyncTask.cpp">
      <Filter>Source\master</Filter>
    </ClCompile>
    <ClCompile Include="src\opendnp3\master\MasterTasks.cpp">
      <Filter>Source\master</Filter>
    </ClCompile>
    <ClCompile Include="src\opendnp3\outstation\Outstation.cpp">
      <Filter>Source\outstation</Filter>
    </ClCompile>
    <ClCompile Include="src\opendnp3\link\LinkLayerParser.cpp">
      <Filter>Source\link</Filter>
    </ClCompile>
    <ClCompile Include="src\opendnp3\outstation\ClassBasedRequestHandler.cpp">
      <Filter>Source\outstation</Filter>
    </ClCompile>
    <ClCompile Include="src\opendnp3\outstation\OutstationSolicitedStates.cpp">
      <Filter>Source\outstation</Filter>
    </ClCompile>
    <ClCompile Include="src\opendnp3\outstation\OutstationUnsolicitedStates.cpp">
      <Filter>Source\outstation</Filter>
    </ClCompile>
    <ClCompile Include="src\opendnp3\link\CRC.cpp">
      <Filter>Source\link</Filter>
    </ClCompile>
    <ClCompile Include="src\opendnp3\master\IMasterState.cpp">
      <Filter>Source\master</Filter>
    </ClCompile>
    <ClCompile Include="src\opendnp3\master\ITaskLock.cpp">
      <Filter>Source\master</Filter>
    </ClCompile>
    <ClCompile Include="src\opendnp3\master\TaskRecord.cpp">
      <Filter>Source\master</Filter>
    </ClCompile>
    <ClCompile Include="src\opendnp3\gen\PollState.cpp">
      <Filter>Source\gen</Filter>
    </ClCompile>
    <ClCompile Include="src\opendnp3\gen\TimeSyncMode.cpp">
      <Filter>Source\gen</Filter>
    </ClCompile>
    <ClCompile Include="src\opendnp3\app\ClassField.cpp">
      <Filter>Source\app</Filter>
    </ClCompile>
    <ClCompile Include="src\opendnp3\gen\PointClass.cpp">
      <Filter>Source\gen</Filter>
    </ClCompile>
    <ClCompile Include="src\opendnp3\outstation\IOutstationApplication.cpp">
      <Filter>Source\outstation</Filter>
    </ClCompile>
    <ClCompile Include="src\opendnp3\gen\GroupVariation.cpp">
      <Filter>Source\gen</Filter>
    </ClCompile>
    <ClCompile Include="src\opendnp3\app\GroupVariationRecord.cpp">
      <Filter>Source\app</Filter>
    </ClCompile>
    <ClCompile Include="src\opendnp3\app\MeasurementTypes.cpp">
      <Filter>Source\app</Filter>
    </ClCompile>
    <ClCompile Include="src\opendnp3\app\FunctionHelpers.cpp">
      <Filter>Source\app</Filter>
    </ClCompile>
    <ClCompile Include="src\opendnp3\outstation\SelectionWriter.cpp">
      <Filter>Source\outstation</Filter>
    </ClCompile>
    <ClCompile Include="src\opendnp3\outstation\EventWriteOperation.cpp">
      <Filter>Source\outstation</Filter>
    </ClCompile>
    <ClCompile Include="src\opendnp3\outstation\SOERecord.cpp">
      <Filter>Source\outstation</Filter>
    </ClCompile>
    <ClCompile Include="src\opendnp3\outstation\StaticLoadFunctions.cpp">
      <Filter>Source\outstation</Filter>
    </ClCompile>
    <ClCompile Include="src\opendnp3\outstation\ApplicationIIN.cpp">
      <Filter>Source\outstation</Filter>
    </ClCompile>
    <ClCompile Include="src\opendnp3\app\PointIndexes.cpp">
      <Filter>Source\app</Filter>
    </ClCompile>
    <ClCompile Include="src\opendnp3\outstation\DynamicallyAllocatedDatabase.cpp">
      <Filter>Source\outstation</Filter>
    </ClCompile>
    <ClCompile Include="src\opendnp3\outstation\DynamicallyAllocatedEventBuffer.cpp">
      <Filter>Source\outstation</Filter>
    </ClCompile>
  </ItemGroup>
</Project>