<?xml version="1.0" encoding="utf-8"?>
<Project ToolsVersion="4.0" xmlns="http://schemas.microsoft.com/developer/msbuild/2003">
  <ItemGroup>
    <Filter Include="Source Files">
      <UniqueIdentifier>{4FC737F1-C7A5-4376-A066-2A32D752A2FF}</UniqueIdentifier>
      <Extensions>cpp;c;cc;cxx;def;odl;idl;hpj;bat;asm;asmx</Extensions>
    </Filter>
    <Filter Include="Header Files">
      <UniqueIdentifier>{93995380-89BD-4b04-88EB-625FBE52EBFB}</UniqueIdentifier>
      <Extensions>h;hpp;hxx;hm;inl;inc;xsd</Extensions>
    </Filter>
    <Filter Include="Include Files">
      <UniqueIdentifier>{f67995ab-9876-4dfb-bc83-7110ad7e3e3b}</UniqueIdentifier>
    </Filter>
    <Filter Include="Include Files\gen">
      <UniqueIdentifier>{d0c7bb34-4b80-426a-901f-c830aae888e0}</UniqueIdentifier>
    </Filter>
    <Filter Include="Source Files\gen">
      <UniqueIdentifier>{aea3b78c-f415-4a34-98fa-2172b96ffda1}</UniqueIdentifier>
    </Filter>
  </ItemGroup>
  <ItemGroup>
    <ClInclude Include="include\openpal\ITimer.h">
      <Filter>Include Files</Filter>
    </ClInclude>
    <ClInclude Include="include\openpal\IExecutor.h">
      <Filter>Include Files</Filter>
    </ClInclude>
    <ClInclude Include="include\openpal\LogBase.h">
      <Filter>Include Files</Filter>
    </ClInclude>
    <ClInclude Include="include\openpal\LogEntry.h">
      <Filter>Include Files</Filter>
    </ClInclude>
    <ClInclude Include="include\openpal\Loggable.h">
      <Filter>Include Files</Filter>
    </ClInclude>
    <ClInclude Include="include\openpal\Logger.h">
      <Filter>Include Files</Filter>
    </ClInclude>
    <ClInclude Include="include\openpal\LoggableMacros.h">
      <Filter>Include Files</Filter>
    </ClInclude>
    <ClInclude Include="include\openpal\IPhysicalLayerAsync.h">
      <Filter>Include Files</Filter>
    </ClInclude>
    <ClInclude Include="include\openpal\AsyncLayerInterfaces.h">
      <Filter>Include Files</Filter>
    </ClInclude>
    <ClInclude Include="include\openpal\Exception.h">
      <Filter>Include Files</Filter>
    </ClInclude>
    <ClInclude Include="include\openpal\ToHex.h">
      <Filter>Include Files</Filter>
    </ClInclude>
    <ClInclude Include="include\openpal\Location.h">
      <Filter>Include Files</Filter>
    </ClInclude>
    <ClInclude Include="include\openpal\IHandlerAsync.h">
      <Filter>Include Files</Filter>
    </ClInclude>
    <ClInclude Include="include\openpal\UTCTimestamp.h">
      <Filter>Include Files</Filter>
    </ClInclude>
    <ClInclude Include="include\openpal\IUTCTimeSource.h">
      <Filter>Include Files</Filter>
    </ClInclude>
    <ClInclude Include="include\openpal\TimeDuration.h">
      <Filter>Include Files</Filter>
    </ClInclude>
    <ClInclude Include="include\openpal\MonotonicTimestamp.h">
      <Filter>Include Files</Filter>
    </ClInclude>
    <ClInclude Include="include\openpal\MoveOnCopy.h">
      <Filter>Include Files</Filter>
    </ClInclude>
    <ClInclude Include="include\openpal\BufferWrapper.h">
      <Filter>Include Files</Filter>
    </ClInclude>
    <ClInclude Include="include\openpal\gen\LogLevel.h">
      <Filter>Include Files\gen</Filter>
    </ClInclude>
    <ClInclude Include="include\openpal\Serialization.h">
      <Filter>Include Files</Filter>
    </ClInclude>
    <ClInclude Include="include\openpal\ReverseEndian.h">
      <Filter>Include Files</Filter>
    </ClInclude>
    <ClInclude Include="include\openpal\HasSize.h">
      <Filter>Include Files</Filter>
    </ClInclude>
    <ClInclude Include="include\openpal\Sequence.h">
      <Filter>Include Files</Filter>
    </ClInclude>
  </ItemGroup>
  <ItemGroup>
    <ClCompile Include="src\LogEntry.cpp">
      <Filter>Source Files</Filter>
    </ClCompile>
    <ClCompile Include="src\Loggable.cpp">
      <Filter>Source Files</Filter>
    </ClCompile>
    <ClCompile Include="src\Logger.cpp">
      <Filter>Source Files</Filter>
    </ClCompile>
    <ClCompile Include="src\AsyncLayerInterfaces.cpp">
      <Filter>Source Files</Filter>
    </ClCompile>
    <ClCompile Include="src\Exception.cpp">
      <Filter>Source Files</Filter>
    </ClCompile>
    <ClCompile Include="src\ToHex.cpp">
      <Filter>Source Files</Filter>
    </ClCompile>
    <ClCompile Include="src\IHandlerAsync.cpp">
      <Filter>Source Files</Filter>
    </ClCompile>
    <ClCompile Include="src\MonotonicTimestamp.cpp">
      <Filter>Source Files</Filter>
    </ClCompile>
    <ClCompile Include="src\TimeDuration.cpp">
      <Filter>Source Files</Filter>
    </ClCompile>
    <ClCompile Include="src\BufferWrapper.cpp">
      <Filter>Source Files</Filter>
    </ClCompile>
    <ClCompile Include="src\gen\LogLevel.cpp">
      <Filter>Source Files\gen</Filter>
    </ClCompile>
    <ClCompile Include="src\ReverseEndian.cpp">
      <Filter>Source Files</Filter>
    </ClCompile>
  </ItemGroup>
</Project>