
Microsoft Visual Studio Solution File, Format Version 12.00
# Visual Studio 2013
VisualStudioVersion = 12.0.40629.0
MinimumVisualStudioVersion = 10.0.40219.1
Project("{2150E333-8FDC-42A3-9474-1A3956D46DE8}") = "bindings", "bindings", "{DB6D1D7E-C26B-45B2-9189-480985D8927B}"
EndProject
Project("{FAE04EC0-301F-11D3-BF4B-00C04F79EFBC}") = "DNP3CLRInterface", "bindings\CLRInterface\DNP3CLRInterface.csproj", "{5F06C7BE-3107-4B3E-8559-E5E1BB4008B5}"
EndProject
Project("{2150E333-8FDC-42A3-9474-1A3956D46DE8}") = "examples", "examples", "{B32D7246-5305-415B-A289-7DB7349915E6}"
EndProject
Project("{FAE04EC0-301F-11D3-BF4B-00C04F79EFBC}") = "CLRMasterDemo", "examples\master\CLRMasterDemo.csproj", "{791073B4-2132-4588-AFA7-3A9728D444B4}"
EndProject
Project("{FAE04EC0-301F-11D3-BF4B-00C04F79EFBC}") = "CLROutstationDemo", "examples\outstation\CLROutstationDemo.csproj", "{3E8C9DE9-9626-4FC6-90A2-802DEFC1A39D}"
EndProject
Project("{2150E333-8FDC-42A3-9474-1A3956D46DE8}") = "secauth", "secauth", "{69213C78-54E4-423E-A673-7A487F032A27}"
EndProject
Project("{2150E333-8FDC-42A3-9474-1A3956D46DE8}") = "simulator", "simulator", "{3E6996FF-807F-4F9D-8C72-932EE398B6A1}"
EndProject
Project("{FAE04EC0-301F-11D3-BF4B-00C04F79EFBC}") = "Commons", "simulator\Commons\Commons.csproj", "{67C09F7A-3DD4-4C02-AA3B-6882FB6EA816}"
EndProject
Project("{FAE04EC0-301F-11D3-BF4B-00C04F79EFBC}") = "Simulator", "simulator\Simulator\Simulator.csproj", "{9850AA24-6847-4611-81DA-6F04F92B3400}"
EndProject
Project("{FAE04EC0-301F-11D3-BF4B-00C04F79EFBC}") = "SimulatorAPI", "simulator\SimulatorAPI\SimulatorAPI.csproj", "{6A19318B-8CC5-4BC8-8E80-412180C420A5}"
EndProject
Project("{FAE04EC0-301F-11D3-BF4B-00C04F79EFBC}") = "SimulatorDNP3", "simulator\SimulatorDNP3\SimulatorDNP3.csproj", "{2EDBD258-1A19-4527-9C92-7418191BEE87}"
EndProject
Project("{FAE04EC0-301F-11D3-BF4B-00C04F79EFBC}") = "SimulatorUI", "simulator\SimulatorUI\SimulatorUI.csproj", "{428DDB1F-13F8-401C-AA0E-F0B80AF1FC00}"
EndProject
Project("{8BC9CEB8-8B4A-11D0-8D11-00A0C91BC942}") = "DNP3CLRAdapter", "bindings\CLRAdapter\CLRAdapter.vcxproj", "{95903DB4-9DE7-4E41-B990-6995108A8495}"
EndProject
Project("{FAE04EC0-301F-11D3-BF4B-00C04F79EFBC}") = "CLRMasterDemoSA", "examples\secauth\master\CLRMasterDemoSA.csproj", "{070106DC-9726-4735-AEB3-13806C5FF3A7}"
EndProject
Global
	GlobalSection(SolutionConfigurationPlatforms) = preSolution
		Debug|Any CPU = Debug|Any CPU
		Debug|Mixed Platforms = Debug|Mixed Platforms
		Debug|Win32 = Debug|Win32
		Debug|x64 = Debug|x64
		Debug|x86 = Debug|x86
		Release|Any CPU = Release|Any CPU
		Release|Mixed Platforms = Release|Mixed Platforms
		Release|Win32 = Release|Win32
		Release|x64 = Release|x64
		Release|x86 = Release|x86
	EndGlobalSection
	GlobalSection(ProjectConfigurationPlatforms) = postSolution
		{5F06C7BE-3107-4B3E-8559-E5E1BB4008B5}.Debug|Any CPU.ActiveCfg = Debug|Any CPU
		{5F06C7BE-3107-4B3E-8559-E5E1BB4008B5}.Debug|Any CPU.Build.0 = Debug|Any CPU
		{5F06C7BE-3107-4B3E-8559-E5E1BB4008B5}.Debug|Mixed Platforms.ActiveCfg = Debug|Any CPU
		{5F06C7BE-3107-4B3E-8559-E5E1BB4008B5}.Debug|Mixed Platforms.Build.0 = Debug|Any CPU
		{5F06C7BE-3107-4B3E-8559-E5E1BB4008B5}.Debug|Win32.ActiveCfg = Debug|Any CPU
		{5F06C7BE-3107-4B3E-8559-E5E1BB4008B5}.Debug|Win32.Build.0 = Debug|Any CPU
		{5F06C7BE-3107-4B3E-8559-E5E1BB4008B5}.Debug|x64.ActiveCfg = Debug|Any CPU
		{5F06C7BE-3107-4B3E-8559-E5E1BB4008B5}.Debug|x64.Build.0 = Debug|Any CPU
		{5F06C7BE-3107-4B3E-8559-E5E1BB4008B5}.Debug|x86.ActiveCfg = Debug|Any CPU
		{5F06C7BE-3107-4B3E-8559-E5E1BB4008B5}.Release|Any CPU.ActiveCfg = Release|Any CPU
		{5F06C7BE-3107-4B3E-8559-E5E1BB4008B5}.Release|Any CPU.Build.0 = Release|Any CPU
		{5F06C7BE-3107-4B3E-8559-E5E1BB4008B5}.Release|Mixed Platforms.ActiveCfg = Release|Any CPU
		{5F06C7BE-3107-4B3E-8559-E5E1BB4008B5}.Release|Mixed Platforms.Build.0 = Release|Any CPU
		{5F06C7BE-3107-4B3E-8559-E5E1BB4008B5}.Release|Win32.ActiveCfg = Release|Any CPU
		{5F06C7BE-3107-4B3E-8559-E5E1BB4008B5}.Release|Win32.Build.0 = Release|Any CPU
		{5F06C7BE-3107-4B3E-8559-E5E1BB4008B5}.Release|x64.ActiveCfg = Release|Any CPU
		{5F06C7BE-3107-4B3E-8559-E5E1BB4008B5}.Release|x64.Build.0 = Release|Any CPU
		{5F06C7BE-3107-4B3E-8559-E5E1BB4008B5}.Release|x86.ActiveCfg = Release|Any CPU
		{5F06C7BE-3107-4B3E-8559-E5E1BB4008B5}.Release|x86.Build.0 = Release|Any CPU
		{791073B4-2132-4588-AFA7-3A9728D444B4}.Debug|Any CPU.ActiveCfg = Debug|Any CPU
		{791073B4-2132-4588-AFA7-3A9728D444B4}.Debug|Any CPU.Build.0 = Debug|Any CPU
		{791073B4-2132-4588-AFA7-3A9728D444B4}.Debug|Mixed Platforms.ActiveCfg = Debug|x86
		{791073B4-2132-4588-AFA7-3A9728D444B4}.Debug|Mixed Platforms.Build.0 = Debug|x86
		{791073B4-2132-4588-AFA7-3A9728D444B4}.Debug|Win32.ActiveCfg = Debug|x86
		{791073B4-2132-4588-AFA7-3A9728D444B4}.Debug|Win32.Build.0 = Debug|x86
		{791073B4-2132-4588-AFA7-3A9728D444B4}.Debug|x64.ActiveCfg = Debug|x64
		{791073B4-2132-4588-AFA7-3A9728D444B4}.Debug|x64.Build.0 = Debug|x64
		{791073B4-2132-4588-AFA7-3A9728D444B4}.Debug|x86.ActiveCfg = Debug|x86
		{791073B4-2132-4588-AFA7-3A9728D444B4}.Debug|x86.Build.0 = Debug|x86
		{791073B4-2132-4588-AFA7-3A9728D444B4}.Release|Any CPU.ActiveCfg = Release|Any CPU
		{791073B4-2132-4588-AFA7-3A9728D444B4}.Release|Any CPU.Build.0 = Release|Any CPU
		{791073B4-2132-4588-AFA7-3A9728D444B4}.Release|Mixed Platforms.ActiveCfg = Release|x86
		{791073B4-2132-4588-AFA7-3A9728D444B4}.Release|Mixed Platforms.Build.0 = Release|x86
		{791073B4-2132-4588-AFA7-3A9728D444B4}.Release|Win32.ActiveCfg = Release|x86
		{791073B4-2132-4588-AFA7-3A9728D444B4}.Release|Win32.Build.0 = Release|x86
		{791073B4-2132-4588-AFA7-3A9728D444B4}.Release|x64.ActiveCfg = Release|x64
		{791073B4-2132-4588-AFA7-3A9728D444B4}.Release|x64.Build.0 = Release|x64
		{791073B4-2132-4588-AFA7-3A9728D444B4}.Release|x86.ActiveCfg = Release|x86
		{791073B4-2132-4588-AFA7-3A9728D444B4}.Release|x86.Build.0 = Release|x86
		{3E8C9DE9-9626-4FC6-90A2-802DEFC1A39D}.Debug|Any CPU.ActiveCfg = Debug|Any CPU
		{3E8C9DE9-9626-4FC6-90A2-802DEFC1A39D}.Debug|Any CPU.Build.0 = Debug|Any CPU
		{3E8C9DE9-9626-4FC6-90A2-802DEFC1A39D}.Debug|Mixed Platforms.ActiveCfg = Debug|x86
		{3E8C9DE9-9626-4FC6-90A2-802DEFC1A39D}.Debug|Mixed Platforms.Build.0 = Debug|x86
		{3E8C9DE9-9626-4FC6-90A2-802DEFC1A39D}.Debug|Win32.ActiveCfg = Debug|x86
		{3E8C9DE9-9626-4FC6-90A2-802DEFC1A39D}.Debug|Win32.Build.0 = Debug|x86
		{3E8C9DE9-9626-4FC6-90A2-802DEFC1A39D}.Debug|x64.ActiveCfg = Debug|x64
		{3E8C9DE9-9626-4FC6-90A2-802DEFC1A39D}.Debug|x64.Build.0 = Debug|x64
		{3E8C9DE9-9626-4FC6-90A2-802DEFC1A39D}.Debug|x86.ActiveCfg = Debug|x86
		{3E8C9DE9-9626-4FC6-90A2-802DEFC1A39D}.Debug|x86.Build.0 = Debug|x86
		{3E8C9DE9-9626-4FC6-90A2-802DEFC1A39D}.Release|Any CPU.ActiveCfg = Release|Any CPU
		{3E8C9DE9-9626-4FC6-90A2-802DEFC1A39D}.Release|Any CPU.Build.0 = Release|Any CPU
		{3E8C9DE9-9626-4FC6-90A2-802DEFC1A39D}.Release|Mixed Platforms.ActiveCfg = Release|x86
		{3E8C9DE9-9626-4FC6-90A2-802DEFC1A39D}.Release|Mixed Platforms.Build.0 = Release|x86
		{3E8C9DE9-9626-4FC6-90A2-802DEFC1A39D}.Release|Win32.ActiveCfg = Release|x86
		{3E8C9DE9-9626-4FC6-90A2-802DEFC1A39D}.Release|Win32.Build.0 = Release|x86
		{3E8C9DE9-9626-4FC6-90A2-802DEFC1A39D}.Release|x64.ActiveCfg = Release|x64
		{3E8C9DE9-9626-4FC6-90A2-802DEFC1A39D}.Release|x64.Build.0 = Release|x64
		{3E8C9DE9-9626-4FC6-90A2-802DEFC1A39D}.Release|x86.ActiveCfg = Release|x86
		{3E8C9DE9-9626-4FC6-90A2-802DEFC1A39D}.Release|x86.Build.0 = Release|x86
		{67C09F7A-3DD4-4C02-AA3B-6882FB6EA816}.Debug|Any CPU.ActiveCfg = Debug|Any CPU
		{67C09F7A-3DD4-4C02-AA3B-6882FB6EA816}.Debug|Any CPU.Build.0 = Debug|Any CPU
		{67C09F7A-3DD4-4C02-AA3B-6882FB6EA816}.Debug|Mixed Platforms.ActiveCfg = Debug|Any CPU
		{67C09F7A-3DD4-4C02-AA3B-6882FB6EA816}.Debug|Mixed Platforms.Build.0 = Debug|Any CPU
		{67C09F7A-3DD4-4C02-AA3B-6882FB6EA816}.Debug|Win32.ActiveCfg = Debug|Any CPU
		{67C09F7A-3DD4-4C02-AA3B-6882FB6EA816}.Debug|Win32.Build.0 = Debug|Any CPU
		{67C09F7A-3DD4-4C02-AA3B-6882FB6EA816}.Debug|x64.ActiveCfg = Debug|Any CPU
		{67C09F7A-3DD4-4C02-AA3B-6882FB6EA816}.Debug|x64.Build.0 = Debug|Any CPU
		{67C09F7A-3DD4-4C02-AA3B-6882FB6EA816}.Debug|x86.ActiveCfg = Debug|Any CPU
		{67C09F7A-3DD4-4C02-AA3B-6882FB6EA816}.Release|Any CPU.ActiveCfg = Release|Any CPU
		{67C09F7A-3DD4-4C02-AA3B-6882FB6EA816}.Release|Any CPU.Build.0 = Release|Any CPU
		{67C09F7A-3DD4-4C02-AA3B-6882FB6EA816}.Release|Mixed Platforms.ActiveCfg = Release|Any CPU
		{67C09F7A-3DD4-4C02-AA3B-6882FB6EA816}.Release|Mixed Platforms.Build.0 = Release|Any CPU
		{67C09F7A-3DD4-4C02-AA3B-6882FB6EA816}.Release|Win32.ActiveCfg = Release|Any CPU
		{67C09F7A-3DD4-4C02-AA3B-6882FB6EA816}.Release|Win32.Build.0 = Release|Any CPU
		{67C09F7A-3DD4-4C02-AA3B-6882FB6EA816}.Release|x64.ActiveCfg = Release|Any CPU
		{67C09F7A-3DD4-4C02-AA3B-6882FB6EA816}.Release|x64.Build.0 = Release|Any CPU
		{67C09F7A-3DD4-4C02-AA3B-6882FB6EA816}.Release|x86.ActiveCfg = Release|Any CPU
		{67C09F7A-3DD4-4C02-AA3B-6882FB6EA816}.Release|x86.Build.0 = Release|Any CPU
		{9850AA24-6847-4611-81DA-6F04F92B3400}.Debug|Any CPU.ActiveCfg = Debug|Any CPU
		{9850AA24-6847-4611-81DA-6F04F92B3400}.Debug|Any CPU.Build.0 = Debug|Any CPU
		{9850AA24-6847-4611-81DA-6F04F92B3400}.Debug|Mixed Platforms.ActiveCfg = Debug|x86
		{9850AA24-6847-4611-81DA-6F04F92B3400}.Debug|Mixed Platforms.Build.0 = Debug|x86
		{9850AA24-6847-4611-81DA-6F04F92B3400}.Debug|Win32.ActiveCfg = Debug|x86
		{9850AA24-6847-4611-81DA-6F04F92B3400}.Debug|Win32.Build.0 = Debug|x86
		{9850AA24-6847-4611-81DA-6F04F92B3400}.Debug|x64.ActiveCfg = Debug|x64
		{9850AA24-6847-4611-81DA-6F04F92B3400}.Debug|x64.Build.0 = Debug|x64
		{9850AA24-6847-4611-81DA-6F04F92B3400}.Debug|x86.ActiveCfg = Debug|x86
		{9850AA24-6847-4611-81DA-6F04F92B3400}.Debug|x86.Build.0 = Debug|x86
		{9850AA24-6847-4611-81DA-6F04F92B3400}.Release|Any CPU.ActiveCfg = Release|Any CPU
		{9850AA24-6847-4611-81DA-6F04F92B3400}.Release|Any CPU.Build.0 = Release|Any CPU
		{9850AA24-6847-4611-81DA-6F04F92B3400}.Release|Mixed Platforms.ActiveCfg = Release|x86
		{9850AA24-6847-4611-81DA-6F04F92B3400}.Release|Mixed Platforms.Build.0 = Release|x86
		{9850AA24-6847-4611-81DA-6F04F92B3400}.Release|Win32.ActiveCfg = Release|x86
		{9850AA24-6847-4611-81DA-6F04F92B3400}.Release|Win32.Build.0 = Release|x86
		{9850AA24-6847-4611-81DA-6F04F92B3400}.Release|x64.ActiveCfg = Release|x64
		{9850AA24-6847-4611-81DA-6F04F92B3400}.Release|x64.Build.0 = Release|x64
		{9850AA24-6847-4611-81DA-6F04F92B3400}.Release|x86.ActiveCfg = Release|x86
		{9850AA24-6847-4611-81DA-6F04F92B3400}.Release|x86.Build.0 = Release|x86
		{6A19318B-8CC5-4BC8-8E80-412180C420A5}.Debug|Any CPU.ActiveCfg = Debug|Any CPU
		{6A19318B-8CC5-4BC8-8E80-412180C420A5}.Debug|Any CPU.Build.0 = Debug|Any CPU
		{6A19318B-8CC5-4BC8-8E80-412180C420A5}.Debug|Mixed Platforms.ActiveCfg = Debug|Any CPU
		{6A19318B-8CC5-4BC8-8E80-412180C420A5}.Debug|Mixed Platforms.Build.0 = Debug|Any CPU
		{6A19318B-8CC5-4BC8-8E80-412180C420A5}.Debug|Win32.ActiveCfg = Debug|Any CPU
		{6A19318B-8CC5-4BC8-8E80-412180C420A5}.Debug|Win32.Build.0 = Debug|Any CPU
		{6A19318B-8CC5-4BC8-8E80-412180C420A5}.Debug|x64.ActiveCfg = Debug|Any CPU
		{6A19318B-8CC5-4BC8-8E80-412180C420A5}.Debug|x64.Build.0 = Debug|Any CPU
		{6A19318B-8CC5-4BC8-8E80-412180C420A5}.Debug|x86.ActiveCfg = Debug|Any CPU
		{6A19318B-8CC5-4BC8-8E80-412180C420A5}.Release|Any CPU.ActiveCfg = Release|Any CPU
		{6A19318B-8CC5-4BC8-8E80-412180C420A5}.Release|Any CPU.Build.0 = Release|Any CPU
		{6A19318B-8CC5-4BC8-8E80-412180C420A5}.Release|Mixed Platforms.ActiveCfg = Release|Any CPU
		{6A19318B-8CC5-4BC8-8E80-412180C420A5}.Release|Mixed Platforms.Build.0 = Release|Any CPU
		{6A19318B-8CC5-4BC8-8E80-412180C420A5}.Release|Win32.ActiveCfg = Release|Any CPU
		{6A19318B-8CC5-4BC8-8E80-412180C420A5}.Release|Win32.Build.0 = Release|Any CPU
		{6A19318B-8CC5-4BC8-8E80-412180C420A5}.Release|x64.ActiveCfg = Release|Any CPU
		{6A19318B-8CC5-4BC8-8E80-412180C420A5}.Release|x64.Build.0 = Release|Any CPU
		{6A19318B-8CC5-4BC8-8E80-412180C420A5}.Release|x86.ActiveCfg = Release|Any CPU
		{6A19318B-8CC5-4BC8-8E80-412180C420A5}.Release|x86.Build.0 = Release|Any CPU
		{2EDBD258-1A19-4527-9C92-7418191BEE87}.Debug|Any CPU.ActiveCfg = Debug|x86
		{2EDBD258-1A19-4527-9C92-7418191BEE87}.Debug|Mixed Platforms.ActiveCfg = Debug|x86
		{2EDBD258-1A19-4527-9C92-7418191BEE87}.Debug|Mixed Platforms.Build.0 = Debug|x86
		{2EDBD258-1A19-4527-9C92-7418191BEE87}.Debug|Win32.ActiveCfg = Debug|x86
		{2EDBD258-1A19-4527-9C92-7418191BEE87}.Debug|Win32.Build.0 = Debug|x86
		{2EDBD258-1A19-4527-9C92-7418191BEE87}.Debug|x64.ActiveCfg = Debug|x64
		{2EDBD258-1A19-4527-9C92-7418191BEE87}.Debug|x64.Build.0 = Debug|x64
		{2EDBD258-1A19-4527-9C92-7418191BEE87}.Debug|x86.ActiveCfg = Debug|x86
		{2EDBD258-1A19-4527-9C92-7418191BEE87}.Debug|x86.Build.0 = Debug|x86
		{2EDBD258-1A19-4527-9C92-7418191BEE87}.Release|Any CPU.ActiveCfg = Release|x86
		{2EDBD258-1A19-4527-9C92-7418191BEE87}.Release|Mixed Platforms.ActiveCfg = Release|x86
		{2EDBD258-1A19-4527-9C92-7418191BEE87}.Release|Mixed Platforms.Build.0 = Release|x86
		{2EDBD258-1A19-4527-9C92-7418191BEE87}.Release|Win32.ActiveCfg = Release|x86
		{2EDBD258-1A19-4527-9C92-7418191BEE87}.Release|Win32.Build.0 = Release|x86
		{2EDBD258-1A19-4527-9C92-7418191BEE87}.Release|x64.ActiveCfg = Release|x64
		{2EDBD258-1A19-4527-9C92-7418191BEE87}.Release|x64.Build.0 = Release|x64
		{2EDBD258-1A19-4527-9C92-7418191BEE87}.Release|x86.ActiveCfg = Release|x86
		{2EDBD258-1A19-4527-9C92-7418191BEE87}.Release|x86.Build.0 = Release|x86
		{428DDB1F-13F8-401C-AA0E-F0B80AF1FC00}.Debug|Any CPU.ActiveCfg = Debug|Any CPU
		{428DDB1F-13F8-401C-AA0E-F0B80AF1FC00}.Debug|Any CPU.Build.0 = Debug|Any CPU
		{428DDB1F-13F8-401C-AA0E-F0B80AF1FC00}.Debug|Mixed Platforms.ActiveCfg = Debug|Any CPU
		{428DDB1F-13F8-401C-AA0E-F0B80AF1FC00}.Debug|Mixed Platforms.Build.0 = Debug|Any CPU
		{428DDB1F-13F8-401C-AA0E-F0B80AF1FC00}.Debug|Win32.ActiveCfg = Debug|Any CPU
		{428DDB1F-13F8-401C-AA0E-F0B80AF1FC00}.Debug|Win32.Build.0 = Debug|Any CPU
		{428DDB1F-13F8-401C-AA0E-F0B80AF1FC00}.Debug|x64.ActiveCfg = Debug|Any CPU
		{428DDB1F-13F8-401C-AA0E-F0B80AF1FC00}.Debug|x64.Build.0 = Debug|Any CPU
		{428DDB1F-13F8-401C-AA0E-F0B80AF1FC00}.Debug|x86.ActiveCfg = Debug|Any CPU
		{428DDB1F-13F8-401C-AA0E-F0B80AF1FC00}.Release|Any CPU.ActiveCfg = Release|Any CPU
		{428DDB1F-13F8-401C-AA0E-F0B80AF1FC00}.Release|Any CPU.Build.0 = Release|Any CPU
		{428DDB1F-13F8-401C-AA0E-F0B80AF1FC00}.Release|Mixed Platforms.ActiveCfg = Release|Any CPU
		{428DDB1F-13F8-401C-AA0E-F0B80AF1FC00}.Release|Mixed Platforms.Build.0 = Release|Any CPU
		{428DDB1F-13F8-401C-AA0E-F0B80AF1FC00}.Release|Win32.ActiveCfg = Release|Any CPU
		{428DDB1F-13F8-401C-AA0E-F0B80AF1FC00}.Release|Win32.Build.0 = Release|Any CPU
		{428DDB1F-13F8-401C-AA0E-F0B80AF1FC00}.Release|x64.ActiveCfg = Release|Any CPU
		{428DDB1F-13F8-401C-AA0E-F0B80AF1FC00}.Release|x64.Build.0 = Release|Any CPU
		{428DDB1F-13F8-401C-AA0E-F0B80AF1FC00}.Release|x86.ActiveCfg = Release|Any CPU
		{428DDB1F-13F8-401C-AA0E-F0B80AF1FC00}.Release|x86.Build.0 = Release|Any CPU
		{95903DB4-9DE7-4E41-B990-6995108A8495}.Debug|Any CPU.ActiveCfg = Debug|Win32
		{95903DB4-9DE7-4E41-B990-6995108A8495}.Debug|Mixed Platforms.ActiveCfg = Debug|Win32
		{95903DB4-9DE7-4E41-B990-6995108A8495}.Debug|Mixed Platforms.Build.0 = Debug|Win32
		{95903DB4-9DE7-4E41-B990-6995108A8495}.Debug|Win32.ActiveCfg = Debug|Win32
		{95903DB4-9DE7-4E41-B990-6995108A8495}.Debug|Win32.Build.0 = Debug|Win32
		{95903DB4-9DE7-4E41-B990-6995108A8495}.Debug|x64.ActiveCfg = Debug|Win32
		{95903DB4-9DE7-4E41-B990-6995108A8495}.Debug|x64.Build.0 = Debug|Win32
		{95903DB4-9DE7-4E41-B990-6995108A8495}.Debug|x86.ActiveCfg = Debug|Win32
		{95903DB4-9DE7-4E41-B990-6995108A8495}.Debug|x86.Build.0 = Debug|Win32
		{95903DB4-9DE7-4E41-B990-6995108A8495}.Release|Any CPU.ActiveCfg = Release|Win32
		{95903DB4-9DE7-4E41-B990-6995108A8495}.Release|Mixed Platforms.ActiveCfg = Release|Win32
		{95903DB4-9DE7-4E41-B990-6995108A8495}.Release|Mixed Platforms.Build.0 = Release|Win32
		{95903DB4-9DE7-4E41-B990-6995108A8495}.Release|Win32.ActiveCfg = Release|Win32
		{95903DB4-9DE7-4E41-B990-6995108A8495}.Release|Win32.Build.0 = Release|Win32
		{95903DB4-9DE7-4E41-B990-6995108A8495}.Release|x64.ActiveCfg = Release|Win32
		{95903DB4-9DE7-4E41-B990-6995108A8495}.Release|x64.Build.0 = Release|Win32
		{95903DB4-9DE7-4E41-B990-6995108A8495}.Release|x86.ActiveCfg = Release|Win32
		{95903DB4-9DE7-4E41-B990-6995108A8495}.Release|x86.Build.0 = Release|Win32
		{070106DC-9726-4735-AEB3-13806C5FF3A7}.Debug|Any CPU.ActiveCfg = Debug|Any CPU
		{070106DC-9726-4735-AEB3-13806C5FF3A7}.Debug|Any CPU.Build.0 = Debug|Any CPU
		{070106DC-9726-4735-AEB3-13806C5FF3A7}.Debug|Mixed Platforms.ActiveCfg = Debug|Any CPU
		{070106DC-9726-4735-AEB3-13806C5FF3A7}.Debug|Mixed Platforms.Build.0 = Debug|Any CPU
		{070106DC-9726-4735-AEB3-13806C5FF3A7}.Debug|Win32.ActiveCfg = Debug|x86
		{070106DC-9726-4735-AEB3-13806C5FF3A7}.Debug|Win32.Build.0 = Debug|x86
		{070106DC-9726-4735-AEB3-13806C5FF3A7}.Debug|x64.ActiveCfg = Debug|Any CPU
		{070106DC-9726-4735-AEB3-13806C5FF3A7}.Debug|x86.ActiveCfg = Debug|Any CPU
		{070106DC-9726-4735-AEB3-13806C5FF3A7}.Release|Any CPU.ActiveCfg = Release|Any CPU
		{070106DC-9726-4735-AEB3-13806C5FF3A7}.Release|Any CPU.Build.0 = Release|Any CPU
		{070106DC-9726-4735-AEB3-13806C5FF3A7}.Release|Mixed Platforms.ActiveCfg = Release|x86
		{070106DC-9726-4735-AEB3-13806C5FF3A7}.Release|Mixed Platforms.Build.0 = Release|x86
		{070106DC-9726-4735-AEB3-13806C5FF3A7}.Release|Win32.ActiveCfg = Release|x86
		{070106DC-9726-4735-AEB3-13806C5FF3A7}.Release|Win32.Build.0 = Release|x86
		{070106DC-9726-4735-AEB3-13806C5FF3A7}.Release|x64.ActiveCfg = Release|Any CPU
		{070106DC-9726-4735-AEB3-13806C5FF3A7}.Release|x86.ActiveCfg = Release|x86
		{070106DC-9726-4735-AEB3-13806C5FF3A7}.Release|x86.Build.0 = Release|x86
	EndGlobalSection
	GlobalSection(SolutionProperties) = preSolution
		HideSolutionNode = FALSE
	EndGlobalSection
	GlobalSection(NestedProjects) = preSolution
		{5F06C7BE-3107-4B3E-8559-E5E1BB4008B5} = {DB6D1D7E-C26B-45B2-9189-480985D8927B}
		{791073B4-2132-4588-AFA7-3A9728D444B4} = {B32D7246-5305-415B-A289-7DB7349915E6}
		{3E8C9DE9-9626-4FC6-90A2-802DEFC1A39D} = {B32D7246-5305-415B-A289-7DB7349915E6}
		{69213C78-54E4-423E-A673-7A487F032A27} = {B32D7246-5305-415B-A289-7DB7349915E6}
		{67C09F7A-3DD4-4C02-AA3B-6882FB6EA816} = {3E6996FF-807F-4F9D-8C72-932EE398B6A1}
		{9850AA24-6847-4611-81DA-6F04F92B3400} = {3E6996FF-807F-4F9D-8C72-932EE398B6A1}
		{6A19318B-8CC5-4BC8-8E80-412180C420A5} = {3E6996FF-807F-4F9D-8C72-932EE398B6A1}
		{2EDBD258-1A19-4527-9C92-7418191BEE87} = {3E6996FF-807F-4F9D-8C72-932EE398B6A1}
		{428DDB1F-13F8-401C-AA0E-F0B80AF1FC00} = {3E6996FF-807F-4F9D-8C72-932EE398B6A1}
		{95903DB4-9DE7-4E41-B990-6995108A8495} = {DB6D1D7E-C26B-45B2-9189-480985D8927B}
		{070106DC-9726-4735-AEB3-13806C5FF3A7} = {69213C78-54E4-423E-A673-7A487F032A27}
	EndGlobalSection
EndGlobal
