<?xml version="1.0" encoding="utf-8"?>
<Project ToolsVersion="4.0" xmlns="http://schemas.microsoft.com/developer/msbuild/2003">
  <ItemGroup>
    <Filter Include="Source Files">
      <UniqueIdentifier>{4FC737F1-C7A5-4376-A066-2A32D752A2FF}</UniqueIdentifier>
      <Extensions>cpp;c;cc;cxx;def;odl;idl;hpj;bat;asm;asmx</Extensions>
    </Filter>
    <Filter Include="Header Files">
      <UniqueIdentifier>{93995380-89BD-4b04-88EB-625FBE52EBFB}</UniqueIdentifier>
      <Extensions>h;hpp;hxx;hm;inl;inc;xsd</Extensions>
    </Filter>
  </ItemGroup>
  <ItemGroup>
    <ClInclude Include="src\asiopal\ASIOExecutor.h">
      <Filter>Header Files</Filter>
    </ClInclude>
    <ClInclude Include="src\asiopal\ASIOSerialHelpers.h">
      <Filter>Header Files</Filter>
    </ClInclude>
    <ClInclude Include="src\asiopal\IOServiceThreadPool.h">
      <Filter>Header Files</Filter>
    </ClInclude>
    <ClInclude Include="src\asiopal\SerialTypes.h">
      <Filter>Header Files</Filter>
    </ClInclude>
    <ClInclude Include="src\asiopal\TimerASIO.h">
      <Filter>Header Files</Filter>
    </ClInclude>
    <ClInclude Include="src\asiopal\UTCTimeSource.h">
      <Filter>Header Files</Filter>
    </ClInclude>
    <ClInclude Include="src\asiopal\PhysicalLayerASIO.h">
      <Filter>Header Files</Filter>
    </ClInclude>
    <ClInclude Include="src\asiopal\PhysicalLayerBase.h">
      <Filter>Header Files</Filter>
    </ClInclude>
    <ClInclude Include="src\asiopal\PhysicalLayerBaseTCP.h">
      <Filter>Header Files</Filter>
    </ClInclude>
    <ClInclude Include="src\asiopal\PhysicalLayerSerial.h">
      <Filter>Header Files</Filter>
    </ClInclude>
    <ClInclude Include="src\asiopal\PhysicalLayerTCPClient.h">
      <Filter>Header Files</Filter>
    </ClInclude>
    <ClInclude Include="src\asiopal\PhysicalLayerTCPServer.h">
      <Filter>Header Files</Filter>
    </ClInclude>
    <ClInclude Include="src\asiopal\LogFanoutHandler.h">
      <Filter>Header Files</Filter>
    </ClInclude>
    <ClInclude Include="src\asiopal\StrandGetters.h">
      <Filter>Header Files</Filter>
    </ClInclude>
    <ClInclude Include="src\asiopal\Synchronized.h">
      <Filter>Header Files</Filter>
    </ClInclude>
  </ItemGroup>
  <ItemGroup>
    <ClCompile Include="src\asiopal\ASIOExecutor.cpp">
      <Filter>Source Files</Filter>
    </ClCompile>
    <ClCompile Include="src\asiopal\ASIOSerialHelpers.cpp">
      <Filter>Source Files</Filter>
    </ClCompile>
    <ClCompile Include="src\asiopal\IOServiceThreadPool.cpp">
      <Filter>Source Files</Filter>
    </ClCompile>
    <ClCompile Include="src\asiopal\SerialTypes.cpp">
      <Filter>Source Files</Filter>
    </ClCompile>
    <ClCompile Include="src\asiopal\TimerASIO.cpp">
      <Filter>Source Files</Filter>
    </ClCompile>
    <ClCompile Include="src\asiopal\UTCTimeSource.cpp">
      <Filter>Source Files</Filter>
    </ClCompile>
    <ClCompile Include="src\asiopal\PhysicalLayerBase.cpp">
      <Filter>Source Files</Filter>
    </ClCompile>
    <ClCompile Include="src\asiopal\PhysicalLayerBaseTCP.cpp">
      <Filter>Source Files</Filter>
    </ClCompile>
    <ClCompile Include="src\asiopal\PhysicalLayerSerial.cpp">
      <Filter>Source Files</Filter>
    </ClCompile>
    <ClCompile Include="src\asiopal\PhysicalLayerTCPClient.cpp">
      <Filter>Source Files</Filter>
    </ClCompile>
    <ClCompile Include="src\asiopal\PhysicalLayerTCPServer.cpp">
      <Filter>Source Files</Filter>
    </ClCompile>
    <ClCompile Include="src\asiopal\LogFanoutHandler.cpp">
      <Filter>Source Files</Filter>
    </ClCompile>
  </ItemGroup>
</Project>