<?xml version="1.0" encoding="utf-8"?>
<Project ToolsVersion="4.0" xmlns="http://schemas.microsoft.com/developer/msbuild/2003">
  <ItemGroup>
    <Filter Include="Source Files">
      <UniqueIdentifier>{4FC737F1-C7A5-4376-A066-2A32D752A2FF}</UniqueIdentifier>
      <Extensions>cpp;c;cc;cxx;def;odl;idl;hpj;bat;asm;asmx</Extensions>
    </Filter>
    <Filter Include="Header Files">
      <UniqueIdentifier>{93995380-89BD-4b04-88EB-625FBE52EBFB}</UniqueIdentifier>
      <Extensions>h;hpp;hxx;hm;inl;inc;xsd</Extensions>
    </Filter>
  </ItemGroup>
  <ItemGroup>
    <ClInclude Include="src\asiopal\ASIOExecutor.h">
      <Filter>Header Files</Filter>
    </ClInclude>
    <ClInclude Include="src\asiopal\ASIOSerialHelpers.h">
      <Filter>Header Files</Filter>
    </ClInclude>
    <ClInclude Include="src\asiopal\IOServiceThreadPool.h">
      <Filter>Header Files</Filter>
    </ClInclude>
    <ClInclude Include="src\asiopal\Log.h">
      <Filter>Header Files</Filter>
    </ClInclude>
    <ClInclude Include="src\asiopal\LogToStdio.h">
      <Filter>Header Files</Filter>
    </ClInclude>
    <ClInclude Include="src\asiopal\PhysicalLayerAsyncASIO.h">
      <Filter>Header Files</Filter>
    </ClInclude>
    <ClInclude Include="src\asiopal\PhysicalLayerAsyncBase.h">
      <Filter>Header Files</Filter>
    </ClInclude>
    <ClInclude Include="src\asiopal\PhysicalLayerAsyncBaseTCP.h">
      <Filter>Header Files</Filter>
    </ClInclude>
    <ClInclude Include="src\asiopal\PhysicalLayerAsyncSerial.h">
      <Filter>Header Files</Filter>
    </ClInclude>
    <ClInclude Include="src\asiopal\PhysicalLayerAsyncTCPClient.h">
      <Filter>Header Files</Filter>
    </ClInclude>
    <ClInclude Include="src\asiopal\PhysicalLayerAsyncTCPServer.h">
      <Filter>Header Files</Filter>
    </ClInclude>
    <ClInclude Include="src\asiopal\SerialTypes.h">
      <Filter>Header Files</Filter>
    </ClInclude>
    <ClInclude Include="src\asiopal\TimerASIO.h">
      <Filter>Header Files</Filter>
    </ClInclude>
    <ClInclude Include="src\asiopal\UTCTimeSource.h">
      <Filter>Header Files</Filter>
    </ClInclude>
    <ClInclude Include="src\asiopal\Mutex.h">
      <Filter>Header Files</Filter>
    </ClInclude>
    <ClInclude Include="src\asiopal\ShutdownHandler.h">
      <Filter>Header Files</Filter>
    </ClInclude>
  </ItemGroup>
  <ItemGroup>
    <ClCompile Include="src\asiopal\ASIOExecutor.cpp">
      <Filter>Source Files</Filter>
    </ClCompile>
    <ClCompile Include="src\asiopal\ASIOSerialHelpers.cpp">
      <Filter>Source Files</Filter>
    </ClCompile>
    <ClCompile Include="src\asiopal\IOServiceThreadPool.cpp">
      <Filter>Source Files</Filter>
    </ClCompile>
    <ClCompile Include="src\asiopal\Log.cpp">
      <Filter>Source Files</Filter>
    </ClCompile>
    <ClCompile Include="src\asiopal\LogToStdio.cpp">
      <Filter>Source Files</Filter>
    </ClCompile>
    <ClCompile Include="src\asiopal\PhysicalLayerAsyncBase.cpp">
      <Filter>Source Files</Filter>
    </ClCompile>
    <ClCompile Include="src\asiopal\PhysicalLayerAsyncBaseTCP.cpp">
      <Filter>Source Files</Filter>
    </ClCompile>
    <ClCompile Include="src\asiopal\PhysicalLayerAsyncSerial.cpp">
      <Filter>Source Files</Filter>
    </ClCompile>
    <ClCompile Include="src\asiopal\PhysicalLayerAsyncTCPClient.cpp">
      <Filter>Source Files</Filter>
    </ClCompile>
    <ClCompile Include="src\asiopal\PhysicalLayerAsyncTCPServer.cpp">
      <Filter>Source Files</Filter>
    </ClCompile>
    <ClCompile Include="src\asiopal\SerialTypes.cpp">
      <Filter>Source Files</Filter>
    </ClCompile>
    <ClCompile Include="src\asiopal\TimerASIO.cpp">
      <Filter>Source Files</Filter>
    </ClCompile>
    <ClCompile Include="src\asiopal\UTCTimeSource.cpp">
      <Filter>Source Files</Filter>
    </ClCompile>
  </ItemGroup>
</Project>